
Microsoft Visual Studio Solution File, Format Version 12.00
# Visual Studio Version 17
VisualStudioVersion = 17.0.31903.59
MinimumVisualStudioVersion = 10.0.40219.1
Project("{FAE04EC0-301F-11D3-BF4B-00C04F79EFBC}") = "ADSK.JExtRAC.EnhancedSectionBox", "EnhancedSectionBox\ADSK.JExtRAC.EnhancedSectionBox.csproj", "{2E7B1FCF-1754-4870-A87B-4E92DA5D19F3}"
EndProject
Project("{FAE04EC0-301F-11D3-BF4B-00C04F79EFBC}") = "ADSK.JExtRAC.ParameterFilter", "ParameterFilter\ADSK.JExtRAC.ParameterFilter.csproj", "{F08CE9F4-0B2D-47A2-9E72-DD52A7BA8964}"
EndProject
Project("{FAE04EC0-301F-11D3-BF4B-00C04F79EFBC}") = "ADSK.JExtRAC.ValueCopy", "ValueCopy\ADSK.JExtRAC.ValueCopy.csproj", "{7F2D9E91-C6B1-42D5-9C6C-530FD8F26340}"
EndProject
Project("{FAE04EC0-301F-11D3-BF4B-00C04F79EFBC}") = "ADSK.JExtRAC.ExportExcel", "ExportExcel\ADSK.JExtRAC.ExportExcel.csproj", "{5CB8DC98-B009-4FB0-ACFA-70DE57A2FBBB}"
EndProject
Project("{FAE04EC0-301F-11D3-BF4B-00C04F79EFBC}") = "ADSK.JExtRAC.ImportExcel", "ImportExcel\ADSK.JExtRAC.ImportExcel.csproj", "{A3D72F1E-8B45-4C9A-B6E1-7D3F92A54C80}"
EndProject
Project("{FAE04EC0-301F-11D3-BF4B-00C04F79EFBC}") = "ADSK.JExtRAC.AutomaticFloor", "AutomaticFloor\ADSK.JExtRAC.AutomaticFloor.csproj", "{B4E83A2F-9C56-4D7B-A8F3-6E2D1B5C9A47}"
EndProject
Project("{FAE04EC0-301F-11D3-BF4B-00C04F79EFBC}") = "ADSK.JExtRAC.SwitchJoinOrder", "SwitchJoinOrder\ADSK.JExtRAC.SwitchJoinOrder.csproj", "{C5F94A3E-7D28-4B6C-91E5-8A3F2D6B1C49}"
EndProject
Project("{FAE04EC0-301F-11D3-BF4B-00C04F79EFBC}") = "ADSK.JExtRAC.JoinOrderInspector", "JoinOrderInspector\ADSK.JExtRAC.JoinOrderInspector.csproj", "{D6A85B4F-3E17-4C8D-92F6-1B5A7E3C9D02}"
EndProject
Project("{FAE04EC0-301F-11D3-BF4B-00C04F79EFBC}") = "ADSK.JExtRAC.ExportSchedule", "ExportSchedule\ADSK.JExtRAC.ExportSchedule.csproj", "{7A2B8C3D-4E5F-6A7B-8C9D-0E1F2A3B4C5D}"
EndProject
Project("{FAE04EC0-301F-11D3-BF4B-00C04F79EFBC}") = "ADSK.JExtRAC.ExcelImageInsert", "ExcelImageInsert\ADSK.JExtRAC.ExcelImageInsert.csproj", "{8B3C9D4E-5F6A-7B8C-9D0E-1F2A3B4C5D6E}"
EndProject
Project("{FAE04EC0-301F-11D3-BF4B-00C04F79EFBC}") = "ADSK.JExtRAC.LevelFilter", "LevelFilter\ADSK.JExtRAC.LevelFilter.csproj", "{9C4D0E5F-6A7B-8C9D-AE0F-1A2B3C4D5E6F}"
EndProject
Project("{FAE04EC0-301F-11D3-BF4B-00C04F79EFBC}") = "ADSK.JExtRAC.AutoCreateRoomView", "AutoCreateRoomView\ADSK.JExtRAC.AutoCreateRoomView.csproj", "{A1B2C3D4-E5F6-7890-AB12-CD34EF567890}"
EndProject
Project("{FAE04EC0-301F-11D3-BF4B-00C04F79EFBC}") = "ADSK.JExtRAC.PrintRegion", "PrintRegion\ADSK.JExtRAC.PrintRegion.csproj", "{B2C3D4E5-F6A7-8901-BC23-DE45FA678901}"
EndProject
Project("{2150E333-8FDC-42A3-9474-1A3956D46DE8}") = "AutoLayoutTag", "AutoLayoutTag", "{6660D920-98FD-5B06-5791-C7DBAA3B951C}"
EndProject
Project("{FAE04EC0-301F-11D3-BF4B-00C04F79EFBC}") = "ADSK.JExtRAC.AutoLayoutTag", "AutoLayoutTag\ADSK.JExtRAC.AutoLayoutTag.csproj", "{66803969-7C14-4EF8-95C7-0CF780C6F6D0}"
EndProject
Project("{2150E333-8FDC-42A3-9474-1A3956D46DE8}") = "LayoutInstanceInRegion", "LayoutInstanceInRegion", "{4B853ACD-A685-CECF-A3BE-5DF55D29B50B}"
EndProject
Project("{FAE04EC0-301F-11D3-BF4B-00C04F79EFBC}") = "ADSK.JExtRAC.LayoutInstanceInRegion", "LayoutInstanceInRegion\ADSK.JExtRAC.LayoutInstanceInRegion.csproj", "{30ABAFF3-F87F-4816-891B-A24D3167EB85}"
EndProject
Project("{2150E333-8FDC-42A3-9474-1A3956D46DE8}") = "SheetLayout", "SheetLayout", "{50BCA6AE-273E-29E5-5E51-F303B36E99DF}"
EndProject
Project("{FAE04EC0-301F-11D3-BF4B-00C04F79EFBC}") = "ADSK.ViewExtension.SheetLayout", "SheetLayout\ADSK.ViewExtension.SheetLayout.csproj", "{08E90831-9FD9-4473-9ECC-AE0C470E49F1}"
EndProject
Project("{2150E333-8FDC-42A3-9474-1A3956D46DE8}") = "ViewDuplicate", "ViewDuplicate", "{F4BD5FB8-FE7B-BE80-6E00-4870AA792D4E}"
EndProject
Project("{FAE04EC0-301F-11D3-BF4B-00C04F79EFBC}") = "ADSK.ViewExtension.ViewDuplicate", "ViewDuplicate\ADSK.ViewExtension.ViewDuplicate.csproj", "{1B6DD40D-5C9F-44CC-A315-C943E86CD360}"
EndProject
Project("{2150E333-8FDC-42A3-9474-1A3956D46DE8}") = "TenkaiView", "TenkaiView", "{BEC84EC0-1A1A-FAE9-747C-A37C001EBE53}"
EndProject
Project("{FAE04EC0-301F-11D3-BF4B-00C04F79EFBC}") = "ADSK.ViewExtension.TenkaiView", "TenkaiView\ADSK.ViewExtension.TenkaiView.csproj", "{BB1A092C-8EAE-4D4B-8A5F-473636928F07}"
EndProject
Project("{FAE04EC0-301F-11D3-BF4B-00C04F79EFBC}") = "REXJ.McpHost", "REXJ.McpHost\REXJ.McpHost.csproj", "{F1A2B3C4-D5E6-7890-ABCD-EF1234567890}"
EndProject
Project("{2150E333-8FDC-42A3-9474-1A3956D46DE8}") = "AreaSchedule", "AreaSchedule", "{42119D17-E2F9-1264-F68C-68D9500D1A68}"
EndProject
Project("{FAE04EC0-301F-11D3-BF4B-00C04F79EFBC}") = "ADSK.JExtRAC.AreaSchedule", "AreaSchedule\ADSK.JExtRAC.AreaSchedule.csproj", "{C83E8083-27C0-4275-80A6-08DCDE642917}"
EndProject
Project("{2150E333-8FDC-42A3-9474-1A3956D46DE8}") = "AutoCreateDimension", "AutoCreateDimension", "{8AEB5BA2-B230-203B-366C-A9CCE99E040D}"
EndProject
Project("{FAE04EC0-301F-11D3-BF4B-00C04F79EFBC}") = "ADSK.JExtRAC.AutoCreateDimension", "AutoCreateDimension\ADSK.JExtRAC.AutoCreateDimension.csproj", "{A5D7797E-09EC-4563-9C57-B8646786407C}"
EndProject
Project("{2150E333-8FDC-42A3-9474-1A3956D46DE8}") = "AveSiteLevelHeightCalc", "AveSiteLevelHeightCalc", "{3D855CC9-582C-48DA-0088-850EF2BB1D0C}"
EndProject
Project("{FAE04EC0-301F-11D3-BF4B-00C04F79EFBC}") = "ADSK.JExtRAC.AveSiteLevelHeightCalc", "AveSiteLevelHeightCalc\ADSK.JExtRAC.AveSiteLevelHeightCalc.csproj", "{8B29E49F-A863-4132-B4BE-7E66D03FCB00}"
EndProject
Project("{2150E333-8FDC-42A3-9474-1A3956D46DE8}") = "CheckingALVS", "CheckingALVS", "{50F213FB-106C-21CF-8907-21665F5D9E4E}"
EndProject
Project("{FAE04EC0-301F-11D3-BF4B-00C04F79EFBC}") = "ADSK.JExtRAC.CheckingALVS", "CheckingALVS\ADSK.JExtRAC.CheckingALVS.csproj", "{049B2ED5-F638-4FD8-8258-3A7E651F2FDC}"
EndProject
Project("{2150E333-8FDC-42A3-9474-1A3956D46DE8}") = "FittingSchedule", "FittingSchedule", "{455F45E3-3997-9B38-97AC-4C7632F19756}"
EndProject
Project("{FAE04EC0-301F-11D3-BF4B-00C04F79EFBC}") = "ADSK.JExtRAC.FittingSchedule", "FittingSchedule\ADSK.JExtRAC.FittingSchedule.csproj", "{486F1A85-862D-4758-8AAF-D558EF77BF83}"
EndProject
Project("{2150E333-8FDC-42A3-9474-1A3956D46DE8}") = "FloorHeightDimension", "FloorHeightDimension", "{66FF753C-CE33-A72A-3B2E-76A0860CEBB6}"
EndProject
Project("{FAE04EC0-301F-11D3-BF4B-00C04F79EFBC}") = "ADSK.JExtRAC.FloorHeightDimension", "FloorHeightDimension\ADSK.JExtRAC.FloorHeightDimension.csproj", "{97FD6679-11FF-4DE5-9E66-247FF4711EB2}"
EndProject
Project("{2150E333-8FDC-42A3-9474-1A3956D46DE8}") = "Fukashi", "Fukashi", "{60AB8A32-781C-2C15-C0E2-75104F290D0E}"
EndProject
Project("{FAE04EC0-301F-11D3-BF4B-00C04F79EFBC}") = "ADSK.Ext.Fukashi", "Fukashi\ADSK.Ext.Fukashi.csproj", "{1DF7C046-149C-49C4-98A2-4B82CE252E88}"
EndProject
Project("{2150E333-8FDC-42A3-9474-1A3956D46DE8}") = "GridDimension", "GridDimension", "{9B54B5FC-3474-730F-22EC-3577DDB230D6}"
EndProject
Project("{FAE04EC0-301F-11D3-BF4B-00C04F79EFBC}") = "ADSK.JExtRAC.GridDimension", "GridDimension\ADSK.JExtRAC.GridDimension.csproj", "{3A52C48E-0BAA-4FC6-9C28-DBCEA7E9B18C}"
EndProject
Project("{2150E333-8FDC-42A3-9474-1A3956D46DE8}") = "LocateSlab", "LocateSlab", "{5806B1E5-8075-2542-EB3B-8C13B8CF3E0D}"
EndProject
Project("{FAE04EC0-301F-11D3-BF4B-00C04F79EFBC}") = "ADSK.JExtRAC.LocateSlab", "LocateSlab\ADSK.JExtRAC.LocateSlab.csproj", "{9C435039-6BC6-4833-B111-7B1A16219C64}"
EndProject
Project("{2150E333-8FDC-42A3-9474-1A3956D46DE8}") = "MappingTable", "MappingTable", "{1213B41E-AF84-FF53-97B9-6F64C6CCE1B5}"
EndProject
Project("{FAE04EC0-301F-11D3-BF4B-00C04F79EFBC}") = "ADSK.RST.MappingTable", "MappingTable\ADSK.RST.MappingTable.csproj", "{8EFD26E9-0F30-4AB5-A74C-E50A804997D5}"
EndProject
Project("{FAE04EC0-301F-11D3-BF4B-00C04F79EFBC}") = "MEPConnectTool", "MEPConnectTool\MEPConnectTool.csproj", "{38F4DDB6-9754-4410-AE33-695A2AADC1A4}"
EndProject
Project("{FAE04EC0-301F-11D3-BF4B-00C04F79EFBC}") = "MepDuctPipeTool", "MepDuctPipeTool\MepDuctPipeTool.csproj", "{3DD0BA2D-EFD1-46D0-8A87-8762623D2E69}"
EndProject
Project("{FAE04EC0-301F-11D3-BF4B-00C04F79EFBC}") = "MEPExtension", "MEPExtension\MEPExtension.csproj", "{51DA1666-A07F-46CA-9DF6-5C8FA5CEE70A}"
EndProject
Project("{FAE04EC0-301F-11D3-BF4B-00C04F79EFBC}") = "MepManholeTool", "MepManholeTool\MepManholeTool.csproj", "{ECCDB685-663A-4EE2-BC62-B22E6D0B54CE}"
EndProject
Project("{FAE04EC0-301F-11D3-BF4B-00C04F79EFBC}") = "PipeSizing", "PipeSizing\PipeSizing.csproj", "{368EA075-BA9B-44F8-B645-3D412B0D6858}"
EndProject
Project("{FAE04EC0-301F-11D3-BF4B-00C04F79EFBC}") = "Quantity", "Quantity\Quantity.csproj", "{2F39124E-517F-4C38-97F5-321147008704}"
EndProject
Project("{FAE04EC0-301F-11D3-BF4B-00C04F79EFBC}") = "REXJManager", "REXJManager\REXJManager.csproj", "{68918028-B7EB-46B1-AFCB-C093B2E2945A}"
EndProject
Project("{FAE04EC0-301F-11D3-BF4B-00C04F79EFBC}") = "RSTExtension", "RSTExtension\RSTExtension.csproj", "{39B4F14D-9A15-412C-BC34-5150FDD0E07D}"
EndProject
Project("{FAE04EC0-301F-11D3-BF4B-00C04F79EFBC}") = "SectionListRC", "SectionListRC\SectionListRC.csproj", "{970ECE9E-7393-4924-9B59-AC7A3F6F7C0F}"
EndProject
Project("{FAE04EC0-301F-11D3-BF4B-00C04F79EFBC}") = "SectionListSteel", "SectionListSteel\SectionListSteel.csproj", "{0A38102B-FA12-4AD4-ABD8-1798492CB8DF}"
EndProject
Project("{FAE04EC0-301F-11D3-BF4B-00C04F79EFBC}") = "STBLink", "STBLink\STBLink.csproj", "{1937A8C9-9B63-4930-B55B-EC297F3A5F17}"
EndProject
Global
	GlobalSection(SolutionConfigurationPlatforms) = preSolution
		Debug 2027|x64 = Debug 2027|x64
		Debug 2027|Any CPU = Debug 2027|Any CPU
		Debug 2027|x86 = Debug 2027|x86
		Release 2027|x64 = Release 2027|x64
		Release 2027|Any CPU = Release 2027|Any CPU
		Release 2027|x86 = Release 2027|x86
		Debug|x64 = Debug|x64
		Debug|Any CPU = Debug|Any CPU
		Debug|x86 = Debug|x86
		Release|x64 = Release|x64
		Release|Any CPU = Release|Any CPU
		Release|x86 = Release|x86
	EndGlobalSection
	GlobalSection(ProjectConfigurationPlatforms) = postSolution
		{2E7B1FCF-1754-4870-A87B-4E92DA5D19F3}.Debug 2027|x64.ActiveCfg = Debug 2027|x64
		{2E7B1FCF-1754-4870-A87B-4E92DA5D19F3}.Debug 2027|x64.Build.0 = Debug 2027|x64
		{2E7B1FCF-1754-4870-A87B-4E92DA5D19F3}.Debug 2027|Any CPU.ActiveCfg = Debug 2027|Any CPU
		{2E7B1FCF-1754-4870-A87B-4E92DA5D19F3}.Debug 2027|Any CPU.Build.0 = Debug 2027|Any CPU
		{2E7B1FCF-1754-4870-A87B-4E92DA5D19F3}.Debug 2027|x86.ActiveCfg = Debug 2027|Any CPU
		{2E7B1FCF-1754-4870-A87B-4E92DA5D19F3}.Debug 2027|x86.Build.0 = Debug 2027|Any CPU
		{2E7B1FCF-1754-4870-A87B-4E92DA5D19F3}.Release 2027|x64.ActiveCfg = Release 2027|x64
		{2E7B1FCF-1754-4870-A87B-4E92DA5D19F3}.Release 2027|x64.Build.0 = Release 2027|x64
		{2E7B1FCF-1754-4870-A87B-4E92DA5D19F3}.Release 2027|Any CPU.ActiveCfg = Release 2027|Any CPU
		{2E7B1FCF-1754-4870-A87B-4E92DA5D19F3}.Release 2027|Any CPU.Build.0 = Release 2027|Any CPU
		{2E7B1FCF-1754-4870-A87B-4E92DA5D19F3}.Release 2027|x86.ActiveCfg = Release 2027|Any CPU
		{2E7B1FCF-1754-4870-A87B-4E92DA5D19F3}.Release 2027|x86.Build.0 = Release 2027|Any CPU
		{2E7B1FCF-1754-4870-A87B-4E92DA5D19F3}.Debug|x64.ActiveCfg = Debug|Any CPU
		{2E7B1FCF-1754-4870-A87B-4E92DA5D19F3}.Debug|x64.Build.0 = Debug|Any CPU
		{2E7B1FCF-1754-4870-A87B-4E92DA5D19F3}.Debug|Any CPU.ActiveCfg = Debug|Any CPU
		{2E7B1FCF-1754-4870-A87B-4E92DA5D19F3}.Debug|Any CPU.Build.0 = Debug|Any CPU
		{2E7B1FCF-1754-4870-A87B-4E92DA5D19F3}.Debug|x86.ActiveCfg = Debug|Any CPU
		{2E7B1FCF-1754-4870-A87B-4E92DA5D19F3}.Debug|x86.Build.0 = Debug|Any CPU
		{2E7B1FCF-1754-4870-A87B-4E92DA5D19F3}.Release|x64.ActiveCfg = Release|Any CPU
		{2E7B1FCF-1754-4870-A87B-4E92DA5D19F3}.Release|x64.Build.0 = Release|Any CPU
		{2E7B1FCF-1754-4870-A87B-4E92DA5D19F3}.Release|Any CPU.ActiveCfg = Release|Any CPU
		{2E7B1FCF-1754-4870-A87B-4E92DA5D19F3}.Release|Any CPU.Build.0 = Release|Any CPU
		{2E7B1FCF-1754-4870-A87B-4E92DA5D19F3}.Release|x86.ActiveCfg = Release|Any CPU
		{2E7B1FCF-1754-4870-A87B-4E92DA5D19F3}.Release|x86.Build.0 = Release|Any CPU
		{F08CE9F4-0B2D-47A2-9E72-DD52A7BA8964}.Debug 2027|x64.ActiveCfg = Debug 2027|x64
		{F08CE9F4-0B2D-47A2-9E72-DD52A7BA8964}.Debug 2027|x64.Build.0 = Debug 2027|x64
		{F08CE9F4-0B2D-47A2-9E72-DD52A7BA8964}.Debug 2027|Any CPU.ActiveCfg = Debug 2027|Any CPU
		{F08CE9F4-0B2D-47A2-9E72-DD52A7BA8964}.Debug 2027|Any CPU.Build.0 = Debug 2027|Any CPU
		{F08CE9F4-0B2D-47A2-9E72-DD52A7BA8964}.Debug 2027|x86.ActiveCfg = Debug 2027|Any CPU
		{F08CE9F4-0B2D-47A2-9E72-DD52A7BA8964}.Debug 2027|x86.Build.0 = Debug 2027|Any CPU
		{F08CE9F4-0B2D-47A2-9E72-DD52A7BA8964}.Release 2027|x64.ActiveCfg = Release 2027|x64
		{F08CE9F4-0B2D-47A2-9E72-DD52A7BA8964}.Release 2027|x64.Build.0 = Release 2027|x64
		{F08CE9F4-0B2D-47A2-9E72-DD52A7BA8964}.Release 2027|Any CPU.ActiveCfg = Release 2027|Any CPU
		{F08CE9F4-0B2D-47A2-9E72-DD52A7BA8964}.Release 2027|Any CPU.Build.0 = Release 2027|Any CPU
		{F08CE9F4-0B2D-47A2-9E72-DD52A7BA8964}.Release 2027|x86.ActiveCfg = Release 2027|Any CPU
		{F08CE9F4-0B2D-47A2-9E72-DD52A7BA8964}.Release 2027|x86.Build.0 = Release 2027|Any CPU
		{F08CE9F4-0B2D-47A2-9E72-DD52A7BA8964}.Debug|x64.ActiveCfg = Debug|Any CPU
		{F08CE9F4-0B2D-47A2-9E72-DD52A7BA8964}.Debug|x64.Build.0 = Debug|Any CPU
		{F08CE9F4-0B2D-47A2-9E72-DD52A7BA8964}.Debug|Any CPU.ActiveCfg = Debug|Any CPU
		{F08CE9F4-0B2D-47A2-9E72-DD52A7BA8964}.Debug|Any CPU.Build.0 = Debug|Any CPU
		{F08CE9F4-0B2D-47A2-9E72-DD52A7BA8964}.Debug|x86.ActiveCfg = Debug|Any CPU
		{F08CE9F4-0B2D-47A2-9E72-DD52A7BA8964}.Debug|x86.Build.0 = Debug|Any CPU
		{F08CE9F4-0B2D-47A2-9E72-DD52A7BA8964}.Release|x64.ActiveCfg = Release|Any CPU
		{F08CE9F4-0B2D-47A2-9E72-DD52A7BA8964}.Release|x64.Build.0 = Release|Any CPU
		{F08CE9F4-0B2D-47A2-9E72-DD52A7BA8964}.Release|Any CPU.ActiveCfg = Release|Any CPU
		{F08CE9F4-0B2D-47A2-9E72-DD52A7BA8964}.Release|Any CPU.Build.0 = Release|Any CPU
		{F08CE9F4-0B2D-47A2-9E72-DD52A7BA8964}.Release|x86.ActiveCfg = Release|Any CPU
		{F08CE9F4-0B2D-47A2-9E72-DD52A7BA8964}.Release|x86.Build.0 = Release|Any CPU
		{7F2D9E91-C6B1-42D5-9C6C-530FD8F26340}.Debug 2027|x64.ActiveCfg = Debug 2027|x64
		{7F2D9E91-C6B1-42D5-9C6C-530FD8F26340}.Debug 2027|x64.Build.0 = Debug 2027|x64
		{7F2D9E91-C6B1-42D5-9C6C-530FD8F26340}.Debug 2027|Any CPU.ActiveCfg = Debug 2027|Any CPU
		{7F2D9E91-C6B1-42D5-9C6C-530FD8F26340}.Debug 2027|Any CPU.Build.0 = Debug 2027|Any CPU
		{7F2D9E91-C6B1-42D5-9C6C-530FD8F26340}.Debug 2027|x86.ActiveCfg = Debug 2027|Any CPU
		{7F2D9E91-C6B1-42D5-9C6C-530FD8F26340}.Debug 2027|x86.Build.0 = Debug 2027|Any CPU
		{7F2D9E91-C6B1-42D5-9C6C-530FD8F26340}.Release 2027|x64.ActiveCfg = Release 2027|x64
		{7F2D9E91-C6B1-42D5-9C6C-530FD8F26340}.Release 2027|x64.Build.0 = Release 2027|x64
		{7F2D9E91-C6B1-42D5-9C6C-530FD8F26340}.Release 2027|Any CPU.ActiveCfg = Release 2027|Any CPU
		{7F2D9E91-C6B1-42D5-9C6C-530FD8F26340}.Release 2027|Any CPU.Build.0 = Release 2027|Any CPU
		{7F2D9E91-C6B1-42D5-9C6C-530FD8F26340}.Release 2027|x86.ActiveCfg = Release 2027|Any CPU
		{7F2D9E91-C6B1-42D5-9C6C-530FD8F26340}.Release 2027|x86.Build.0 = Release 2027|Any CPU
		{7F2D9E91-C6B1-42D5-9C6C-530FD8F26340}.Debug|x64.ActiveCfg = Debug|Any CPU
		{7F2D9E91-C6B1-42D5-9C6C-530FD8F26340}.Debug|x64.Build.0 = Debug|Any CPU
		{7F2D9E91-C6B1-42D5-9C6C-530FD8F26340}.Debug|Any CPU.ActiveCfg = Debug|Any CPU
		{7F2D9E91-C6B1-42D5-9C6C-530FD8F26340}.Debug|Any CPU.Build.0 = Debug|Any CPU
		{7F2D9E91-C6B1-42D5-9C6C-530FD8F26340}.Debug|x86.ActiveCfg = Debug|Any CPU
		{7F2D9E91-C6B1-42D5-9C6C-530FD8F26340}.Debug|x86.Build.0 = Debug|Any CPU
		{7F2D9E91-C6B1-42D5-9C6C-530FD8F26340}.Release|x64.ActiveCfg = Release|Any CPU
		{7F2D9E91-C6B1-42D5-9C6C-530FD8F26340}.Release|x64.Build.0 = Release|Any CPU
		{7F2D9E91-C6B1-42D5-9C6C-530FD8F26340}.Release|Any CPU.ActiveCfg = Release|Any CPU
		{7F2D9E91-C6B1-42D5-9C6C-530FD8F26340}.Release|Any CPU.Build.0 = Release|Any CPU
		{7F2D9E91-C6B1-42D5-9C6C-530FD8F26340}.Release|x86.ActiveCfg = Release|Any CPU
		{7F2D9E91-C6B1-42D5-9C6C-530FD8F26340}.Release|x86.Build.0 = Release|Any CPU
		{5CB8DC98-B009-4FB0-ACFA-70DE57A2FBBB}.Debug 2027|x64.ActiveCfg = Debug 2027|x64
		{5CB8DC98-B009-4FB0-ACFA-70DE57A2FBBB}.Debug 2027|x64.Build.0 = Debug 2027|x64
		{5CB8DC98-B009-4FB0-ACFA-70DE57A2FBBB}.Debug 2027|Any CPU.ActiveCfg = Debug 2027|Any CPU
		{5CB8DC98-B009-4FB0-ACFA-70DE57A2FBBB}.Debug 2027|Any CPU.Build.0 = Debug 2027|Any CPU
		{5CB8DC98-B009-4FB0-ACFA-70DE57A2FBBB}.Debug 2027|x86.ActiveCfg = Debug 2027|Any CPU
		{5CB8DC98-B009-4FB0-ACFA-70DE57A2FBBB}.Debug 2027|x86.Build.0 = Debug 2027|Any CPU
		{5CB8DC98-B009-4FB0-ACFA-70DE57A2FBBB}.Release 2027|x64.ActiveCfg = Release 2027|x64
		{5CB8DC98-B009-4FB0-ACFA-70DE57A2FBBB}.Release 2027|x64.Build.0 = Release 2027|x64
		{5CB8DC98-B009-4FB0-ACFA-70DE57A2FBBB}.Release 2027|Any CPU.ActiveCfg = Release 2027|Any CPU
		{5CB8DC98-B009-4FB0-ACFA-70DE57A2FBBB}.Release 2027|Any CPU.Build.0 = Release 2027|Any CPU
		{5CB8DC98-B009-4FB0-ACFA-70DE57A2FBBB}.Release 2027|x86.ActiveCfg = Release 2027|Any CPU
		{5CB8DC98-B009-4FB0-ACFA-70DE57A2FBBB}.Release 2027|x86.Build.0 = Release 2027|Any CPU
		{5CB8DC98-B009-4FB0-ACFA-70DE57A2FBBB}.Debug|x64.ActiveCfg = Debug|Any CPU
		{5CB8DC98-B009-4FB0-ACFA-70DE57A2FBBB}.Debug|x64.Build.0 = Debug|Any CPU
		{5CB8DC98-B009-4FB0-ACFA-70DE57A2FBBB}.Debug|Any CPU.ActiveCfg = Debug|Any CPU
		{5CB8DC98-B009-4FB0-ACFA-70DE57A2FBBB}.Debug|Any CPU.Build.0 = Debug|Any CPU
		{5CB8DC98-B009-4FB0-ACFA-70DE57A2FBBB}.Debug|x86.ActiveCfg = Debug|Any CPU
		{5CB8DC98-B009-4FB0-ACFA-70DE57A2FBBB}.Debug|x86.Build.0 = Debug|Any CPU
		{5CB8DC98-B009-4FB0-ACFA-70DE57A2FBBB}.Release|x64.ActiveCfg = Release|Any CPU
		{5CB8DC98-B009-4FB0-ACFA-70DE57A2FBBB}.Release|x64.Build.0 = Release|Any CPU
		{5CB8DC98-B009-4FB0-ACFA-70DE57A2FBBB}.Release|Any CPU.ActiveCfg = Release|Any CPU
		{5CB8DC98-B009-4FB0-ACFA-70DE57A2FBBB}.Release|Any CPU.Build.0 = Release|Any CPU
		{5CB8DC98-B009-4FB0-ACFA-70DE57A2FBBB}.Release|x86.ActiveCfg = Release|Any CPU
		{5CB8DC98-B009-4FB0-ACFA-70DE57A2FBBB}.Release|x86.Build.0 = Release|Any CPU
		{A3D72F1E-8B45-4C9A-B6E1-7D3F92A54C80}.Debug 2027|x64.ActiveCfg = Debug 2027|x64
		{A3D72F1E-8B45-4C9A-B6E1-7D3F92A54C80}.Debug 2027|x64.Build.0 = Debug 2027|x64
		{A3D72F1E-8B45-4C9A-B6E1-7D3F92A54C80}.Debug 2027|Any CPU.ActiveCfg = Debug 2027|Any CPU
		{A3D72F1E-8B45-4C9A-B6E1-7D3F92A54C80}.Debug 2027|Any CPU.Build.0 = Debug 2027|Any CPU
		{A3D72F1E-8B45-4C9A-B6E1-7D3F92A54C80}.Debug 2027|x86.ActiveCfg = Debug 2027|Any CPU
		{A3D72F1E-8B45-4C9A-B6E1-7D3F92A54C80}.Debug 2027|x86.Build.0 = Debug 2027|Any CPU
		{A3D72F1E-8B45-4C9A-B6E1-7D3F92A54C80}.Release 2027|x64.ActiveCfg = Release 2027|x64
		{A3D72F1E-8B45-4C9A-B6E1-7D3F92A54C80}.Release 2027|x64.Build.0 = Release 2027|x64
		{A3D72F1E-8B45-4C9A-B6E1-7D3F92A54C80}.Release 2027|Any CPU.ActiveCfg = Release 2027|Any CPU
		{A3D72F1E-8B45-4C9A-B6E1-7D3F92A54C80}.Release 2027|Any CPU.Build.0 = Release 2027|Any CPU
		{A3D72F1E-8B45-4C9A-B6E1-7D3F92A54C80}.Release 2027|x86.ActiveCfg = Release 2027|Any CPU
		{A3D72F1E-8B45-4C9A-B6E1-7D3F92A54C80}.Release 2027|x86.Build.0 = Release 2027|Any CPU
		{A3D72F1E-8B45-4C9A-B6E1-7D3F92A54C80}.Debug|x64.ActiveCfg = Debug|Any CPU
		{A3D72F1E-8B45-4C9A-B6E1-7D3F92A54C80}.Debug|x64.Build.0 = Debug|Any CPU
		{A3D72F1E-8B45-4C9A-B6E1-7D3F92A54C80}.Debug|Any CPU.ActiveCfg = Debug|Any CPU
		{A3D72F1E-8B45-4C9A-B6E1-7D3F92A54C80}.Debug|Any CPU.Build.0 = Debug|Any CPU
		{A3D72F1E-8B45-4C9A-B6E1-7D3F92A54C80}.Debug|x86.ActiveCfg = Debug|Any CPU
		{A3D72F1E-8B45-4C9A-B6E1-7D3F92A54C80}.Debug|x86.Build.0 = Debug|Any CPU
		{A3D72F1E-8B45-4C9A-B6E1-7D3F92A54C80}.Release|x64.ActiveCfg = Release|Any CPU
		{A3D72F1E-8B45-4C9A-B6E1-7D3F92A54C80}.Release|x64.Build.0 = Release|Any CPU
		{A3D72F1E-8B45-4C9A-B6E1-7D3F92A54C80}.Release|Any CPU.ActiveCfg = Release|Any CPU
		{A3D72F1E-8B45-4C9A-B6E1-7D3F92A54C80}.Release|Any CPU.Build.0 = Release|Any CPU
		{A3D72F1E-8B45-4C9A-B6E1-7D3F92A54C80}.Release|x86.ActiveCfg = Release|Any CPU
		{A3D72F1E-8B45-4C9A-B6E1-7D3F92A54C80}.Release|x86.Build.0 = Release|Any CPU
		{B4E83A2F-9C56-4D7B-A8F3-6E2D1B5C9A47}.Debug 2027|x64.ActiveCfg = Debug 2027|x64
		{B4E83A2F-9C56-4D7B-A8F3-6E2D1B5C9A47}.Debug 2027|x64.Build.0 = Debug 2027|x64
		{B4E83A2F-9C56-4D7B-A8F3-6E2D1B5C9A47}.Debug 2027|Any CPU.ActiveCfg = Debug 2027|Any CPU
		{B4E83A2F-9C56-4D7B-A8F3-6E2D1B5C9A47}.Debug 2027|Any CPU.Build.0 = Debug 2027|Any CPU
		{B4E83A2F-9C56-4D7B-A8F3-6E2D1B5C9A47}.Debug 2027|x86.ActiveCfg = Debug 2027|Any CPU
		{B4E83A2F-9C56-4D7B-A8F3-6E2D1B5C9A47}.Debug 2027|x86.Build.0 = Debug 2027|Any CPU
		{B4E83A2F-9C56-4D7B-A8F3-6E2D1B5C9A47}.Release 2027|x64.ActiveCfg = Release 2027|x64
		{B4E83A2F-9C56-4D7B-A8F3-6E2D1B5C9A47}.Release 2027|x64.Build.0 = Release 2027|x64
		{B4E83A2F-9C56-4D7B-A8F3-6E2D1B5C9A47}.Release 2027|Any CPU.ActiveCfg = Release 2027|Any CPU
		{B4E83A2F-9C56-4D7B-A8F3-6E2D1B5C9A47}.Release 2027|Any CPU.Build.0 = Release 2027|Any CPU
		{B4E83A2F-9C56-4D7B-A8F3-6E2D1B5C9A47}.Release 2027|x86.ActiveCfg = Release 2027|Any CPU
		{B4E83A2F-9C56-4D7B-A8F3-6E2D1B5C9A47}.Release 2027|x86.Build.0 = Release 2027|Any CPU
		{B4E83A2F-9C56-4D7B-A8F3-6E2D1B5C9A47}.Debug|x64.ActiveCfg = Debug|Any CPU
		{B4E83A2F-9C56-4D7B-A8F3-6E2D1B5C9A47}.Debug|x64.Build.0 = Debug|Any CPU
		{B4E83A2F-9C56-4D7B-A8F3-6E2D1B5C9A47}.Debug|Any CPU.ActiveCfg = Debug|Any CPU
		{B4E83A2F-9C56-4D7B-A8F3-6E2D1B5C9A47}.Debug|Any CPU.Build.0 = Debug|Any CPU
		{B4E83A2F-9C56-4D7B-A8F3-6E2D1B5C9A47}.Debug|x86.ActiveCfg = Debug|Any CPU
		{B4E83A2F-9C56-4D7B-A8F3-6E2D1B5C9A47}.Debug|x86.Build.0 = Debug|Any CPU
		{B4E83A2F-9C56-4D7B-A8F3-6E2D1B5C9A47}.Release|x64.ActiveCfg = Release|Any CPU
		{B4E83A2F-9C56-4D7B-A8F3-6E2D1B5C9A47}.Release|x64.Build.0 = Release|Any CPU
		{B4E83A2F-9C56-4D7B-A8F3-6E2D1B5C9A47}.Release|Any CPU.ActiveCfg = Release|Any CPU
		{B4E83A2F-9C56-4D7B-A8F3-6E2D1B5C9A47}.Release|Any CPU.Build.0 = Release|Any CPU
		{B4E83A2F-9C56-4D7B-A8F3-6E2D1B5C9A47}.Release|x86.ActiveCfg = Release|Any CPU
		{B4E83A2F-9C56-4D7B-A8F3-6E2D1B5C9A47}.Release|x86.Build.0 = Release|Any CPU
		{C5F94A3E-7D28-4B6C-91E5-8A3F2D6B1C49}.Debug 2027|x64.ActiveCfg = Debug 2027|x64
		{C5F94A3E-7D28-4B6C-91E5-8A3F2D6B1C49}.Debug 2027|x64.Build.0 = Debug 2027|x64
		{C5F94A3E-7D28-4B6C-91E5-8A3F2D6B1C49}.Debug 2027|Any CPU.ActiveCfg = Debug 2027|Any CPU
		{C5F94A3E-7D28-4B6C-91E5-8A3F2D6B1C49}.Debug 2027|Any CPU.Build.0 = Debug 2027|Any CPU
		{C5F94A3E-7D28-4B6C-91E5-8A3F2D6B1C49}.Debug 2027|x86.ActiveCfg = Debug 2027|Any CPU
		{C5F94A3E-7D28-4B6C-91E5-8A3F2D6B1C49}.Debug 2027|x86.Build.0 = Debug 2027|Any CPU
		{C5F94A3E-7D28-4B6C-91E5-8A3F2D6B1C49}.Release 2027|x64.ActiveCfg = Release 2027|x64
		{C5F94A3E-7D28-4B6C-91E5-8A3F2D6B1C49}.Release 2027|x64.Build.0 = Release 2027|x64
		{C5F94A3E-7D28-4B6C-91E5-8A3F2D6B1C49}.Release 2027|Any CPU.ActiveCfg = Release 2027|Any CPU
		{C5F94A3E-7D28-4B6C-91E5-8A3F2D6B1C49}.Release 2027|Any CPU.Build.0 = Release 2027|Any CPU
		{C5F94A3E-7D28-4B6C-91E5-8A3F2D6B1C49}.Release 2027|x86.ActiveCfg = Release 2027|Any CPU
		{C5F94A3E-7D28-4B6C-91E5-8A3F2D6B1C49}.Release 2027|x86.Build.0 = Release 2027|Any CPU
		{C5F94A3E-7D28-4B6C-91E5-8A3F2D6B1C49}.Debug|x64.ActiveCfg = Debug|Any CPU
		{C5F94A3E-7D28-4B6C-91E5-8A3F2D6B1C49}.Debug|x64.Build.0 = Debug|Any CPU
		{C5F94A3E-7D28-4B6C-91E5-8A3F2D6B1C49}.Debug|Any CPU.ActiveCfg = Debug|Any CPU
		{C5F94A3E-7D28-4B6C-91E5-8A3F2D6B1C49}.Debug|Any CPU.Build.0 = Debug|Any CPU
		{C5F94A3E-7D28-4B6C-91E5-8A3F2D6B1C49}.Debug|x86.ActiveCfg = Debug|Any CPU
		{C5F94A3E-7D28-4B6C-91E5-8A3F2D6B1C49}.Debug|x86.Build.0 = Debug|Any CPU
		{C5F94A3E-7D28-4B6C-91E5-8A3F2D6B1C49}.Release|x64.ActiveCfg = Release|Any CPU
		{C5F94A3E-7D28-4B6C-91E5-8A3F2D6B1C49}.Release|x64.Build.0 = Release|Any CPU
		{C5F94A3E-7D28-4B6C-91E5-8A3F2D6B1C49}.Release|Any CPU.ActiveCfg = Release|Any CPU
		{C5F94A3E-7D28-4B6C-91E5-8A3F2D6B1C49}.Release|Any CPU.Build.0 = Release|Any CPU
		{C5F94A3E-7D28-4B6C-91E5-8A3F2D6B1C49}.Release|x86.ActiveCfg = Release|Any CPU
		{C5F94A3E-7D28-4B6C-91E5-8A3F2D6B1C49}.Release|x86.Build.0 = Release|Any CPU
		{D6A85B4F-3E17-4C8D-92F6-1B5A7E3C9D02}.Debug 2027|x64.ActiveCfg = Debug 2027|x64
		{D6A85B4F-3E17-4C8D-92F6-1B5A7E3C9D02}.Debug 2027|x64.Build.0 = Debug 2027|x64
		{D6A85B4F-3E17-4C8D-92F6-1B5A7E3C9D02}.Debug 2027|Any CPU.ActiveCfg = Debug 2027|Any CPU
		{D6A85B4F-3E17-4C8D-92F6-1B5A7E3C9D02}.Debug 2027|Any CPU.Build.0 = Debug 2027|Any CPU
		{D6A85B4F-3E17-4C8D-92F6-1B5A7E3C9D02}.Debug 2027|x86.ActiveCfg = Debug 2027|Any CPU
		{D6A85B4F-3E17-4C8D-92F6-1B5A7E3C9D02}.Debug 2027|x86.Build.0 = Debug 2027|Any CPU
		{D6A85B4F-3E17-4C8D-92F6-1B5A7E3C9D02}.Release 2027|x64.ActiveCfg = Release 2027|x64
		{D6A85B4F-3E17-4C8D-92F6-1B5A7E3C9D02}.Release 2027|x64.Build.0 = Release 2027|x64
		{D6A85B4F-3E17-4C8D-92F6-1B5A7E3C9D02}.Release 2027|Any CPU.ActiveCfg = Release 2027|Any CPU
		{D6A85B4F-3E17-4C8D-92F6-1B5A7E3C9D02}.Release 2027|Any CPU.Build.0 = Release 2027|Any CPU
		{D6A85B4F-3E17-4C8D-92F6-1B5A7E3C9D02}.Release 2027|x86.ActiveCfg = Release 2027|Any CPU
		{D6A85B4F-3E17-4C8D-92F6-1B5A7E3C9D02}.Release 2027|x86.Build.0 = Release 2027|Any CPU
		{D6A85B4F-3E17-4C8D-92F6-1B5A7E3C9D02}.Debug|x64.ActiveCfg = Debug|Any CPU
		{D6A85B4F-3E17-4C8D-92F6-1B5A7E3C9D02}.Debug|x64.Build.0 = Debug|Any CPU
		{D6A85B4F-3E17-4C8D-92F6-1B5A7E3C9D02}.Debug|Any CPU.ActiveCfg = Debug|Any CPU
		{D6A85B4F-3E17-4C8D-92F6-1B5A7E3C9D02}.Debug|Any CPU.Build.0 = Debug|Any CPU
		{D6A85B4F-3E17-4C8D-92F6-1B5A7E3C9D02}.Debug|x86.ActiveCfg = Debug|Any CPU
		{D6A85B4F-3E17-4C8D-92F6-1B5A7E3C9D02}.Debug|x86.Build.0 = Debug|Any CPU
		{D6A85B4F-3E17-4C8D-92F6-1B5A7E3C9D02}.Release|x64.ActiveCfg = Release|Any CPU
		{D6A85B4F-3E17-4C8D-92F6-1B5A7E3C9D02}.Release|x64.Build.0 = Release|Any CPU
		{D6A85B4F-3E17-4C8D-92F6-1B5A7E3C9D02}.Release|Any CPU.ActiveCfg = Release|Any CPU
		{D6A85B4F-3E17-4C8D-92F6-1B5A7E3C9D02}.Release|Any CPU.Build.0 = Release|Any CPU
		{D6A85B4F-3E17-4C8D-92F6-1B5A7E3C9D02}.Release|x86.ActiveCfg = Release|Any CPU
		{D6A85B4F-3E17-4C8D-92F6-1B5A7E3C9D02}.Release|x86.Build.0 = Release|Any CPU
		{7A2B8C3D-4E5F-6A7B-8C9D-0E1F2A3B4C5D}.Debug 2027|x64.ActiveCfg = Debug 2027|x64
		{7A2B8C3D-4E5F-6A7B-8C9D-0E1F2A3B4C5D}.Debug 2027|x64.Build.0 = Debug 2027|x64
		{7A2B8C3D-4E5F-6A7B-8C9D-0E1F2A3B4C5D}.Debug 2027|Any CPU.ActiveCfg = Debug 2027|Any CPU
		{7A2B8C3D-4E5F-6A7B-8C9D-0E1F2A3B4C5D}.Debug 2027|Any CPU.Build.0 = Debug 2027|Any CPU
		{7A2B8C3D-4E5F-6A7B-8C9D-0E1F2A3B4C5D}.Debug 2027|x86.ActiveCfg = Debug 2027|Any CPU
		{7A2B8C3D-4E5F-6A7B-8C9D-0E1F2A3B4C5D}.Debug 2027|x86.Build.0 = Debug 2027|Any CPU
		{7A2B8C3D-4E5F-6A7B-8C9D-0E1F2A3B4C5D}.Release 2027|x64.ActiveCfg = Release 2027|x64
		{7A2B8C3D-4E5F-6A7B-8C9D-0E1F2A3B4C5D}.Release 2027|x64.Build.0 = Release 2027|x64
		{7A2B8C3D-4E5F-6A7B-8C9D-0E1F2A3B4C5D}.Release 2027|Any CPU.ActiveCfg = Release 2027|Any CPU
		{7A2B8C3D-4E5F-6A7B-8C9D-0E1F2A3B4C5D}.Release 2027|Any CPU.Build.0 = Release 2027|Any CPU
		{7A2B8C3D-4E5F-6A7B-8C9D-0E1F2A3B4C5D}.Release 2027|x86.ActiveCfg = Release 2027|Any CPU
		{7A2B8C3D-4E5F-6A7B-8C9D-0E1F2A3B4C5D}.Release 2027|x86.Build.0 = Release 2027|Any CPU
		{7A2B8C3D-4E5F-6A7B-8C9D-0E1F2A3B4C5D}.Debug|x64.ActiveCfg = Debug|Any CPU
		{7A2B8C3D-4E5F-6A7B-8C9D-0E1F2A3B4C5D}.Debug|x64.Build.0 = Debug|Any CPU
		{7A2B8C3D-4E5F-6A7B-8C9D-0E1F2A3B4C5D}.Debug|Any CPU.ActiveCfg = Debug|Any CPU
		{7A2B8C3D-4E5F-6A7B-8C9D-0E1F2A3B4C5D}.Debug|Any CPU.Build.0 = Debug|Any CPU
		{7A2B8C3D-4E5F-6A7B-8C9D-0E1F2A3B4C5D}.Debug|x86.ActiveCfg = Debug|Any CPU
		{7A2B8C3D-4E5F-6A7B-8C9D-0E1F2A3B4C5D}.Debug|x86.Build.0 = Debug|Any CPU
		{7A2B8C3D-4E5F-6A7B-8C9D-0E1F2A3B4C5D}.Release|x64.ActiveCfg = Release|Any CPU
		{7A2B8C3D-4E5F-6A7B-8C9D-0E1F2A3B4C5D}.Release|x64.Build.0 = Release|Any CPU
		{7A2B8C3D-4E5F-6A7B-8C9D-0E1F2A3B4C5D}.Release|Any CPU.ActiveCfg = Release|Any CPU
		{7A2B8C3D-4E5F-6A7B-8C9D-0E1F2A3B4C5D}.Release|Any CPU.Build.0 = Release|Any CPU
		{7A2B8C3D-4E5F-6A7B-8C9D-0E1F2A3B4C5D}.Release|x86.ActiveCfg = Release|Any CPU
		{7A2B8C3D-4E5F-6A7B-8C9D-0E1F2A3B4C5D}.Release|x86.Build.0 = Release|Any CPU
		{8B3C9D4E-5F6A-7B8C-9D0E-1F2A3B4C5D6E}.Debug 2027|x64.ActiveCfg = Debug 2027|x64
		{8B3C9D4E-5F6A-7B8C-9D0E-1F2A3B4C5D6E}.Debug 2027|x64.Build.0 = Debug 2027|x64
		{8B3C9D4E-5F6A-7B8C-9D0E-1F2A3B4C5D6E}.Debug 2027|Any CPU.ActiveCfg = Debug 2027|Any CPU
		{8B3C9D4E-5F6A-7B8C-9D0E-1F2A3B4C5D6E}.Debug 2027|Any CPU.Build.0 = Debug 2027|Any CPU
		{8B3C9D4E-5F6A-7B8C-9D0E-1F2A3B4C5D6E}.Debug 2027|x86.ActiveCfg = Debug 2027|Any CPU
		{8B3C9D4E-5F6A-7B8C-9D0E-1F2A3B4C5D6E}.Debug 2027|x86.Build.0 = Debug 2027|Any CPU
		{8B3C9D4E-5F6A-7B8C-9D0E-1F2A3B4C5D6E}.Release 2027|x64.ActiveCfg = Release 2027|x64
		{8B3C9D4E-5F6A-7B8C-9D0E-1F2A3B4C5D6E}.Release 2027|x64.Build.0 = Release 2027|x64
		{8B3C9D4E-5F6A-7B8C-9D0E-1F2A3B4C5D6E}.Release 2027|Any CPU.ActiveCfg = Release 2027|Any CPU
		{8B3C9D4E-5F6A-7B8C-9D0E-1F2A3B4C5D6E}.Release 2027|Any CPU.Build.0 = Release 2027|Any CPU
		{8B3C9D4E-5F6A-7B8C-9D0E-1F2A3B4C5D6E}.Release 2027|x86.ActiveCfg = Release 2027|Any CPU
		{8B3C9D4E-5F6A-7B8C-9D0E-1F2A3B4C5D6E}.Release 2027|x86.Build.0 = Release 2027|Any CPU
		{8B3C9D4E-5F6A-7B8C-9D0E-1F2A3B4C5D6E}.Debug|x64.ActiveCfg = Debug|Any CPU
		{8B3C9D4E-5F6A-7B8C-9D0E-1F2A3B4C5D6E}.Debug|x64.Build.0 = Debug|Any CPU
		{8B3C9D4E-5F6A-7B8C-9D0E-1F2A3B4C5D6E}.Debug|Any CPU.ActiveCfg = Debug|Any CPU
		{8B3C9D4E-5F6A-7B8C-9D0E-1F2A3B4C5D6E}.Debug|Any CPU.Build.0 = Debug|Any CPU
		{8B3C9D4E-5F6A-7B8C-9D0E-1F2A3B4C5D6E}.Debug|x86.ActiveCfg = Debug|Any CPU
		{8B3C9D4E-5F6A-7B8C-9D0E-1F2A3B4C5D6E}.Debug|x86.Build.0 = Debug|Any CPU
		{8B3C9D4E-5F6A-7B8C-9D0E-1F2A3B4C5D6E}.Release|x64.ActiveCfg = Release|Any CPU
		{8B3C9D4E-5F6A-7B8C-9D0E-1F2A3B4C5D6E}.Release|x64.Build.0 = Release|Any CPU
		{8B3C9D4E-5F6A-7B8C-9D0E-1F2A3B4C5D6E}.Release|Any CPU.ActiveCfg = Release|Any CPU
		{8B3C9D4E-5F6A-7B8C-9D0E-1F2A3B4C5D6E}.Release|Any CPU.Build.0 = Release|Any CPU
		{8B3C9D4E-5F6A-7B8C-9D0E-1F2A3B4C5D6E}.Release|x86.ActiveCfg = Release|Any CPU
		{8B3C9D4E-5F6A-7B8C-9D0E-1F2A3B4C5D6E}.Release|x86.Build.0 = Release|Any CPU
		{9C4D0E5F-6A7B-8C9D-AE0F-1A2B3C4D5E6F}.Debug 2027|x64.ActiveCfg = Debug 2027|x64
		{9C4D0E5F-6A7B-8C9D-AE0F-1A2B3C4D5E6F}.Debug 2027|x64.Build.0 = Debug 2027|x64
		{9C4D0E5F-6A7B-8C9D-AE0F-1A2B3C4D5E6F}.Debug 2027|Any CPU.ActiveCfg = Debug 2027|Any CPU
		{9C4D0E5F-6A7B-8C9D-AE0F-1A2B3C4D5E6F}.Debug 2027|Any CPU.Build.0 = Debug 2027|Any CPU
		{9C4D0E5F-6A7B-8C9D-AE0F-1A2B3C4D5E6F}.Debug 2027|x86.ActiveCfg = Debug 2027|Any CPU
		{9C4D0E5F-6A7B-8C9D-AE0F-1A2B3C4D5E6F}.Debug 2027|x86.Build.0 = Debug 2027|Any CPU
		{9C4D0E5F-6A7B-8C9D-AE0F-1A2B3C4D5E6F}.Release 2027|x64.ActiveCfg = Release 2027|x64
		{9C4D0E5F-6A7B-8C9D-AE0F-1A2B3C4D5E6F}.Release 2027|x64.Build.0 = Release 2027|x64
		{9C4D0E5F-6A7B-8C9D-AE0F-1A2B3C4D5E6F}.Release 2027|Any CPU.ActiveCfg = Release 2027|Any CPU
		{9C4D0E5F-6A7B-8C9D-AE0F-1A2B3C4D5E6F}.Release 2027|Any CPU.Build.0 = Release 2027|Any CPU
		{9C4D0E5F-6A7B-8C9D-AE0F-1A2B3C4D5E6F}.Release 2027|x86.ActiveCfg = Release 2027|Any CPU
		{9C4D0E5F-6A7B-8C9D-AE0F-1A2B3C4D5E6F}.Release 2027|x86.Build.0 = Release 2027|Any CPU
		{9C4D0E5F-6A7B-8C9D-AE0F-1A2B3C4D5E6F}.Debug|x64.ActiveCfg = Debug|Any CPU
		{9C4D0E5F-6A7B-8C9D-AE0F-1A2B3C4D5E6F}.Debug|x64.Build.0 = Debug|Any CPU
		{9C4D0E5F-6A7B-8C9D-AE0F-1A2B3C4D5E6F}.Debug|Any CPU.ActiveCfg = Debug|Any CPU
		{9C4D0E5F-6A7B-8C9D-AE0F-1A2B3C4D5E6F}.Debug|Any CPU.Build.0 = Debug|Any CPU
		{9C4D0E5F-6A7B-8C9D-AE0F-1A2B3C4D5E6F}.Debug|x86.ActiveCfg = Debug|Any CPU
		{9C4D0E5F-6A7B-8C9D-AE0F-1A2B3C4D5E6F}.Debug|x86.Build.0 = Debug|Any CPU
		{9C4D0E5F-6A7B-8C9D-AE0F-1A2B3C4D5E6F}.Release|x64.ActiveCfg = Release|Any CPU
		{9C4D0E5F-6A7B-8C9D-AE0F-1A2B3C4D5E6F}.Release|x64.Build.0 = Release|Any CPU
		{9C4D0E5F-6A7B-8C9D-AE0F-1A2B3C4D5E6F}.Release|Any CPU.ActiveCfg = Release|Any CPU
		{9C4D0E5F-6A7B-8C9D-AE0F-1A2B3C4D5E6F}.Release|Any CPU.Build.0 = Release|Any CPU
		{9C4D0E5F-6A7B-8C9D-AE0F-1A2B3C4D5E6F}.Release|x86.ActiveCfg = Release|Any CPU
		{9C4D0E5F-6A7B-8C9D-AE0F-1A2B3C4D5E6F}.Release|x86.Build.0 = Release|Any CPU
		{A1B2C3D4-E5F6-7890-AB12-CD34EF567890}.Debug 2027|x64.ActiveCfg = Debug 2027|x64
		{A1B2C3D4-E5F6-7890-AB12-CD34EF567890}.Debug 2027|x64.Build.0 = Debug 2027|x64
		{A1B2C3D4-E5F6-7890-AB12-CD34EF567890}.Debug 2027|Any CPU.ActiveCfg = Debug 2027|Any CPU
		{A1B2C3D4-E5F6-7890-AB12-CD34EF567890}.Debug 2027|Any CPU.Build.0 = Debug 2027|Any CPU
		{A1B2C3D4-E5F6-7890-AB12-CD34EF567890}.Debug 2027|x86.ActiveCfg = Debug 2027|Any CPU
		{A1B2C3D4-E5F6-7890-AB12-CD34EF567890}.Debug 2027|x86.Build.0 = Debug 2027|Any CPU
		{A1B2C3D4-E5F6-7890-AB12-CD34EF567890}.Release 2027|x64.ActiveCfg = Release 2027|x64
		{A1B2C3D4-E5F6-7890-AB12-CD34EF567890}.Release 2027|x64.Build.0 = Release 2027|x64
		{A1B2C3D4-E5F6-7890-AB12-CD34EF567890}.Release 2027|Any CPU.ActiveCfg = Release 2027|Any CPU
		{A1B2C3D4-E5F6-7890-AB12-CD34EF567890}.Release 2027|Any CPU.Build.0 = Release 2027|Any CPU
		{A1B2C3D4-E5F6-7890-AB12-CD34EF567890}.Release 2027|x86.ActiveCfg = Release 2027|Any CPU
		{A1B2C3D4-E5F6-7890-AB12-CD34EF567890}.Release 2027|x86.Build.0 = Release 2027|Any CPU
		{A1B2C3D4-E5F6-7890-AB12-CD34EF567890}.Debug|x64.ActiveCfg = Debug|Any CPU
		{A1B2C3D4-E5F6-7890-AB12-CD34EF567890}.Debug|x64.Build.0 = Debug|Any CPU
		{A1B2C3D4-E5F6-7890-AB12-CD34EF567890}.Debug|Any CPU.ActiveCfg = Debug|Any CPU
		{A1B2C3D4-E5F6-7890-AB12-CD34EF567890}.Debug|Any CPU.Build.0 = Debug|Any CPU
		{A1B2C3D4-E5F6-7890-AB12-CD34EF567890}.Debug|x86.ActiveCfg = Debug|Any CPU
		{A1B2C3D4-E5F6-7890-AB12-CD34EF567890}.Debug|x86.Build.0 = Debug|Any CPU
		{A1B2C3D4-E5F6-7890-AB12-CD34EF567890}.Release|x64.ActiveCfg = Release|Any CPU
		{A1B2C3D4-E5F6-7890-AB12-CD34EF567890}.Release|x64.Build.0 = Release|Any CPU
		{A1B2C3D4-E5F6-7890-AB12-CD34EF567890}.Release|Any CPU.ActiveCfg = Release|Any CPU
		{A1B2C3D4-E5F6-7890-AB12-CD34EF567890}.Release|Any CPU.Build.0 = Release|Any CPU
		{A1B2C3D4-E5F6-7890-AB12-CD34EF567890}.Release|x86.ActiveCfg = Release|Any CPU
		{A1B2C3D4-E5F6-7890-AB12-CD34EF567890}.Release|x86.Build.0 = Release|Any CPU
		{B2C3D4E5-F6A7-8901-BC23-DE45FA678901}.Debug 2027|x64.ActiveCfg = Debug 2027|x64
		{B2C3D4E5-F6A7-8901-BC23-DE45FA678901}.Debug 2027|x64.Build.0 = Debug 2027|x64
		{B2C3D4E5-F6A7-8901-BC23-DE45FA678901}.Debug 2027|Any CPU.ActiveCfg = Debug 2027|Any CPU
		{B2C3D4E5-F6A7-8901-BC23-DE45FA678901}.Debug 2027|Any CPU.Build.0 = Debug 2027|Any CPU
		{B2C3D4E5-F6A7-8901-BC23-DE45FA678901}.Debug 2027|x86.ActiveCfg = Debug 2027|Any CPU
		{B2C3D4E5-F6A7-8901-BC23-DE45FA678901}.Debug 2027|x86.Build.0 = Debug 2027|Any CPU
		{B2C3D4E5-F6A7-8901-BC23-DE45FA678901}.Release 2027|x64.ActiveCfg = Release 2027|x64
		{B2C3D4E5-F6A7-8901-BC23-DE45FA678901}.Release 2027|x64.Build.0 = Release 2027|x64
		{B2C3D4E5-F6A7-8901-BC23-DE45FA678901}.Release 2027|Any CPU.ActiveCfg = Release 2027|Any CPU
		{B2C3D4E5-F6A7-8901-BC23-DE45FA678901}.Release 2027|Any CPU.Build.0 = Release 2027|Any CPU
		{B2C3D4E5-F6A7-8901-BC23-DE45FA678901}.Release 2027|x86.ActiveCfg = Release 2027|Any CPU
		{B2C3D4E5-F6A7-8901-BC23-DE45FA678901}.Release 2027|x86.Build.0 = Release 2027|Any CPU
		{B2C3D4E5-F6A7-8901-BC23-DE45FA678901}.Debug|x64.ActiveCfg = Debug|Any CPU
		{B2C3D4E5-F6A7-8901-BC23-DE45FA678901}.Debug|x64.Build.0 = Debug|Any CPU
		{B2C3D4E5-F6A7-8901-BC23-DE45FA678901}.Debug|Any CPU.ActiveCfg = Debug|Any CPU
		{B2C3D4E5-F6A7-8901-BC23-DE45FA678901}.Debug|Any CPU.Build.0 = Debug|Any CPU
		{B2C3D4E5-F6A7-8901-BC23-DE45FA678901}.Debug|x86.ActiveCfg = Debug|Any CPU
		{B2C3D4E5-F6A7-8901-BC23-DE45FA678901}.Debug|x86.Build.0 = Debug|Any CPU
		{B2C3D4E5-F6A7-8901-BC23-DE45FA678901}.Release|x64.ActiveCfg = Release|Any CPU
		{B2C3D4E5-F6A7-8901-BC23-DE45FA678901}.Release|x64.Build.0 = Release|Any CPU
		{B2C3D4E5-F6A7-8901-BC23-DE45FA678901}.Release|Any CPU.ActiveCfg = Release|Any CPU
		{B2C3D4E5-F6A7-8901-BC23-DE45FA678901}.Release|Any CPU.Build.0 = Release|Any CPU
		{B2C3D4E5-F6A7-8901-BC23-DE45FA678901}.Release|x86.ActiveCfg = Release|Any CPU
		{B2C3D4E5-F6A7-8901-BC23-DE45FA678901}.Release|x86.Build.0 = Release|Any CPU
		{66803969-7C14-4EF8-95C7-0CF780C6F6D0}.Debug 2027|x64.ActiveCfg = Debug|x64
		{66803969-7C14-4EF8-95C7-0CF780C6F6D0}.Debug 2027|x64.Build.0 = Debug|x64
		{66803969-7C14-4EF8-95C7-0CF780C6F6D0}.Debug 2027|Any CPU.ActiveCfg = Debug|x64
		{66803969-7C14-4EF8-95C7-0CF780C6F6D0}.Debug 2027|Any CPU.Build.0 = Debug|x64
		{66803969-7C14-4EF8-95C7-0CF780C6F6D0}.Debug 2027|x86.ActiveCfg = Debug|x64
		{66803969-7C14-4EF8-95C7-0CF780C6F6D0}.Debug 2027|x86.Build.0 = Debug|x64
		{66803969-7C14-4EF8-95C7-0CF780C6F6D0}.Release 2027|x64.ActiveCfg = Debug|x64
		{66803969-7C14-4EF8-95C7-0CF780C6F6D0}.Release 2027|x64.Build.0 = Debug|x64
		{66803969-7C14-4EF8-95C7-0CF780C6F6D0}.Release 2027|Any CPU.ActiveCfg = Debug|x64
		{66803969-7C14-4EF8-95C7-0CF780C6F6D0}.Release 2027|Any CPU.Build.0 = Debug|x64
		{66803969-7C14-4EF8-95C7-0CF780C6F6D0}.Release 2027|x86.ActiveCfg = Debug|x64
		{66803969-7C14-4EF8-95C7-0CF780C6F6D0}.Release 2027|x86.Build.0 = Debug|x64
		{66803969-7C14-4EF8-95C7-0CF780C6F6D0}.Debug|x64.ActiveCfg = Debug|x64
		{66803969-7C14-4EF8-95C7-0CF780C6F6D0}.Debug|x64.Build.0 = Debug|x64
		{66803969-7C14-4EF8-95C7-0CF780C6F6D0}.Debug|Any CPU.ActiveCfg = Debug|x64
		{66803969-7C14-4EF8-95C7-0CF780C6F6D0}.Debug|Any CPU.Build.0 = Debug|x64
		{66803969-7C14-4EF8-95C7-0CF780C6F6D0}.Debug|x86.ActiveCfg = Debug|x64
		{66803969-7C14-4EF8-95C7-0CF780C6F6D0}.Debug|x86.Build.0 = Debug|x64
		{66803969-7C14-4EF8-95C7-0CF780C6F6D0}.Release|x64.ActiveCfg = Release|x64
		{66803969-7C14-4EF8-95C7-0CF780C6F6D0}.Release|x64.Build.0 = Release|x64
		{66803969-7C14-4EF8-95C7-0CF780C6F6D0}.Release|Any CPU.ActiveCfg = Release|x64
		{66803969-7C14-4EF8-95C7-0CF780C6F6D0}.Release|Any CPU.Build.0 = Release|x64
		{66803969-7C14-4EF8-95C7-0CF780C6F6D0}.Release|x86.ActiveCfg = Release|x64
		{66803969-7C14-4EF8-95C7-0CF780C6F6D0}.Release|x86.Build.0 = Release|x64
		{30ABAFF3-F87F-4816-891B-A24D3167EB85}.Debug 2027|x64.ActiveCfg = Debug 2027|x64
		{30ABAFF3-F87F-4816-891B-A24D3167EB85}.Debug 2027|x64.Build.0 = Debug 2027|x64
		{30ABAFF3-F87F-4816-891B-A24D3167EB85}.Debug 2027|Any CPU.ActiveCfg = Debug 2027|x64
		{30ABAFF3-F87F-4816-891B-A24D3167EB85}.Debug 2027|Any CPU.Build.0 = Debug 2027|x64
		{30ABAFF3-F87F-4816-891B-A24D3167EB85}.Debug 2027|x86.ActiveCfg = Debug 2027|x64
		{30ABAFF3-F87F-4816-891B-A24D3167EB85}.Debug 2027|x86.Build.0 = Debug 2027|x64
		{30ABAFF3-F87F-4816-891B-A24D3167EB85}.Release 2027|x64.ActiveCfg = Release 2027|x64
		{30ABAFF3-F87F-4816-891B-A24D3167EB85}.Release 2027|x64.Build.0 = Release 2027|x64
		{30ABAFF3-F87F-4816-891B-A24D3167EB85}.Release 2027|Any CPU.ActiveCfg = Release 2027|x64
		{30ABAFF3-F87F-4816-891B-A24D3167EB85}.Release 2027|Any CPU.Build.0 = Release 2027|x64
		{30ABAFF3-F87F-4816-891B-A24D3167EB85}.Release 2027|x86.ActiveCfg = Release 2027|x64
		{30ABAFF3-F87F-4816-891B-A24D3167EB85}.Release 2027|x86.Build.0 = Release 2027|x64
		{30ABAFF3-F87F-4816-891B-A24D3167EB85}.Debug|x64.ActiveCfg = Debug 2027|x64
		{30ABAFF3-F87F-4816-891B-A24D3167EB85}.Debug|x64.Build.0 = Debug 2027|x64
		{30ABAFF3-F87F-4816-891B-A24D3167EB85}.Debug|Any CPU.ActiveCfg = Debug 2027|x64
		{30ABAFF3-F87F-4816-891B-A24D3167EB85}.Debug|Any CPU.Build.0 = Debug 2027|x64
		{30ABAFF3-F87F-4816-891B-A24D3167EB85}.Debug|x86.ActiveCfg = Debug 2027|x64
		{30ABAFF3-F87F-4816-891B-A24D3167EB85}.Debug|x86.Build.0 = Debug 2027|x64
		{30ABAFF3-F87F-4816-891B-A24D3167EB85}.Release|x64.ActiveCfg = Debug 2027|x64
		{30ABAFF3-F87F-4816-891B-A24D3167EB85}.Release|x64.Build.0 = Debug 2027|x64
		{30ABAFF3-F87F-4816-891B-A24D3167EB85}.Release|Any CPU.ActiveCfg = Debug 2027|x64
		{30ABAFF3-F87F-4816-891B-A24D3167EB85}.Release|Any CPU.Build.0 = Debug 2027|x64
		{30ABAFF3-F87F-4816-891B-A24D3167EB85}.Release|x86.ActiveCfg = Debug 2027|x64
		{30ABAFF3-F87F-4816-891B-A24D3167EB85}.Release|x86.Build.0 = Debug 2027|x64
		{08E90831-9FD9-4473-9ECC-AE0C470E49F1}.Debug 2027|x64.ActiveCfg = Debug 2027|x64
		{08E90831-9FD9-4473-9ECC-AE0C470E49F1}.Debug 2027|x64.Build.0 = Debug 2027|x64
		{08E90831-9FD9-4473-9ECC-AE0C470E49F1}.Debug 2027|Any CPU.ActiveCfg = Debug 2027|x64
		{08E90831-9FD9-4473-9ECC-AE0C470E49F1}.Debug 2027|Any CPU.Build.0 = Debug 2027|x64
		{08E90831-9FD9-4473-9ECC-AE0C470E49F1}.Debug 2027|x86.ActiveCfg = Debug 2027|x64
		{08E90831-9FD9-4473-9ECC-AE0C470E49F1}.Debug 2027|x86.Build.0 = Debug 2027|x64
		{08E90831-9FD9-4473-9ECC-AE0C470E49F1}.Release 2027|x64.ActiveCfg = Release 2027|x64
		{08E90831-9FD9-4473-9ECC-AE0C470E49F1}.Release 2027|x64.Build.0 = Release 2027|x64
		{08E90831-9FD9-4473-9ECC-AE0C470E49F1}.Release 2027|Any CPU.ActiveCfg = Release 2027|x64
		{08E90831-9FD9-4473-9ECC-AE0C470E49F1}.Release 2027|Any CPU.Build.0 = Release 2027|x64
		{08E90831-9FD9-4473-9ECC-AE0C470E49F1}.Release 2027|x86.ActiveCfg = Release 2027|x64
		{08E90831-9FD9-4473-9ECC-AE0C470E49F1}.Release 2027|x86.Build.0 = Release 2027|x64
		{08E90831-9FD9-4473-9ECC-AE0C470E49F1}.Debug|x64.ActiveCfg = Debug 2027|x64
		{08E90831-9FD9-4473-9ECC-AE0C470E49F1}.Debug|x64.Build.0 = Debug 2027|x64
		{08E90831-9FD9-4473-9ECC-AE0C470E49F1}.Debug|Any CPU.ActiveCfg = Debug 2027|x64
		{08E90831-9FD9-4473-9ECC-AE0C470E49F1}.Debug|Any CPU.Build.0 = Debug 2027|x64
		{08E90831-9FD9-4473-9ECC-AE0C470E49F1}.Debug|x86.ActiveCfg = Debug 2027|x64
		{08E90831-9FD9-4473-9ECC-AE0C470E49F1}.Debug|x86.Build.0 = Debug 2027|x64
		{08E90831-9FD9-4473-9ECC-AE0C470E49F1}.Release|x64.ActiveCfg = Debug 2027|x64
		{08E90831-9FD9-4473-9ECC-AE0C470E49F1}.Release|x64.Build.0 = Debug 2027|x64
		{08E90831-9FD9-4473-9ECC-AE0C470E49F1}.Release|Any CPU.ActiveCfg = Debug 2027|x64
		{08E90831-9FD9-4473-9ECC-AE0C470E49F1}.Release|Any CPU.Build.0 = Debug 2027|x64
		{08E90831-9FD9-4473-9ECC-AE0C470E49F1}.Release|x86.ActiveCfg = Debug 2027|x64
		{08E90831-9FD9-4473-9ECC-AE0C470E49F1}.Release|x86.Build.0 = Debug 2027|x64
		{1B6DD40D-5C9F-44CC-A315-C943E86CD360}.Debug 2027|x64.ActiveCfg = Debug 2027|x64
		{1B6DD40D-5C9F-44CC-A315-C943E86CD360}.Debug 2027|x64.Build.0 = Debug 2027|x64
		{1B6DD40D-5C9F-44CC-A315-C943E86CD360}.Debug 2027|Any CPU.ActiveCfg = Debug 2027|x64
		{1B6DD40D-5C9F-44CC-A315-C943E86CD360}.Debug 2027|Any CPU.Build.0 = Debug 2027|x64
		{1B6DD40D-5C9F-44CC-A315-C943E86CD360}.Debug 2027|x86.ActiveCfg = Debug 2027|x64
		{1B6DD40D-5C9F-44CC-A315-C943E86CD360}.Debug 2027|x86.Build.0 = Debug 2027|x64
		{1B6DD40D-5C9F-44CC-A315-C943E86CD360}.Release 2027|x64.ActiveCfg = Release 2027|x64
		{1B6DD40D-5C9F-44CC-A315-C943E86CD360}.Release 2027|x64.Build.0 = Release 2027|x64
		{1B6DD40D-5C9F-44CC-A315-C943E86CD360}.Release 2027|Any CPU.ActiveCfg = Release 2027|x64
		{1B6DD40D-5C9F-44CC-A315-C943E86CD360}.Release 2027|Any CPU.Build.0 = Release 2027|x64
		{1B6DD40D-5C9F-44CC-A315-C943E86CD360}.Release 2027|x86.ActiveCfg = Release 2027|x64
		{1B6DD40D-5C9F-44CC-A315-C943E86CD360}.Release 2027|x86.Build.0 = Release 2027|x64
		{1B6DD40D-5C9F-44CC-A315-C943E86CD360}.Debug|x64.ActiveCfg = Debug 2027|x64
		{1B6DD40D-5C9F-44CC-A315-C943E86CD360}.Debug|x64.Build.0 = Debug 2027|x64
		{1B6DD40D-5C9F-44CC-A315-C943E86CD360}.Debug|Any CPU.ActiveCfg = Debug 2027|x64
		{1B6DD40D-5C9F-44CC-A315-C943E86CD360}.Debug|Any CPU.Build.0 = Debug 2027|x64
		{1B6DD40D-5C9F-44CC-A315-C943E86CD360}.Debug|x86.ActiveCfg = Debug 2027|x64
		{1B6DD40D-5C9F-44CC-A315-C943E86CD360}.Debug|x86.Build.0 = Debug 2027|x64
		{1B6DD40D-5C9F-44CC-A315-C943E86CD360}.Release|x64.ActiveCfg = Debug 2027|x64
		{1B6DD40D-5C9F-44CC-A315-C943E86CD360}.Release|x64.Build.0 = Debug 2027|x64
		{1B6DD40D-5C9F-44CC-A315-C943E86CD360}.Release|Any CPU.ActiveCfg = Debug 2027|x64
		{1B6DD40D-5C9F-44CC-A315-C943E86CD360}.Release|Any CPU.Build.0 = Debug 2027|x64
		{1B6DD40D-5C9F-44CC-A315-C943E86CD360}.Release|x86.ActiveCfg = Debug 2027|x64
		{1B6DD40D-5C9F-44CC-A315-C943E86CD360}.Release|x86.Build.0 = Debug 2027|x64
		{BB1A092C-8EAE-4D4B-8A5F-473636928F07}.Debug 2027|x64.ActiveCfg = Debug 2027|x64
		{BB1A092C-8EAE-4D4B-8A5F-473636928F07}.Debug 2027|x64.Build.0 = Debug 2027|x64
		{BB1A092C-8EAE-4D4B-8A5F-473636928F07}.Debug 2027|Any CPU.ActiveCfg = Debug 2027|x64
		{BB1A092C-8EAE-4D4B-8A5F-473636928F07}.Debug 2027|Any CPU.Build.0 = Debug 2027|x64
		{BB1A092C-8EAE-4D4B-8A5F-473636928F07}.Debug 2027|x86.ActiveCfg = Debug 2027|x64
		{BB1A092C-8EAE-4D4B-8A5F-473636928F07}.Debug 2027|x86.Build.0 = Debug 2027|x64
		{BB1A092C-8EAE-4D4B-8A5F-473636928F07}.Release 2027|x64.ActiveCfg = Release 2027|x64
		{BB1A092C-8EAE-4D4B-8A5F-473636928F07}.Release 2027|x64.Build.0 = Release 2027|x64
		{BB1A092C-8EAE-4D4B-8A5F-473636928F07}.Release 2027|Any CPU.ActiveCfg = Release 2027|x64
		{BB1A092C-8EAE-4D4B-8A5F-473636928F07}.Release 2027|Any CPU.Build.0 = Release 2027|x64
		{BB1A092C-8EAE-4D4B-8A5F-473636928F07}.Release 2027|x86.ActiveCfg = Release 2027|x64
		{BB1A092C-8EAE-4D4B-8A5F-473636928F07}.Release 2027|x86.Build.0 = Release 2027|x64
		{BB1A092C-8EAE-4D4B-8A5F-473636928F07}.Debug|x64.ActiveCfg = Debug 2027|x64
		{BB1A092C-8EAE-4D4B-8A5F-473636928F07}.Debug|x64.Build.0 = Debug 2027|x64
		{BB1A092C-8EAE-4D4B-8A5F-473636928F07}.Debug|Any CPU.ActiveCfg = Debug 2027|x64
		{BB1A092C-8EAE-4D4B-8A5F-473636928F07}.Debug|Any CPU.Build.0 = Debug 2027|x64
		{BB1A092C-8EAE-4D4B-8A5F-473636928F07}.Debug|x86.ActiveCfg = Debug 2027|x64
		{BB1A092C-8EAE-4D4B-8A5F-473636928F07}.Debug|x86.Build.0 = Debug 2027|x64
		{BB1A092C-8EAE-4D4B-8A5F-473636928F07}.Release|x64.ActiveCfg = Debug 2027|x64
		{BB1A092C-8EAE-4D4B-8A5F-473636928F07}.Release|x64.Build.0 = Debug 2027|x64
		{BB1A092C-8EAE-4D4B-8A5F-473636928F07}.Release|Any CPU.ActiveCfg = Debug 2027|x64
		{BB1A092C-8EAE-4D4B-8A5F-473636928F07}.Release|Any CPU.Build.0 = Debug 2027|x64
		{BB1A092C-8EAE-4D4B-8A5F-473636928F07}.Release|x86.ActiveCfg = Debug 2027|x64
		{BB1A092C-8EAE-4D4B-8A5F-473636928F07}.Release|x86.Build.0 = Debug 2027|x64
		{F1A2B3C4-D5E6-7890-ABCD-EF1234567890}.Debug 2027|x64.ActiveCfg = Debug 2027|x64
		{F1A2B3C4-D5E6-7890-ABCD-EF1234567890}.Debug 2027|x64.Build.0 = Debug 2027|x64
		{F1A2B3C4-D5E6-7890-ABCD-EF1234567890}.Debug 2027|Any CPU.ActiveCfg = Debug 2027|x64
		{F1A2B3C4-D5E6-7890-ABCD-EF1234567890}.Debug 2027|Any CPU.Build.0 = Debug 2027|x64
		{F1A2B3C4-D5E6-7890-ABCD-EF1234567890}.Debug 2027|x86.ActiveCfg = Debug 2027|x64
		{F1A2B3C4-D5E6-7890-ABCD-EF1234567890}.Debug 2027|x86.Build.0 = Debug 2027|x64
		{F1A2B3C4-D5E6-7890-ABCD-EF1234567890}.Release 2027|x64.ActiveCfg = Release 2027|x64
		{F1A2B3C4-D5E6-7890-ABCD-EF1234567890}.Release 2027|x64.Build.0 = Release 2027|x64
		{F1A2B3C4-D5E6-7890-ABCD-EF1234567890}.Release 2027|Any CPU.ActiveCfg = Release 2027|x64
		{F1A2B3C4-D5E6-7890-ABCD-EF1234567890}.Release 2027|Any CPU.Build.0 = Release 2027|x64
		{F1A2B3C4-D5E6-7890-ABCD-EF1234567890}.Release 2027|x86.ActiveCfg = Release 2027|x64
		{F1A2B3C4-D5E6-7890-ABCD-EF1234567890}.Release 2027|x86.Build.0 = Release 2027|x64
		{F1A2B3C4-D5E6-7890-ABCD-EF1234567890}.Debug|x64.ActiveCfg = Debug 2027|x64
		{F1A2B3C4-D5E6-7890-ABCD-EF1234567890}.Debug|x64.Build.0 = Debug 2027|x64
		{F1A2B3C4-D5E6-7890-ABCD-EF1234567890}.Debug|Any CPU.ActiveCfg = Debug 2027|x64
		{F1A2B3C4-D5E6-7890-ABCD-EF1234567890}.Debug|Any CPU.Build.0 = Debug 2027|x64
		{F1A2B3C4-D5E6-7890-ABCD-EF1234567890}.Debug|x86.ActiveCfg = Debug 2027|x64
		{F1A2B3C4-D5E6-7890-ABCD-EF1234567890}.Debug|x86.Build.0 = Debug 2027|x64
		{F1A2B3C4-D5E6-7890-ABCD-EF1234567890}.Release|x64.ActiveCfg = Release 2027|x64
		{F1A2B3C4-D5E6-7890-ABCD-EF1234567890}.Release|x64.Build.0 = Release 2027|x64
		{F1A2B3C4-D5E6-7890-ABCD-EF1234567890}.Release|Any CPU.ActiveCfg = Release 2027|x64
		{F1A2B3C4-D5E6-7890-ABCD-EF1234567890}.Release|Any CPU.Build.0 = Release 2027|x64
		{F1A2B3C4-D5E6-7890-ABCD-EF1234567890}.Release|x86.ActiveCfg = Release 2027|x64
		{F1A2B3C4-D5E6-7890-ABCD-EF1234567890}.Release|x86.Build.0 = Release 2027|x64
		{C83E8083-27C0-4275-80A6-08DCDE642917}.Debug 2027|x64.ActiveCfg = Debug 2027|x64
		{C83E8083-27C0-4275-80A6-08DCDE642917}.Debug 2027|x64.Build.0 = Debug 2027|x64
		{C83E8083-27C0-4275-80A6-08DCDE642917}.Debug 2027|Any CPU.ActiveCfg = Debug 2027|x64
		{C83E8083-27C0-4275-80A6-08DCDE642917}.Debug 2027|Any CPU.Build.0 = Debug 2027|x64
		{C83E8083-27C0-4275-80A6-08DCDE642917}.Debug 2027|x86.ActiveCfg = Debug 2027|x64
		{C83E8083-27C0-4275-80A6-08DCDE642917}.Debug 2027|x86.Build.0 = Debug 2027|x64
		{C83E8083-27C0-4275-80A6-08DCDE642917}.Release 2027|x64.ActiveCfg = Release 2027|x64
		{C83E8083-27C0-4275-80A6-08DCDE642917}.Release 2027|x64.Build.0 = Release 2027|x64
		{C83E8083-27C0-4275-80A6-08DCDE642917}.Release 2027|Any CPU.ActiveCfg = Release 2027|x64
		{C83E8083-27C0-4275-80A6-08DCDE642917}.Release 2027|Any CPU.Build.0 = Release 2027|x64
		{C83E8083-27C0-4275-80A6-08DCDE642917}.Release 2027|x86.ActiveCfg = Release 2027|x64
		{C83E8083-27C0-4275-80A6-08DCDE642917}.Release 2027|x86.Build.0 = Release 2027|x64
		{C83E8083-27C0-4275-80A6-08DCDE642917}.Debug|x64.ActiveCfg = Debug 2027|x64
		{C83E8083-27C0-4275-80A6-08DCDE642917}.Debug|x64.Build.0 = Debug 2027|x64
		{C83E8083-27C0-4275-80A6-08DCDE642917}.Debug|Any CPU.ActiveCfg = Debug 2027|x64
		{C83E8083-27C0-4275-80A6-08DCDE642917}.Debug|Any CPU.Build.0 = Debug 2027|x64
		{C83E8083-27C0-4275-80A6-08DCDE642917}.Debug|x86.ActiveCfg = Debug 2027|x64
		{C83E8083-27C0-4275-80A6-08DCDE642917}.Debug|x86.Build.0 = Debug 2027|x64
		{C83E8083-27C0-4275-80A6-08DCDE642917}.Release|x64.ActiveCfg = Debug 2027|x64
		{C83E8083-27C0-4275-80A6-08DCDE642917}.Release|x64.Build.0 = Debug 2027|x64
		{C83E8083-27C0-4275-80A6-08DCDE642917}.Release|Any CPU.ActiveCfg = Debug 2027|x64
		{C83E8083-27C0-4275-80A6-08DCDE642917}.Release|Any CPU.Build.0 = Debug 2027|x64
		{C83E8083-27C0-4275-80A6-08DCDE642917}.Release|x86.ActiveCfg = Debug 2027|x64
		{C83E8083-27C0-4275-80A6-08DCDE642917}.Release|x86.Build.0 = Debug 2027|x64
		{A5D7797E-09EC-4563-9C57-B8646786407C}.Debug 2027|x64.ActiveCfg = Debug 2027|x64
		{A5D7797E-09EC-4563-9C57-B8646786407C}.Debug 2027|x64.Build.0 = Debug 2027|x64
		{A5D7797E-09EC-4563-9C57-B8646786407C}.Debug 2027|Any CPU.ActiveCfg = Debug 2027|x64
		{A5D7797E-09EC-4563-9C57-B8646786407C}.Debug 2027|Any CPU.Build.0 = Debug 2027|x64
		{A5D7797E-09EC-4563-9C57-B8646786407C}.Debug 2027|x86.ActiveCfg = Debug 2027|x64
		{A5D7797E-09EC-4563-9C57-B8646786407C}.Debug 2027|x86.Build.0 = Debug 2027|x64
		{A5D7797E-09EC-4563-9C57-B8646786407C}.Release 2027|x64.ActiveCfg = Release 2027|x64
		{A5D7797E-09EC-4563-9C57-B8646786407C}.Release 2027|x64.Build.0 = Release 2027|x64
		{A5D7797E-09EC-4563-9C57-B8646786407C}.Release 2027|Any CPU.ActiveCfg = Release 2027|x64
		{A5D7797E-09EC-4563-9C57-B8646786407C}.Release 2027|Any CPU.Build.0 = Release 2027|x64
		{A5D7797E-09EC-4563-9C57-B8646786407C}.Release 2027|x86.ActiveCfg = Release 2027|x64
		{A5D7797E-09EC-4563-9C57-B8646786407C}.Release 2027|x86.Build.0 = Release 2027|x64
		{A5D7797E-09EC-4563-9C57-B8646786407C}.Debug|x64.ActiveCfg = Debug 2027|x64
		{A5D7797E-09EC-4563-9C57-B8646786407C}.Debug|x64.Build.0 = Debug 2027|x64
		{A5D7797E-09EC-4563-9C57-B8646786407C}.Debug|Any CPU.ActiveCfg = Debug 2027|x64
		{A5D7797E-09EC-4563-9C57-B8646786407C}.Debug|Any CPU.Build.0 = Debug 2027|x64
		{A5D7797E-09EC-4563-9C57-B8646786407C}.Debug|x86.ActiveCfg = Debug 2027|x64
		{A5D7797E-09EC-4563-9C57-B8646786407C}.Debug|x86.Build.0 = Debug 2027|x64
		{A5D7797E-09EC-4563-9C57-B8646786407C}.Release|x64.ActiveCfg = Debug 2027|x64
		{A5D7797E-09EC-4563-9C57-B8646786407C}.Release|x64.Build.0 = Debug 2027|x64
		{A5D7797E-09EC-4563-9C57-B8646786407C}.Release|Any CPU.ActiveCfg = Debug 2027|x64
		{A5D7797E-09EC-4563-9C57-B8646786407C}.Release|Any CPU.Build.0 = Debug 2027|x64
		{A5D7797E-09EC-4563-9C57-B8646786407C}.Release|x86.ActiveCfg = Debug 2027|x64
		{A5D7797E-09EC-4563-9C57-B8646786407C}.Release|x86.Build.0 = Debug 2027|x64
		{8B29E49F-A863-4132-B4BE-7E66D03FCB00}.Debug 2027|x64.ActiveCfg = Debug 2027|x64
		{8B29E49F-A863-4132-B4BE-7E66D03FCB00}.Debug 2027|x64.Build.0 = Debug 2027|x64
		{8B29E49F-A863-4132-B4BE-7E66D03FCB00}.Debug 2027|Any CPU.ActiveCfg = Debug 2027|x64
		{8B29E49F-A863-4132-B4BE-7E66D03FCB00}.Debug 2027|Any CPU.Build.0 = Debug 2027|x64
		{8B29E49F-A863-4132-B4BE-7E66D03FCB00}.Debug 2027|x86.ActiveCfg = Debug 2027|x64
		{8B29E49F-A863-4132-B4BE-7E66D03FCB00}.Debug 2027|x86.Build.0 = Debug 2027|x64
		{8B29E49F-A863-4132-B4BE-7E66D03FCB00}.Release 2027|x64.ActiveCfg = Release 2027|x64
		{8B29E49F-A863-4132-B4BE-7E66D03FCB00}.Release 2027|x64.Build.0 = Release 2027|x64
		{8B29E49F-A863-4132-B4BE-7E66D03FCB00}.Release 2027|Any CPU.ActiveCfg = Release 2027|x64
		{8B29E49F-A863-4132-B4BE-7E66D03FCB00}.Release 2027|Any CPU.Build.0 = Release 2027|x64
		{8B29E49F-A863-4132-B4BE-7E66D03FCB00}.Release 2027|x86.ActiveCfg = Release 2027|x64
		{8B29E49F-A863-4132-B4BE-7E66D03FCB00}.Release 2027|x86.Build.0 = Release 2027|x64
		{8B29E49F-A863-4132-B4BE-7E66D03FCB00}.Debug|x64.ActiveCfg = Debug 2027|x64
		{8B29E49F-A863-4132-B4BE-7E66D03FCB00}.Debug|x64.Build.0 = Debug 2027|x64
		{8B29E49F-A863-4132-B4BE-7E66D03FCB00}.Debug|Any CPU.ActiveCfg = Debug 2027|x64
		{8B29E49F-A863-4132-B4BE-7E66D03FCB00}.Debug|Any CPU.Build.0 = Debug 2027|x64
		{8B29E49F-A863-4132-B4BE-7E66D03FCB00}.Debug|x86.ActiveCfg = Debug 2027|x64
		{8B29E49F-A863-4132-B4BE-7E66D03FCB00}.Debug|x86.Build.0 = Debug 2027|x64
		{8B29E49F-A863-4132-B4BE-7E66D03FCB00}.Release|x64.ActiveCfg = Debug 2027|x64
		{8B29E49F-A863-4132-B4BE-7E66D03FCB00}.Release|x64.Build.0 = Debug 2027|x64
		{8B29E49F-A863-4132-B4BE-7E66D03FCB00}.Release|Any CPU.ActiveCfg = Debug 2027|x64
		{8B29E49F-A863-4132-B4BE-7E66D03FCB00}.Release|Any CPU.Build.0 = Debug 2027|x64
		{8B29E49F-A863-4132-B4BE-7E66D03FCB00}.Release|x86.ActiveCfg = Debug 2027|x64
		{8B29E49F-A863-4132-B4BE-7E66D03FCB00}.Release|x86.Build.0 = Debug 2027|x64
		{049B2ED5-F638-4FD8-8258-3A7E651F2FDC}.Debug 2027|x64.ActiveCfg = Debug 2027|x64
		{049B2ED5-F638-4FD8-8258-3A7E651F2FDC}.Debug 2027|x64.Build.0 = Debug 2027|x64
		{049B2ED5-F638-4FD8-8258-3A7E651F2FDC}.Debug 2027|Any CPU.ActiveCfg = Debug 2027|x64
		{049B2ED5-F638-4FD8-8258-3A7E651F2FDC}.Debug 2027|Any CPU.Build.0 = Debug 2027|x64
		{049B2ED5-F638-4FD8-8258-3A7E651F2FDC}.Debug 2027|x86.ActiveCfg = Debug 2027|x64
		{049B2ED5-F638-4FD8-8258-3A7E651F2FDC}.Debug 2027|x86.Build.0 = Debug 2027|x64
		{049B2ED5-F638-4FD8-8258-3A7E651F2FDC}.Release 2027|x64.ActiveCfg = Release 2027|x64
		{049B2ED5-F638-4FD8-8258-3A7E651F2FDC}.Release 2027|x64.Build.0 = Release 2027|x64
		{049B2ED5-F638-4FD8-8258-3A7E651F2FDC}.Release 2027|Any CPU.ActiveCfg = Release 2027|x64
		{049B2ED5-F638-4FD8-8258-3A7E651F2FDC}.Release 2027|Any CPU.Build.0 = Release 2027|x64
		{049B2ED5-F638-4FD8-8258-3A7E651F2FDC}.Release 2027|x86.ActiveCfg = Release 2027|x64
		{049B2ED5-F638-4FD8-8258-3A7E651F2FDC}.Release 2027|x86.Build.0 = Release 2027|x64
		{049B2ED5-F638-4FD8-8258-3A7E651F2FDC}.Debug|x64.ActiveCfg = Debug 2027|x64
		{049B2ED5-F638-4FD8-8258-3A7E651F2FDC}.Debug|x64.Build.0 = Debug 2027|x64
		{049B2ED5-F638-4FD8-8258-3A7E651F2FDC}.Debug|Any CPU.ActiveCfg = Debug 2027|x64
		{049B2ED5-F638-4FD8-8258-3A7E651F2FDC}.Debug|Any CPU.Build.0 = Debug 2027|x64
		{049B2ED5-F638-4FD8-8258-3A7E651F2FDC}.Debug|x86.ActiveCfg = Debug 2027|x64
		{049B2ED5-F638-4FD8-8258-3A7E651F2FDC}.Debug|x86.Build.0 = Debug 2027|x64
		{049B2ED5-F638-4FD8-8258-3A7E651F2FDC}.Release|x64.ActiveCfg = Debug 2027|x64
		{049B2ED5-F638-4FD8-8258-3A7E651F2FDC}.Release|x64.Build.0 = Debug 2027|x64
		{049B2ED5-F638-4FD8-8258-3A7E651F2FDC}.Release|Any CPU.ActiveCfg = Debug 2027|x64
		{049B2ED5-F638-4FD8-8258-3A7E651F2FDC}.Release|Any CPU.Build.0 = Debug 2027|x64
		{049B2ED5-F638-4FD8-8258-3A7E651F2FDC}.Release|x86.ActiveCfg = Debug 2027|x64
		{049B2ED5-F638-4FD8-8258-3A7E651F2FDC}.Release|x86.Build.0 = Debug 2027|x64
		{486F1A85-862D-4758-8AAF-D558EF77BF83}.Debug 2027|x64.ActiveCfg = Debug 2027|x64
		{486F1A85-862D-4758-8AAF-D558EF77BF83}.Debug 2027|x64.Build.0 = Debug 2027|x64
		{486F1A85-862D-4758-8AAF-D558EF77BF83}.Debug 2027|Any CPU.ActiveCfg = Debug 2027|x64
		{486F1A85-862D-4758-8AAF-D558EF77BF83}.Debug 2027|Any CPU.Build.0 = Debug 2027|x64
		{486F1A85-862D-4758-8AAF-D558EF77BF83}.Debug 2027|x86.ActiveCfg = Debug 2027|x64
		{486F1A85-862D-4758-8AAF-D558EF77BF83}.Debug 2027|x86.Build.0 = Debug 2027|x64
		{486F1A85-862D-4758-8AAF-D558EF77BF83}.Release 2027|x64.ActiveCfg = Release 2027|x64
		{486F1A85-862D-4758-8AAF-D558EF77BF83}.Release 2027|x64.Build.0 = Release 2027|x64
		{486F1A85-862D-4758-8AAF-D558EF77BF83}.Release 2027|Any CPU.ActiveCfg = Release 2027|x64
		{486F1A85-862D-4758-8AAF-D558EF77BF83}.Release 2027|Any CPU.Build.0 = Release 2027|x64
		{486F1A85-862D-4758-8AAF-D558EF77BF83}.Release 2027|x86.ActiveCfg = Release 2027|x64
		{486F1A85-862D-4758-8AAF-D558EF77BF83}.Release 2027|x86.Build.0 = Release 2027|x64
		{486F1A85-862D-4758-8AAF-D558EF77BF83}.Debug|x64.ActiveCfg = Debug 2027|x64
		{486F1A85-862D-4758-8AAF-D558EF77BF83}.Debug|x64.Build.0 = Debug 2027|x64
		{486F1A85-862D-4758-8AAF-D558EF77BF83}.Debug|Any CPU.ActiveCfg = Debug 2027|x64
		{486F1A85-862D-4758-8AAF-D558EF77BF83}.Debug|Any CPU.Build.0 = Debug 2027|x64
		{486F1A85-862D-4758-8AAF-D558EF77BF83}.Debug|x86.ActiveCfg = Debug 2027|x64
		{486F1A85-862D-4758-8AAF-D558EF77BF83}.Debug|x86.Build.0 = Debug 2027|x64
		{486F1A85-862D-4758-8AAF-D558EF77BF83}.Release|x64.ActiveCfg = Debug 2027|x64
		{486F1A85-862D-4758-8AAF-D558EF77BF83}.Release|x64.Build.0 = Debug 2027|x64
		{486F1A85-862D-4758-8AAF-D558EF77BF83}.Release|Any CPU.ActiveCfg = Debug 2027|x64
		{486F1A85-862D-4758-8AAF-D558EF77BF83}.Release|Any CPU.Build.0 = Debug 2027|x64
		{486F1A85-862D-4758-8AAF-D558EF77BF83}.Release|x86.ActiveCfg = Debug 2027|x64
		{486F1A85-862D-4758-8AAF-D558EF77BF83}.Release|x86.Build.0 = Debug 2027|x64
		{97FD6679-11FF-4DE5-9E66-247FF4711EB2}.Debug 2027|x64.ActiveCfg = Debug 2027|x64
		{97FD6679-11FF-4DE5-9E66-247FF4711EB2}.Debug 2027|x64.Build.0 = Debug 2027|x64
		{97FD6679-11FF-4DE5-9E66-247FF4711EB2}.Debug 2027|Any CPU.ActiveCfg = Debug 2027|x64
		{97FD6679-11FF-4DE5-9E66-247FF4711EB2}.Debug 2027|Any CPU.Build.0 = Debug 2027|x64
		{97FD6679-11FF-4DE5-9E66-247FF4711EB2}.Debug 2027|x86.ActiveCfg = Debug 2027|x64
		{97FD6679-11FF-4DE5-9E66-247FF4711EB2}.Debug 2027|x86.Build.0 = Debug 2027|x64
		{97FD6679-11FF-4DE5-9E66-247FF4711EB2}.Release 2027|x64.ActiveCfg = Release 2027|x64
		{97FD6679-11FF-4DE5-9E66-247FF4711EB2}.Release 2027|x64.Build.0 = Release 2027|x64
		{97FD6679-11FF-4DE5-9E66-247FF4711EB2}.Release 2027|Any CPU.ActiveCfg = Release 2027|x64
		{97FD6679-11FF-4DE5-9E66-247FF4711EB2}.Release 2027|Any CPU.Build.0 = Release 2027|x64
		{97FD6679-11FF-4DE5-9E66-247FF4711EB2}.Release 2027|x86.ActiveCfg = Release 2027|x64
		{97FD6679-11FF-4DE5-9E66-247FF4711EB2}.Release 2027|x86.Build.0 = Release 2027|x64
		{97FD6679-11FF-4DE5-9E66-247FF4711EB2}.Debug|x64.ActiveCfg = Debug 2027|x64
		{97FD6679-11FF-4DE5-9E66-247FF4711EB2}.Debug|x64.Build.0 = Debug 2027|x64
		{97FD6679-11FF-4DE5-9E66-247FF4711EB2}.Debug|Any CPU.ActiveCfg = Debug 2027|x64
		{97FD6679-11FF-4DE5-9E66-247FF4711EB2}.Debug|Any CPU.Build.0 = Debug 2027|x64
		{97FD6679-11FF-4DE5-9E66-247FF4711EB2}.Debug|x86.ActiveCfg = Debug 2027|x64
		{97FD6679-11FF-4DE5-9E66-247FF4711EB2}.Debug|x86.Build.0 = Debug 2027|x64
		{97FD6679-11FF-4DE5-9E66-247FF4711EB2}.Release|x64.ActiveCfg = Debug 2027|x64
		{97FD6679-11FF-4DE5-9E66-247FF4711EB2}.Release|x64.Build.0 = Debug 2027|x64
		{97FD6679-11FF-4DE5-9E66-247FF4711EB2}.Release|Any CPU.ActiveCfg = Debug 2027|x64
		{97FD6679-11FF-4DE5-9E66-247FF4711EB2}.Release|Any CPU.Build.0 = Debug 2027|x64
		{97FD6679-11FF-4DE5-9E66-247FF4711EB2}.Release|x86.ActiveCfg = Debug 2027|x64
		{97FD6679-11FF-4DE5-9E66-247FF4711EB2}.Release|x86.Build.0 = Debug 2027|x64
		{1DF7C046-149C-49C4-98A2-4B82CE252E88}.Debug 2027|x64.ActiveCfg = Debug 2027|x64
		{1DF7C046-149C-49C4-98A2-4B82CE252E88}.Debug 2027|x64.Build.0 = Debug 2027|x64
		{1DF7C046-149C-49C4-98A2-4B82CE252E88}.Debug 2027|Any CPU.ActiveCfg = Debug 2027|x64
		{1DF7C046-149C-49C4-98A2-4B82CE252E88}.Debug 2027|Any CPU.Build.0 = Debug 2027|x64
		{1DF7C046-149C-49C4-98A2-4B82CE252E88}.Debug 2027|x86.ActiveCfg = Debug 2027|x64
		{1DF7C046-149C-49C4-98A2-4B82CE252E88}.Debug 2027|x86.Build.0 = Debug 2027|x64
		{1DF7C046-149C-49C4-98A2-4B82CE252E88}.Release 2027|x64.ActiveCfg = Release 2027|x64
		{1DF7C046-149C-49C4-98A2-4B82CE252E88}.Release 2027|x64.Build.0 = Release 2027|x64
		{1DF7C046-149C-49C4-98A2-4B82CE252E88}.Release 2027|Any CPU.ActiveCfg = Release 2027|x64
		{1DF7C046-149C-49C4-98A2-4B82CE252E88}.Release 2027|Any CPU.Build.0 = Release 2027|x64
		{1DF7C046-149C-49C4-98A2-4B82CE252E88}.Release 2027|x86.ActiveCfg = Release 2027|x64
		{1DF7C046-149C-49C4-98A2-4B82CE252E88}.Release 2027|x86.Build.0 = Release 2027|x64
		{1DF7C046-149C-49C4-98A2-4B82CE252E88}.Debug|x64.ActiveCfg = Debug 2027|x64
		{1DF7C046-149C-49C4-98A2-4B82CE252E88}.Debug|x64.Build.0 = Debug 2027|x64
		{1DF7C046-149C-49C4-98A2-4B82CE252E88}.Debug|Any CPU.ActiveCfg = Debug 2027|x64
		{1DF7C046-149C-49C4-98A2-4B82CE252E88}.Debug|Any CPU.Build.0 = Debug 2027|x64
		{1DF7C046-149C-49C4-98A2-4B82CE252E88}.Debug|x86.ActiveCfg = Debug 2027|x64
		{1DF7C046-149C-49C4-98A2-4B82CE252E88}.Debug|x86.Build.0 = Debug 2027|x64
		{1DF7C046-149C-49C4-98A2-4B82CE252E88}.Release|x64.ActiveCfg = Debug 2027|x64
		{1DF7C046-149C-49C4-98A2-4B82CE252E88}.Release|x64.Build.0 = Debug 2027|x64
		{1DF7C046-149C-49C4-98A2-4B82CE252E88}.Release|Any CPU.ActiveCfg = Debug 2027|x64
		{1DF7C046-149C-49C4-98A2-4B82CE252E88}.Release|Any CPU.Build.0 = Debug 2027|x64
		{1DF7C046-149C-49C4-98A2-4B82CE252E88}.Release|x86.ActiveCfg = Debug 2027|x64
		{1DF7C046-149C-49C4-98A2-4B82CE252E88}.Release|x86.Build.0 = Debug 2027|x64
		{3A52C48E-0BAA-4FC6-9C28-DBCEA7E9B18C}.Debug 2027|x64.ActiveCfg = Debug 2027|x64
		{3A52C48E-0BAA-4FC6-9C28-DBCEA7E9B18C}.Debug 2027|x64.Build.0 = Debug 2027|x64
		{3A52C48E-0BAA-4FC6-9C28-DBCEA7E9B18C}.Debug 2027|Any CPU.ActiveCfg = Debug 2027|x64
		{3A52C48E-0BAA-4FC6-9C28-DBCEA7E9B18C}.Debug 2027|Any CPU.Build.0 = Debug 2027|x64
		{3A52C48E-0BAA-4FC6-9C28-DBCEA7E9B18C}.Debug 2027|x86.ActiveCfg = Debug 2027|x64
		{3A52C48E-0BAA-4FC6-9C28-DBCEA7E9B18C}.Debug 2027|x86.Build.0 = Debug 2027|x64
		{3A52C48E-0BAA-4FC6-9C28-DBCEA7E9B18C}.Release 2027|x64.ActiveCfg = Release 2027|x64
		{3A52C48E-0BAA-4FC6-9C28-DBCEA7E9B18C}.Release 2027|x64.Build.0 = Release 2027|x64
		{3A52C48E-0BAA-4FC6-9C28-DBCEA7E9B18C}.Release 2027|Any CPU.ActiveCfg = Release 2027|x64
		{3A52C48E-0BAA-4FC6-9C28-DBCEA7E9B18C}.Release 2027|Any CPU.Build.0 = Release 2027|x64
		{3A52C48E-0BAA-4FC6-9C28-DBCEA7E9B18C}.Release 2027|x86.ActiveCfg = Release 2027|x64
		{3A52C48E-0BAA-4FC6-9C28-DBCEA7E9B18C}.Release 2027|x86.Build.0 = Release 2027|x64
		{3A52C48E-0BAA-4FC6-9C28-DBCEA7E9B18C}.Debug|x64.ActiveCfg = Debug 2027|x64
		{3A52C48E-0BAA-4FC6-9C28-DBCEA7E9B18C}.Debug|x64.Build.0 = Debug 2027|x64
		{3A52C48E-0BAA-4FC6-9C28-DBCEA7E9B18C}.Debug|Any CPU.ActiveCfg = Debug 2027|x64
		{3A52C48E-0BAA-4FC6-9C28-DBCEA7E9B18C}.Debug|Any CPU.Build.0 = Debug 2027|x64
		{3A52C48E-0BAA-4FC6-9C28-DBCEA7E9B18C}.Debug|x86.ActiveCfg = Debug 2027|x64
		{3A52C48E-0BAA-4FC6-9C28-DBCEA7E9B18C}.Debug|x86.Build.0 = Debug 2027|x64
		{3A52C48E-0BAA-4FC6-9C28-DBCEA7E9B18C}.Release|x64.ActiveCfg = Debug 2027|x64
		{3A52C48E-0BAA-4FC6-9C28-DBCEA7E9B18C}.Release|x64.Build.0 = Debug 2027|x64
		{3A52C48E-0BAA-4FC6-9C28-DBCEA7E9B18C}.Release|Any CPU.ActiveCfg = Debug 2027|x64
		{3A52C48E-0BAA-4FC6-9C28-DBCEA7E9B18C}.Release|Any CPU.Build.0 = Debug 2027|x64
		{3A52C48E-0BAA-4FC6-9C28-DBCEA7E9B18C}.Release|x86.ActiveCfg = Debug 2027|x64
		{3A52C48E-0BAA-4FC6-9C28-DBCEA7E9B18C}.Release|x86.Build.0 = Debug 2027|x64
		{9C435039-6BC6-4833-B111-7B1A16219C64}.Debug 2027|x64.ActiveCfg = Debug 2027|x64
		{9C435039-6BC6-4833-B111-7B1A16219C64}.Debug 2027|x64.Build.0 = Debug 2027|x64
		{9C435039-6BC6-4833-B111-7B1A16219C64}.Debug 2027|Any CPU.ActiveCfg = Debug 2027|x64
		{9C435039-6BC6-4833-B111-7B1A16219C64}.Debug 2027|Any CPU.Build.0 = Debug 2027|x64
		{9C435039-6BC6-4833-B111-7B1A16219C64}.Debug 2027|x86.ActiveCfg = Debug 2027|x64
		{9C435039-6BC6-4833-B111-7B1A16219C64}.Debug 2027|x86.Build.0 = Debug 2027|x64
		{9C435039-6BC6-4833-B111-7B1A16219C64}.Release 2027|x64.ActiveCfg = Release 2027|x64
		{9C435039-6BC6-4833-B111-7B1A16219C64}.Release 2027|x64.Build.0 = Release 2027|x64
		{9C435039-6BC6-4833-B111-7B1A16219C64}.Release 2027|Any CPU.ActiveCfg = Release 2027|x64
		{9C435039-6BC6-4833-B111-7B1A16219C64}.Release 2027|Any CPU.Build.0 = Release 2027|x64
		{9C435039-6BC6-4833-B111-7B1A16219C64}.Release 2027|x86.ActiveCfg = Release 2027|x64
		{9C435039-6BC6-4833-B111-7B1A16219C64}.Release 2027|x86.Build.0 = Release 2027|x64
		{9C435039-6BC6-4833-B111-7B1A16219C64}.Debug|x64.ActiveCfg = Debug 2027|x64
		{9C435039-6BC6-4833-B111-7B1A16219C64}.Debug|x64.Build.0 = Debug 2027|x64
		{9C435039-6BC6-4833-B111-7B1A16219C64}.Debug|Any CPU.ActiveCfg = Debug 2027|x64
		{9C435039-6BC6-4833-B111-7B1A16219C64}.Debug|Any CPU.Build.0 = Debug 2027|x64
		{9C435039-6BC6-4833-B111-7B1A16219C64}.Debug|x86.ActiveCfg = Debug 2027|x64
		{9C435039-6BC6-4833-B111-7B1A16219C64}.Debug|x86.Build.0 = Debug 2027|x64
		{9C435039-6BC6-4833-B111-7B1A16219C64}.Release|x64.ActiveCfg = Debug 2027|x64
		{9C435039-6BC6-4833-B111-7B1A16219C64}.Release|x64.Build.0 = Debug 2027|x64
		{9C435039-6BC6-4833-B111-7B1A16219C64}.Release|Any CPU.ActiveCfg = Debug 2027|x64
		{9C435039-6BC6-4833-B111-7B1A16219C64}.Release|Any CPU.Build.0 = Debug 2027|x64
		{9C435039-6BC6-4833-B111-7B1A16219C64}.Release|x86.ActiveCfg = Debug 2027|x64
		{9C435039-6BC6-4833-B111-7B1A16219C64}.Release|x86.Build.0 = Debug 2027|x64
		{8EFD26E9-0F30-4AB5-A74C-E50A804997D5}.Debug 2027|x64.ActiveCfg = Debug|x64
		{8EFD26E9-0F30-4AB5-A74C-E50A804997D5}.Debug 2027|x64.Build.0 = Debug|x64
		{8EFD26E9-0F30-4AB5-A74C-E50A804997D5}.Debug 2027|Any CPU.ActiveCfg = Debug|x64
		{8EFD26E9-0F30-4AB5-A74C-E50A804997D5}.Debug 2027|Any CPU.Build.0 = Debug|x64
		{8EFD26E9-0F30-4AB5-A74C-E50A804997D5}.Debug 2027|x86.ActiveCfg = Debug|x64
		{8EFD26E9-0F30-4AB5-A74C-E50A804997D5}.Debug 2027|x86.Build.0 = Debug|x64
		{8EFD26E9-0F30-4AB5-A74C-E50A804997D5}.Release 2027|x64.ActiveCfg = Debug|x64
		{8EFD26E9-0F30-4AB5-A74C-E50A804997D5}.Release 2027|x64.Build.0 = Debug|x64
		{8EFD26E9-0F30-4AB5-A74C-E50A804997D5}.Release 2027|Any CPU.ActiveCfg = Debug|x64
		{8EFD26E9-0F30-4AB5-A74C-E50A804997D5}.Release 2027|Any CPU.Build.0 = Debug|x64
		{8EFD26E9-0F30-4AB5-A74C-E50A804997D5}.Release 2027|x86.ActiveCfg = Debug|x64
		{8EFD26E9-0F30-4AB5-A74C-E50A804997D5}.Release 2027|x86.Build.0 = Debug|x64
		{8EFD26E9-0F30-4AB5-A74C-E50A804997D5}.Debug|x64.ActiveCfg = Debug|x64
		{8EFD26E9-0F30-4AB5-A74C-E50A804997D5}.Debug|x64.Build.0 = Debug|x64
		{8EFD26E9-0F30-4AB5-A74C-E50A804997D5}.Debug|Any CPU.ActiveCfg = Debug|x64
		{8EFD26E9-0F30-4AB5-A74C-E50A804997D5}.Debug|Any CPU.Build.0 = Debug|x64
		{8EFD26E9-0F30-4AB5-A74C-E50A804997D5}.Debug|x86.ActiveCfg = Debug|x64
		{8EFD26E9-0F30-4AB5-A74C-E50A804997D5}.Debug|x86.Build.0 = Debug|x64
		{8EFD26E9-0F30-4AB5-A74C-E50A804997D5}.Release|x64.ActiveCfg = Release|x64
		{8EFD26E9-0F30-4AB5-A74C-E50A804997D5}.Release|x64.Build.0 = Release|x64
		{8EFD26E9-0F30-4AB5-A74C-E50A804997D5}.Release|Any CPU.ActiveCfg = Release|x64
		{8EFD26E9-0F30-4AB5-A74C-E50A804997D5}.Release|Any CPU.Build.0 = Release|x64
		{8EFD26E9-0F30-4AB5-A74C-E50A804997D5}.Release|x86.ActiveCfg = Release|x64
		{8EFD26E9-0F30-4AB5-A74C-E50A804997D5}.Release|x86.Build.0 = Release|x64
		{38F4DDB6-9754-4410-AE33-695A2AADC1A4}.Debug 2027|x64.ActiveCfg = Debug|x64
		{38F4DDB6-9754-4410-AE33-695A2AADC1A4}.Debug 2027|x64.Build.0 = Debug|x64
		{38F4DDB6-9754-4410-AE33-695A2AADC1A4}.Debug 2027|Any CPU.ActiveCfg = Debug|x64
		{38F4DDB6-9754-4410-AE33-695A2AADC1A4}.Debug 2027|Any CPU.Build.0 = Debug|x64
		{38F4DDB6-9754-4410-AE33-695A2AADC1A4}.Debug 2027|x86.ActiveCfg = Debug|x64
		{38F4DDB6-9754-4410-AE33-695A2AADC1A4}.Debug 2027|x86.Build.0 = Debug|x64
		{38F4DDB6-9754-4410-AE33-695A2AADC1A4}.Release 2027|x64.ActiveCfg = Debug|x64
		{38F4DDB6-9754-4410-AE33-695A2AADC1A4}.Release 2027|x64.Build.0 = Debug|x64
		{38F4DDB6-9754-4410-AE33-695A2AADC1A4}.Release 2027|Any CPU.ActiveCfg = Debug|x64
		{38F4DDB6-9754-4410-AE33-695A2AADC1A4}.Release 2027|Any CPU.Build.0 = Debug|x64
		{38F4DDB6-9754-4410-AE33-695A2AADC1A4}.Release 2027|x86.ActiveCfg = Debug|x64
		{38F4DDB6-9754-4410-AE33-695A2AADC1A4}.Release 2027|x86.Build.0 = Debug|x64
		{38F4DDB6-9754-4410-AE33-695A2AADC1A4}.Debug|x64.ActiveCfg = Debug|x64
		{38F4DDB6-9754-4410-AE33-695A2AADC1A4}.Debug|x64.Build.0 = Debug|x64
		{38F4DDB6-9754-4410-AE33-695A2AADC1A4}.Debug|Any CPU.ActiveCfg = Debug|x64
		{38F4DDB6-9754-4410-AE33-695A2AADC1A4}.Debug|Any CPU.Build.0 = Debug|x64
		{38F4DDB6-9754-4410-AE33-695A2AADC1A4}.Debug|x86.ActiveCfg = Debug|x64
		{38F4DDB6-9754-4410-AE33-695A2AADC1A4}.Debug|x86.Build.0 = Debug|x64
		{38F4DDB6-9754-4410-AE33-695A2AADC1A4}.Release|x64.ActiveCfg = Release|x64
		{38F4DDB6-9754-4410-AE33-695A2AADC1A4}.Release|x64.Build.0 = Release|x64
		{38F4DDB6-9754-4410-AE33-695A2AADC1A4}.Release|Any CPU.ActiveCfg = Release|x64
		{38F4DDB6-9754-4410-AE33-695A2AADC1A4}.Release|Any CPU.Build.0 = Release|x64
		{38F4DDB6-9754-4410-AE33-695A2AADC1A4}.Release|x86.ActiveCfg = Release|x64
		{38F4DDB6-9754-4410-AE33-695A2AADC1A4}.Release|x86.Build.0 = Release|x64
		{3DD0BA2D-EFD1-46D0-8A87-8762623D2E69}.Debug 2027|x64.ActiveCfg = Debug|x64
		{3DD0BA2D-EFD1-46D0-8A87-8762623D2E69}.Debug 2027|x64.Build.0 = Debug|x64
		{3DD0BA2D-EFD1-46D0-8A87-8762623D2E69}.Debug 2027|Any CPU.ActiveCfg = Debug|x64
		{3DD0BA2D-EFD1-46D0-8A87-8762623D2E69}.Debug 2027|Any CPU.Build.0 = Debug|x64
		{3DD0BA2D-EFD1-46D0-8A87-8762623D2E69}.Debug 2027|x86.ActiveCfg = Debug|x64
		{3DD0BA2D-EFD1-46D0-8A87-8762623D2E69}.Debug 2027|x86.Build.0 = Debug|x64
		{3DD0BA2D-EFD1-46D0-8A87-8762623D2E69}.Release 2027|x64.ActiveCfg = Debug|x64
		{3DD0BA2D-EFD1-46D0-8A87-8762623D2E69}.Release 2027|x64.Build.0 = Debug|x64
		{3DD0BA2D-EFD1-46D0-8A87-8762623D2E69}.Release 2027|Any CPU.ActiveCfg = Debug|x64
		{3DD0BA2D-EFD1-46D0-8A87-8762623D2E69}.Release 2027|Any CPU.Build.0 = Debug|x64
		{3DD0BA2D-EFD1-46D0-8A87-8762623D2E69}.Release 2027|x86.ActiveCfg = Debug|x64
		{3DD0BA2D-EFD1-46D0-8A87-8762623D2E69}.Release 2027|x86.Build.0 = Debug|x64
		{3DD0BA2D-EFD1-46D0-8A87-8762623D2E69}.Debug|x64.ActiveCfg = Debug|x64
		{3DD0BA2D-EFD1-46D0-8A87-8762623D2E69}.Debug|x64.Build.0 = Debug|x64
		{3DD0BA2D-EFD1-46D0-8A87-8762623D2E69}.Debug|Any CPU.ActiveCfg = Debug|x64
		{3DD0BA2D-EFD1-46D0-8A87-8762623D2E69}.Debug|Any CPU.Build.0 = Debug|x64
		{3DD0BA2D-EFD1-46D0-8A87-8762623D2E69}.Debug|x86.ActiveCfg = Debug|x64
		{3DD0BA2D-EFD1-46D0-8A87-8762623D2E69}.Debug|x86.Build.0 = Debug|x64
		{3DD0BA2D-EFD1-46D0-8A87-8762623D2E69}.Release|x64.ActiveCfg = Release|x64
		{3DD0BA2D-EFD1-46D0-8A87-8762623D2E69}.Release|x64.Build.0 = Release|x64
		{3DD0BA2D-EFD1-46D0-8A87-8762623D2E69}.Release|Any CPU.ActiveCfg = Release|x64
		{3DD0BA2D-EFD1-46D0-8A87-8762623D2E69}.Release|Any CPU.Build.0 = Release|x64
		{3DD0BA2D-EFD1-46D0-8A87-8762623D2E69}.Release|x86.ActiveCfg = Release|x64
		{3DD0BA2D-EFD1-46D0-8A87-8762623D2E69}.Release|x86.Build.0 = Release|x64
		{51DA1666-A07F-46CA-9DF6-5C8FA5CEE70A}.Debug 2027|x64.ActiveCfg = Debug|Any CPU
		{51DA1666-A07F-46CA-9DF6-5C8FA5CEE70A}.Debug 2027|x64.Build.0 = Debug|Any CPU
		{51DA1666-A07F-46CA-9DF6-5C8FA5CEE70A}.Debug 2027|Any CPU.ActiveCfg = Debug|Any CPU
		{51DA1666-A07F-46CA-9DF6-5C8FA5CEE70A}.Debug 2027|Any CPU.Build.0 = Debug|Any CPU
		{51DA1666-A07F-46CA-9DF6-5C8FA5CEE70A}.Debug 2027|x86.ActiveCfg = Debug|Any CPU
		{51DA1666-A07F-46CA-9DF6-5C8FA5CEE70A}.Debug 2027|x86.Build.0 = Debug|Any CPU
		{51DA1666-A07F-46CA-9DF6-5C8FA5CEE70A}.Release 2027|x64.ActiveCfg = Debug|Any CPU
		{51DA1666-A07F-46CA-9DF6-5C8FA5CEE70A}.Release 2027|x64.Build.0 = Debug|Any CPU
		{51DA1666-A07F-46CA-9DF6-5C8FA5CEE70A}.Release 2027|Any CPU.ActiveCfg = Debug|Any CPU
		{51DA1666-A07F-46CA-9DF6-5C8FA5CEE70A}.Release 2027|Any CPU.Build.0 = Debug|Any CPU
		{51DA1666-A07F-46CA-9DF6-5C8FA5CEE70A}.Release 2027|x86.ActiveCfg = Debug|Any CPU
		{51DA1666-A07F-46CA-9DF6-5C8FA5CEE70A}.Release 2027|x86.Build.0 = Debug|Any CPU
		{51DA1666-A07F-46CA-9DF6-5C8FA5CEE70A}.Debug|x64.ActiveCfg = Debug|Any CPU
		{51DA1666-A07F-46CA-9DF6-5C8FA5CEE70A}.Debug|x64.Build.0 = Debug|Any CPU
		{51DA1666-A07F-46CA-9DF6-5C8FA5CEE70A}.Debug|Any CPU.ActiveCfg = Debug|Any CPU
		{51DA1666-A07F-46CA-9DF6-5C8FA5CEE70A}.Debug|Any CPU.Build.0 = Debug|Any CPU
		{51DA1666-A07F-46CA-9DF6-5C8FA5CEE70A}.Debug|x86.ActiveCfg = Debug|Any CPU
		{51DA1666-A07F-46CA-9DF6-5C8FA5CEE70A}.Debug|x86.Build.0 = Debug|Any CPU
		{51DA1666-A07F-46CA-9DF6-5C8FA5CEE70A}.Release|x64.ActiveCfg = Release|Any CPU
		{51DA1666-A07F-46CA-9DF6-5C8FA5CEE70A}.Release|x64.Build.0 = Release|Any CPU
		{51DA1666-A07F-46CA-9DF6-5C8FA5CEE70A}.Release|Any CPU.ActiveCfg = Release|Any CPU
		{51DA1666-A07F-46CA-9DF6-5C8FA5CEE70A}.Release|Any CPU.Build.0 = Release|Any CPU
		{51DA1666-A07F-46CA-9DF6-5C8FA5CEE70A}.Release|x86.ActiveCfg = Release|Any CPU
		{51DA1666-A07F-46CA-9DF6-5C8FA5CEE70A}.Release|x86.Build.0 = Release|Any CPU
		{ECCDB685-663A-4EE2-BC62-B22E6D0B54CE}.Debug 2027|x64.ActiveCfg = Debug|x64
		{ECCDB685-663A-4EE2-BC62-B22E6D0B54CE}.Debug 2027|x64.Build.0 = Debug|x64
		{ECCDB685-663A-4EE2-BC62-B22E6D0B54CE}.Debug 2027|Any CPU.ActiveCfg = Debug|x64
		{ECCDB685-663A-4EE2-BC62-B22E6D0B54CE}.Debug 2027|Any CPU.Build.0 = Debug|x64
		{ECCDB685-663A-4EE2-BC62-B22E6D0B54CE}.Debug 2027|x86.ActiveCfg = Debug|x64
		{ECCDB685-663A-4EE2-BC62-B22E6D0B54CE}.Debug 2027|x86.Build.0 = Debug|x64
		{ECCDB685-663A-4EE2-BC62-B22E6D0B54CE}.Release 2027|x64.ActiveCfg = Debug|x64
		{ECCDB685-663A-4EE2-BC62-B22E6D0B54CE}.Release 2027|x64.Build.0 = Debug|x64
		{ECCDB685-663A-4EE2-BC62-B22E6D0B54CE}.Release 2027|Any CPU.ActiveCfg = Debug|x64
		{ECCDB685-663A-4EE2-BC62-B22E6D0B54CE}.Release 2027|Any CPU.Build.0 = Debug|x64
		{ECCDB685-663A-4EE2-BC62-B22E6D0B54CE}.Release 2027|x86.ActiveCfg = Debug|x64
		{ECCDB685-663A-4EE2-BC62-B22E6D0B54CE}.Release 2027|x86.Build.0 = Debug|x64
		{ECCDB685-663A-4EE2-BC62-B22E6D0B54CE}.Debug|x64.ActiveCfg = Debug|x64
		{ECCDB685-663A-4EE2-BC62-B22E6D0B54CE}.Debug|x64.Build.0 = Debug|x64
		{ECCDB685-663A-4EE2-BC62-B22E6D0B54CE}.Debug|Any CPU.ActiveCfg = Debug|x64
		{ECCDB685-663A-4EE2-BC62-B22E6D0B54CE}.Debug|Any CPU.Build.0 = Debug|x64
		{ECCDB685-663A-4EE2-BC62-B22E6D0B54CE}.Debug|x86.ActiveCfg = Debug|x64
		{ECCDB685-663A-4EE2-BC62-B22E6D0B54CE}.Debug|x86.Build.0 = Debug|x64
		{ECCDB685-663A-4EE2-BC62-B22E6D0B54CE}.Release|x64.ActiveCfg = Release|x64
		{ECCDB685-663A-4EE2-BC62-B22E6D0B54CE}.Release|x64.Build.0 = Release|x64
		{ECCDB685-663A-4EE2-BC62-B22E6D0B54CE}.Release|Any CPU.ActiveCfg = Release|x64
		{ECCDB685-663A-4EE2-BC62-B22E6D0B54CE}.Release|Any CPU.Build.0 = Release|x64
		{ECCDB685-663A-4EE2-BC62-B22E6D0B54CE}.Release|x86.ActiveCfg = Release|x64
		{ECCDB685-663A-4EE2-BC62-B22E6D0B54CE}.Release|x86.Build.0 = Release|x64
		{368EA075-BA9B-44F8-B645-3D412B0D6858}.Debug 2027|x64.ActiveCfg = Debug|Any CPU
		{368EA075-BA9B-44F8-B645-3D412B0D6858}.Debug 2027|x64.Build.0 = Debug|Any CPU
		{368EA075-BA9B-44F8-B645-3D412B0D6858}.Debug 2027|Any CPU.ActiveCfg = Debug|Any CPU
		{368EA075-BA9B-44F8-B645-3D412B0D6858}.Debug 2027|Any CPU.Build.0 = Debug|Any CPU
		{368EA075-BA9B-44F8-B645-3D412B0D6858}.Debug 2027|x86.ActiveCfg = Debug|Any CPU
		{368EA075-BA9B-44F8-B645-3D412B0D6858}.Debug 2027|x86.Build.0 = Debug|Any CPU
		{368EA075-BA9B-44F8-B645-3D412B0D6858}.Release 2027|x64.ActiveCfg = Debug|Any CPU
		{368EA075-BA9B-44F8-B645-3D412B0D6858}.Release 2027|x64.Build.0 = Debug|Any CPU
		{368EA075-BA9B-44F8-B645-3D412B0D6858}.Release 2027|Any CPU.ActiveCfg = Debug|Any CPU
		{368EA075-BA9B-44F8-B645-3D412B0D6858}.Release 2027|Any CPU.Build.0 = Debug|Any CPU
		{368EA075-BA9B-44F8-B645-3D412B0D6858}.Release 2027|x86.ActiveCfg = Debug|Any CPU
		{368EA075-BA9B-44F8-B645-3D412B0D6858}.Release 2027|x86.Build.0 = Debug|Any CPU
		{368EA075-BA9B-44F8-B645-3D412B0D6858}.Debug|x64.ActiveCfg = Debug|Any CPU
		{368EA075-BA9B-44F8-B645-3D412B0D6858}.Debug|x64.Build.0 = Debug|Any CPU
		{368EA075-BA9B-44F8-B645-3D412B0D6858}.Debug|Any CPU.ActiveCfg = Debug|Any CPU
		{368EA075-BA9B-44F8-B645-3D412B0D6858}.Debug|Any CPU.Build.0 = Debug|Any CPU
		{368EA075-BA9B-44F8-B645-3D412B0D6858}.Debug|x86.ActiveCfg = Debug|Any CPU
		{368EA075-BA9B-44F8-B645-3D412B0D6858}.Debug|x86.Build.0 = Debug|Any CPU
		{368EA075-BA9B-44F8-B645-3D412B0D6858}.Release|x64.ActiveCfg = Release|Any CPU
		{368EA075-BA9B-44F8-B645-3D412B0D6858}.Release|x64.Build.0 = Release|Any CPU
		{368EA075-BA9B-44F8-B645-3D412B0D6858}.Release|Any CPU.ActiveCfg = Release|Any CPU
		{368EA075-BA9B-44F8-B645-3D412B0D6858}.Release|Any CPU.Build.0 = Release|Any CPU
		{368EA075-BA9B-44F8-B645-3D412B0D6858}.Release|x86.ActiveCfg = Release|Any CPU
		{368EA075-BA9B-44F8-B645-3D412B0D6858}.Release|x86.Build.0 = Release|Any CPU
		{2F39124E-517F-4C38-97F5-321147008704}.Debug 2027|x64.ActiveCfg = Debug|Any CPU
		{2F39124E-517F-4C38-97F5-321147008704}.Debug 2027|x64.Build.0 = Debug|Any CPU
		{2F39124E-517F-4C38-97F5-321147008704}.Debug 2027|Any CPU.ActiveCfg = Debug|Any CPU
		{2F39124E-517F-4C38-97F5-321147008704}.Debug 2027|Any CPU.Build.0 = Debug|Any CPU
		{2F39124E-517F-4C38-97F5-321147008704}.Debug 2027|x86.ActiveCfg = Debug|Any CPU
		{2F39124E-517F-4C38-97F5-321147008704}.Debug 2027|x86.Build.0 = Debug|Any CPU
		{2F39124E-517F-4C38-97F5-321147008704}.Release 2027|x64.ActiveCfg = Debug|Any CPU
		{2F39124E-517F-4C38-97F5-321147008704}.Release 2027|x64.Build.0 = Debug|Any CPU
		{2F39124E-517F-4C38-97F5-321147008704}.Release 2027|Any CPU.ActiveCfg = Debug|Any CPU
		{2F39124E-517F-4C38-97F5-321147008704}.Release 2027|Any CPU.Build.0 = Debug|Any CPU
		{2F39124E-517F-4C38-97F5-321147008704}.Release 2027|x86.ActiveCfg = Debug|Any CPU
		{2F39124E-517F-4C38-97F5-321147008704}.Release 2027|x86.Build.0 = Debug|Any CPU
		{2F39124E-517F-4C38-97F5-321147008704}.Debug|x64.ActiveCfg = Debug|Any CPU
		{2F39124E-517F-4C38-97F5-321147008704}.Debug|x64.Build.0 = Debug|Any CPU
		{2F39124E-517F-4C38-97F5-321147008704}.Debug|Any CPU.ActiveCfg = Debug|Any CPU
		{2F39124E-517F-4C38-97F5-321147008704}.Debug|Any CPU.Build.0 = Debug|Any CPU
		{2F39124E-517F-4C38-97F5-321147008704}.Debug|x86.ActiveCfg = Debug|Any CPU
		{2F39124E-517F-4C38-97F5-321147008704}.Debug|x86.Build.0 = Debug|Any CPU
		{2F39124E-517F-4C38-97F5-321147008704}.Release|x64.ActiveCfg = Release|Any CPU
		{2F39124E-517F-4C38-97F5-321147008704}.Release|x64.Build.0 = Release|Any CPU
		{2F39124E-517F-4C38-97F5-321147008704}.Release|Any CPU.ActiveCfg = Release|Any CPU
		{2F39124E-517F-4C38-97F5-321147008704}.Release|Any CPU.Build.0 = Release|Any CPU
		{2F39124E-517F-4C38-97F5-321147008704}.Release|x86.ActiveCfg = Release|Any CPU
		{2F39124E-517F-4C38-97F5-321147008704}.Release|x86.Build.0 = Release|Any CPU
		{68918028-B7EB-46B1-AFCB-C093B2E2945A}.Debug 2027|x64.ActiveCfg = Debug|x64
		{68918028-B7EB-46B1-AFCB-C093B2E2945A}.Debug 2027|x64.Build.0 = Debug|x64
		{68918028-B7EB-46B1-AFCB-C093B2E2945A}.Debug 2027|Any CPU.ActiveCfg = Debug|x64
		{68918028-B7EB-46B1-AFCB-C093B2E2945A}.Debug 2027|Any CPU.Build.0 = Debug|x64
		{68918028-B7EB-46B1-AFCB-C093B2E2945A}.Debug 2027|x86.ActiveCfg = Debug|x64
		{68918028-B7EB-46B1-AFCB-C093B2E2945A}.Debug 2027|x86.Build.0 = Debug|x64
		{68918028-B7EB-46B1-AFCB-C093B2E2945A}.Release 2027|x64.ActiveCfg = Debug|x64
		{68918028-B7EB-46B1-AFCB-C093B2E2945A}.Release 2027|x64.Build.0 = Debug|x64
		{68918028-B7EB-46B1-AFCB-C093B2E2945A}.Release 2027|Any CPU.ActiveCfg = Debug|x64
		{68918028-B7EB-46B1-AFCB-C093B2E2945A}.Release 2027|Any CPU.Build.0 = Debug|x64
		{68918028-B7EB-46B1-AFCB-C093B2E2945A}.Release 2027|x86.ActiveCfg = Debug|x64
		{68918028-B7EB-46B1-AFCB-C093B2E2945A}.Release 2027|x86.Build.0 = Debug|x64
		{68918028-B7EB-46B1-AFCB-C093B2E2945A}.Debug|x64.ActiveCfg = Debug|x64
		{68918028-B7EB-46B1-AFCB-C093B2E2945A}.Debug|x64.Build.0 = Debug|x64
		{68918028-B7EB-46B1-AFCB-C093B2E2945A}.Debug|Any CPU.ActiveCfg = Debug|x64
		{68918028-B7EB-46B1-AFCB-C093B2E2945A}.Debug|Any CPU.Build.0 = Debug|x64
		{68918028-B7EB-46B1-AFCB-C093B2E2945A}.Debug|x86.ActiveCfg = Debug|x64
		{68918028-B7EB-46B1-AFCB-C093B2E2945A}.Debug|x86.Build.0 = Debug|x64
		{68918028-B7EB-46B1-AFCB-C093B2E2945A}.Release|x64.ActiveCfg = Release|x64
		{68918028-B7EB-46B1-AFCB-C093B2E2945A}.Release|x64.Build.0 = Release|x64
		{68918028-B7EB-46B1-AFCB-C093B2E2945A}.Release|Any CPU.ActiveCfg = Release|x64
		{68918028-B7EB-46B1-AFCB-C093B2E2945A}.Release|Any CPU.Build.0 = Release|x64
		{68918028-B7EB-46B1-AFCB-C093B2E2945A}.Release|x86.ActiveCfg = Release|x64
		{68918028-B7EB-46B1-AFCB-C093B2E2945A}.Release|x86.Build.0 = Release|x64
		{39B4F14D-9A15-412C-BC34-5150FDD0E07D}.Debug 2027|x64.ActiveCfg = Debug|x64
		{39B4F14D-9A15-412C-BC34-5150FDD0E07D}.Debug 2027|x64.Build.0 = Debug|x64
		{39B4F14D-9A15-412C-BC34-5150FDD0E07D}.Debug 2027|Any CPU.ActiveCfg = Debug|x64
		{39B4F14D-9A15-412C-BC34-5150FDD0E07D}.Debug 2027|Any CPU.Build.0 = Debug|x64
		{39B4F14D-9A15-412C-BC34-5150FDD0E07D}.Debug 2027|x86.ActiveCfg = Debug|x64
		{39B4F14D-9A15-412C-BC34-5150FDD0E07D}.Debug 2027|x86.Build.0 = Debug|x64
		{39B4F14D-9A15-412C-BC34-5150FDD0E07D}.Release 2027|x64.ActiveCfg = Debug|x64
		{39B4F14D-9A15-412C-BC34-5150FDD0E07D}.Release 2027|x64.Build.0 = Debug|x64
		{39B4F14D-9A15-412C-BC34-5150FDD0E07D}.Release 2027|Any CPU.ActiveCfg = Debug|x64
		{39B4F14D-9A15-412C-BC34-5150FDD0E07D}.Release 2027|Any CPU.Build.0 = Debug|x64
		{39B4F14D-9A15-412C-BC34-5150FDD0E07D}.Release 2027|x86.ActiveCfg = Debug|x64
		{39B4F14D-9A15-412C-BC34-5150FDD0E07D}.Release 2027|x86.Build.0 = Debug|x64
		{39B4F14D-9A15-412C-BC34-5150FDD0E07D}.Debug|x64.ActiveCfg = Debug|x64
		{39B4F14D-9A15-412C-BC34-5150FDD0E07D}.Debug|x64.Build.0 = Debug|x64
		{39B4F14D-9A15-412C-BC34-5150FDD0E07D}.Debug|Any CPU.ActiveCfg = Debug|x64
		{39B4F14D-9A15-412C-BC34-5150FDD0E07D}.Debug|Any CPU.Build.0 = Debug|x64
		{39B4F14D-9A15-412C-BC34-5150FDD0E07D}.Debug|x86.ActiveCfg = Debug|x64
		{39B4F14D-9A15-412C-BC34-5150FDD0E07D}.Debug|x86.Build.0 = Debug|x64
		{39B4F14D-9A15-412C-BC34-5150FDD0E07D}.Release|x64.ActiveCfg = Release|x64
		{39B4F14D-9A15-412C-BC34-5150FDD0E07D}.Release|x64.Build.0 = Release|x64
		{39B4F14D-9A15-412C-BC34-5150FDD0E07D}.Release|Any CPU.ActiveCfg = Release|x64
		{39B4F14D-9A15-412C-BC34-5150FDD0E07D}.Release|Any CPU.Build.0 = Release|x64
		{39B4F14D-9A15-412C-BC34-5150FDD0E07D}.Release|x86.ActiveCfg = Release|x64
		{39B4F14D-9A15-412C-BC34-5150FDD0E07D}.Release|x86.Build.0 = Release|x64
		{970ECE9E-7393-4924-9B59-AC7A3F6F7C0F}.Debug 2027|x64.ActiveCfg = Debug|x64
		{970ECE9E-7393-4924-9B59-AC7A3F6F7C0F}.Debug 2027|x64.Build.0 = Debug|x64
		{970ECE9E-7393-4924-9B59-AC7A3F6F7C0F}.Debug 2027|Any CPU.ActiveCfg = Debug|x64
		{970ECE9E-7393-4924-9B59-AC7A3F6F7C0F}.Debug 2027|Any CPU.Build.0 = Debug|x64
		{970ECE9E-7393-4924-9B59-AC7A3F6F7C0F}.Debug 2027|x86.ActiveCfg = Debug|x64
		{970ECE9E-7393-4924-9B59-AC7A3F6F7C0F}.Debug 2027|x86.Build.0 = Debug|x64
		{970ECE9E-7393-4924-9B59-AC7A3F6F7C0F}.Release 2027|x64.ActiveCfg = Debug|x64
		{970ECE9E-7393-4924-9B59-AC7A3F6F7C0F}.Release 2027|x64.Build.0 = Debug|x64
		{970ECE9E-7393-4924-9B59-AC7A3F6F7C0F}.Release 2027|Any CPU.ActiveCfg = Debug|x64
		{970ECE9E-7393-4924-9B59-AC7A3F6F7C0F}.Release 2027|Any CPU.Build.0 = Debug|x64
		{970ECE9E-7393-4924-9B59-AC7A3F6F7C0F}.Release 2027|x86.ActiveCfg = Debug|x64
		{970ECE9E-7393-4924-9B59-AC7A3F6F7C0F}.Release 2027|x86.Build.0 = Debug|x64
		{970ECE9E-7393-4924-9B59-AC7A3F6F7C0F}.Debug|x64.ActiveCfg = Debug|x64
		{970ECE9E-7393-4924-9B59-AC7A3F6F7C0F}.Debug|x64.Build.0 = Debug|x64
		{970ECE9E-7393-4924-9B59-AC7A3F6F7C0F}.Debug|Any CPU.ActiveCfg = Debug|x64
		{970ECE9E-7393-4924-9B59-AC7A3F6F7C0F}.Debug|Any CPU.Build.0 = Debug|x64
		{970ECE9E-7393-4924-9B59-AC7A3F6F7C0F}.Debug|x86.ActiveCfg = Debug|x64
		{970ECE9E-7393-4924-9B59-AC7A3F6F7C0F}.Debug|x86.Build.0 = Debug|x64
		{970ECE9E-7393-4924-9B59-AC7A3F6F7C0F}.Release|x64.ActiveCfg = Release|x64
		{970ECE9E-7393-4924-9B59-AC7A3F6F7C0F}.Release|x64.Build.0 = Release|x64
		{970ECE9E-7393-4924-9B59-AC7A3F6F7C0F}.Release|Any CPU.ActiveCfg = Release|x64
		{970ECE9E-7393-4924-9B59-AC7A3F6F7C0F}.Release|Any CPU.Build.0 = Release|x64
		{970ECE9E-7393-4924-9B59-AC7A3F6F7C0F}.Release|x86.ActiveCfg = Release|x64
		{970ECE9E-7393-4924-9B59-AC7A3F6F7C0F}.Release|x86.Build.0 = Release|x64
		{0A38102B-FA12-4AD4-ABD8-1798492CB8DF}.Debug 2027|x64.ActiveCfg = Debug|x64
		{0A38102B-FA12-4AD4-ABD8-1798492CB8DF}.Debug 2027|x64.Build.0 = Debug|x64
		{0A38102B-FA12-4AD4-ABD8-1798492CB8DF}.Debug 2027|Any CPU.ActiveCfg = Debug|x64
		{0A38102B-FA12-4AD4-ABD8-1798492CB8DF}.Debug 2027|Any CPU.Build.0 = Debug|x64
		{0A38102B-FA12-4AD4-ABD8-1798492CB8DF}.Debug 2027|x86.ActiveCfg = Debug|x64
		{0A38102B-FA12-4AD4-ABD8-1798492CB8DF}.Debug 2027|x86.Build.0 = Debug|x64
		{0A38102B-FA12-4AD4-ABD8-1798492CB8DF}.Release 2027|x64.ActiveCfg = Debug|x64
		{0A38102B-FA12-4AD4-ABD8-1798492CB8DF}.Release 2027|x64.Build.0 = Debug|x64
		{0A38102B-FA12-4AD4-ABD8-1798492CB8DF}.Release 2027|Any CPU.ActiveCfg = Debug|x64
		{0A38102B-FA12-4AD4-ABD8-1798492CB8DF}.Release 2027|Any CPU.Build.0 = Debug|x64
		{0A38102B-FA12-4AD4-ABD8-1798492CB8DF}.Release 2027|x86.ActiveCfg = Debug|x64
		{0A38102B-FA12-4AD4-ABD8-1798492CB8DF}.Release 2027|x86.Build.0 = Debug|x64
		{0A38102B-FA12-4AD4-ABD8-1798492CB8DF}.Debug|x64.ActiveCfg = Debug|x64
		{0A38102B-FA12-4AD4-ABD8-1798492CB8DF}.Debug|x64.Build.0 = Debug|x64
		{0A38102B-FA12-4AD4-ABD8-1798492CB8DF}.Debug|Any CPU.ActiveCfg = Debug|x64
		{0A38102B-FA12-4AD4-ABD8-1798492CB8DF}.Debug|Any CPU.Build.0 = Debug|x64
		{0A38102B-FA12-4AD4-ABD8-1798492CB8DF}.Debug|x86.ActiveCfg = Debug|x64
		{0A38102B-FA12-4AD4-ABD8-1798492CB8DF}.Debug|x86.Build.0 = Debug|x64
		{0A38102B-FA12-4AD4-ABD8-1798492CB8DF}.Release|x64.ActiveCfg = Release|x64
		{0A38102B-FA12-4AD4-ABD8-1798492CB8DF}.Release|x64.Build.0 = Release|x64
		{0A38102B-FA12-4AD4-ABD8-1798492CB8DF}.Release|Any CPU.ActiveCfg = Release|x64
		{0A38102B-FA12-4AD4-ABD8-1798492CB8DF}.Release|Any CPU.Build.0 = Release|x64
		{0A38102B-FA12-4AD4-ABD8-1798492CB8DF}.Release|x86.ActiveCfg = Release|x64
		{0A38102B-FA12-4AD4-ABD8-1798492CB8DF}.Release|x86.Build.0 = Release|x64
		{1937A8C9-9B63-4930-B55B-EC297F3A5F17}.Debug 2027|x64.ActiveCfg = Debug|x64
		{1937A8C9-9B63-4930-B55B-EC297F3A5F17}.Debug 2027|x64.Build.0 = Debug|x64
		{1937A8C9-9B63-4930-B55B-EC297F3A5F17}.Debug 2027|Any CPU.ActiveCfg = Debug|x64
		{1937A8C9-9B63-4930-B55B-EC297F3A5F17}.Debug 2027|Any CPU.Build.0 = Debug|x64
		{1937A8C9-9B63-4930-B55B-EC297F3A5F17}.Debug 2027|x86.ActiveCfg = Debug|x64
		{1937A8C9-9B63-4930-B55B-EC297F3A5F17}.Debug 2027|x86.Build.0 = Debug|x64
		{1937A8C9-9B63-4930-B55B-EC297F3A5F17}.Release 2027|x64.ActiveCfg = Debug|x64
		{1937A8C9-9B63-4930-B55B-EC297F3A5F17}.Release 2027|x64.Build.0 = Debug|x64
		{1937A8C9-9B63-4930-B55B-EC297F3A5F17}.Release 2027|Any CPU.ActiveCfg = Debug|x64
		{1937A8C9-9B63-4930-B55B-EC297F3A5F17}.Release 2027|Any CPU.Build.0 = Debug|x64
		{1937A8C9-9B63-4930-B55B-EC297F3A5F17}.Release 2027|x86.ActiveCfg = Debug|x64
		{1937A8C9-9B63-4930-B55B-EC297F3A5F17}.Release 2027|x86.Build.0 = Debug|x64
		{1937A8C9-9B63-4930-B55B-EC297F3A5F17}.Debug|x64.ActiveCfg = Debug|x64
		{1937A8C9-9B63-4930-B55B-EC297F3A5F17}.Debug|x64.Build.0 = Debug|x64
		{1937A8C9-9B63-4930-B55B-EC297F3A5F17}.Debug|Any CPU.ActiveCfg = Debug|x64
		{1937A8C9-9B63-4930-B55B-EC297F3A5F17}.Debug|Any CPU.Build.0 = Debug|x64
		{1937A8C9-9B63-4930-B55B-EC297F3A5F17}.Debug|x86.ActiveCfg = Debug|x64
		{1937A8C9-9B63-4930-B55B-EC297F3A5F17}.Debug|x86.Build.0 = Debug|x64
		{1937A8C9-9B63-4930-B55B-EC297F3A5F17}.Release|x64.ActiveCfg = Release|x64
		{1937A8C9-9B63-4930-B55B-EC297F3A5F17}.Release|x64.Build.0 = Release|x64
		{1937A8C9-9B63-4930-B55B-EC297F3A5F17}.Release|Any CPU.ActiveCfg = Release|x64
		{1937A8C9-9B63-4930-B55B-EC297F3A5F17}.Release|Any CPU.Build.0 = Release|x64
		{1937A8C9-9B63-4930-B55B-EC297F3A5F17}.Release|x86.ActiveCfg = Release|x64
		{1937A8C9-9B63-4930-B55B-EC297F3A5F17}.Release|x86.Build.0 = Release|x64
	EndGlobalSection
	GlobalSection(SolutionProperties) = preSolution
		HideSolutionNode = FALSE
	EndGlobalSection
	GlobalSection(NestedProjects) = preSolution
		{66803969-7C14-4EF8-95C7-0CF780C6F6D0} = {6660D920-98FD-5B06-5791-C7DBAA3B951C}
		{30ABAFF3-F87F-4816-891B-A24D3167EB85} = {4B853ACD-A685-CECF-A3BE-5DF55D29B50B}
		{08E90831-9FD9-4473-9ECC-AE0C470E49F1} = {50BCA6AE-273E-29E5-5E51-F303B36E99DF}
		{1B6DD40D-5C9F-44CC-A315-C943E86CD360} = {F4BD5FB8-FE7B-BE80-6E00-4870AA792D4E}
		{BB1A092C-8EAE-4D4B-8A5F-473636928F07} = {BEC84EC0-1A1A-FAE9-747C-A37C001EBE53}
		{C83E8083-27C0-4275-80A6-08DCDE642917} = {42119D17-E2F9-1264-F68C-68D9500D1A68}
		{A5D7797E-09EC-4563-9C57-B8646786407C} = {8AEB5BA2-B230-203B-366C-A9CCE99E040D}
		{8B29E49F-A863-4132-B4BE-7E66D03FCB00} = {3D855CC9-582C-48DA-0088-850EF2BB1D0C}
		{049B2ED5-F638-4FD8-8258-3A7E651F2FDC} = {50F213FB-106C-21CF-8907-21665F5D9E4E}
		{486F1A85-862D-4758-8AAF-D558EF77BF83} = {455F45E3-3997-9B38-97AC-4C7632F19756}
		{97FD6679-11FF-4DE5-9E66-247FF4711EB2} = {66FF753C-CE33-A72A-3B2E-76A0860CEBB6}
		{1DF7C046-149C-49C4-98A2-4B82CE252E88} = {60AB8A32-781C-2C15-C0E2-75104F290D0E}
		{3A52C48E-0BAA-4FC6-9C28-DBCEA7E9B18C} = {9B54B5FC-3474-730F-22EC-3577DDB230D6}
		{9C435039-6BC6-4833-B111-7B1A16219C64} = {5806B1E5-8075-2542-EB3B-8C13B8CF3E0D}
		{8EFD26E9-0F30-4AB5-A74C-E50A804997D5} = {1213B41E-AF84-FF53-97B9-6F64C6CCE1B5}
	EndGlobalSection
EndGlobal
