
Microsoft Visual Studio Solution File, Format Version 12.00
# Visual Studio Version 17
VisualStudioVersion = 17.0.31903.59
MinimumVisualStudioVersion = 10.0.40219.1
Project("{FAE04EC0-301F-11D3-BF4B-00C04F79EFBC}") = "ADSK.JExtRAC.EnhancedSectionBox", "EnhancedSectionBox\ADSK.JExtRAC.EnhancedSectionBox.csproj", "{2E7B1FCF-1754-4870-A87B-4E92DA5D19F3}"
EndProject
Project("{FAE04EC0-301F-11D3-BF4B-00C04F79EFBC}") = "ADSK.JExtRAC.ParameterFilter", "ParameterFilter\ADSK.JExtRAC.ParameterFilter.csproj", "{F08CE9F4-0B2D-47A2-9E72-DD52A7BA8964}"
EndProject
Project("{FAE04EC0-301F-11D3-BF4B-00C04F79EFBC}") = "ADSK.JExtRAC.ValueCopy", "ValueCopy\ADSK.JExtRAC.ValueCopy.csproj", "{7F2D9E91-C6B1-42D5-9C6C-530FD8F26340}"
EndProject
Project("{FAE04EC0-301F-11D3-BF4B-00C04F79EFBC}") = "ADSK.JExtRAC.ExportExcel", "ExportExcel\ADSK.JExtRAC.ExportExcel.csproj", "{5CB8DC98-B009-4FB0-ACFA-70DE57A2FBBB}"
EndProject
Project("{FAE04EC0-301F-11D3-BF4B-00C04F79EFBC}") = "ADSK.JExtRAC.ImportExcel", "ImportExcel\ADSK.JExtRAC.ImportExcel.csproj", "{A3D72F1E-8B45-4C9A-B6E1-7D3F92A54C80}"
EndProject
Project("{FAE04EC0-301F-11D3-BF4B-00C04F79EFBC}") = "ADSK.JExtRAC.AutomaticFloor", "AutomaticFloor\ADSK.JExtRAC.AutomaticFloor.csproj", "{B4E83A2F-9C56-4D7B-A8F3-6E2D1B5C9A47}"
EndProject
Project("{FAE04EC0-301F-11D3-BF4B-00C04F79EFBC}") = "ADSK.JExtRAC.SwitchJoinOrder", "SwitchJoinOrder\ADSK.JExtRAC.SwitchJoinOrder.csproj", "{C5F94A3E-7D28-4B6C-91E5-8A3F2D6B1C49}"
EndProject
Project("{FAE04EC0-301F-11D3-BF4B-00C04F79EFBC}") = "ADSK.JExtRAC.JoinOrderInspector", "JoinOrderInspector\ADSK.JExtRAC.JoinOrderInspector.csproj", "{D6A85B4F-3E17-4C8D-92F6-1B5A7E3C9D02}"
EndProject
Project("{FAE04EC0-301F-11D3-BF4B-00C04F79EFBC}") = "ADSK.JExtRAC.ExportSchedule", "ExportSchedule\ADSK.JExtRAC.ExportSchedule.csproj", "{7A2B8C3D-4E5F-6A7B-8C9D-0E1F2A3B4C5D}"
EndProject
Project("{FAE04EC0-301F-11D3-BF4B-00C04F79EFBC}") = "ADSK.JExtRAC.ExcelImageInsert", "ExcelImageInsert\ADSK.JExtRAC.ExcelImageInsert.csproj", "{8B3C9D4E-5F6A-7B8C-9D0E-1F2A3B4C5D6E}"
EndProject
Project("{FAE04EC0-301F-11D3-BF4B-00C04F79EFBC}") = "ADSK.JExtRAC.LevelFilter", "LevelFilter\ADSK.JExtRAC.LevelFilter.csproj", "{9C4D0E5F-6A7B-8C9D-AE0F-1A2B3C4D5E6F}"
EndProject
Project("{FAE04EC0-301F-11D3-BF4B-00C04F79EFBC}") = "ADSK.JExtRAC.AutoCreateRoomView", "AutoCreateRoomView\ADSK.JExtRAC.AutoCreateRoomView.csproj", "{A1B2C3D4-E5F6-7890-AB12-CD34EF567890}"
EndProject
Project("{FAE04EC0-301F-11D3-BF4B-00C04F79EFBC}") = "ADSK.JExtRAC.PrintRegion", "PrintRegion\ADSK.JExtRAC.PrintRegion.csproj", "{B2C3D4E5-F6A7-8901-BC23-DE45FA678901}"
EndProject
Project("{2150E333-8FDC-42A3-9474-1A3956D46DE8}") = "AutoLayoutTag", "AutoLayoutTag", "{6660D920-98FD-5B06-5791-C7DBAA3B951C}"
EndProject
Project("{FAE04EC0-301F-11D3-BF4B-00C04F79EFBC}") = "ADSK.JExtRAC.AutoLayoutTag", "AutoLayoutTag\ADSK.JExtRAC.AutoLayoutTag.csproj", "{66803969-7C14-4EF8-95C7-0CF780C6F6D0}"
EndProject
Project("{2150E333-8FDC-42A3-9474-1A3956D46DE8}") = "LayoutInstanceInRegion", "LayoutInstanceInRegion", "{4B853ACD-A685-CECF-A3BE-5DF55D29B50B}"
EndProject
Project("{FAE04EC0-301F-11D3-BF4B-00C04F79EFBC}") = "ADSK.JExtRAC.LayoutInstanceInRegion", "LayoutInstanceInRegion\ADSK.JExtRAC.LayoutInstanceInRegion.csproj", "{30ABAFF3-F87F-4816-891B-A24D3167EB85}"
EndProject
Project("{2150E333-8FDC-42A3-9474-1A3956D46DE8}") = "SheetLayout", "SheetLayout", "{50BCA6AE-273E-29E5-5E51-F303B36E99DF}"
EndProject
Project("{FAE04EC0-301F-11D3-BF4B-00C04F79EFBC}") = "ADSK.ViewExtension.SheetLayout", "SheetLayout\ADSK.ViewExtension.SheetLayout.csproj", "{08E90831-9FD9-4473-9ECC-AE0C470E49F1}"
EndProject
Project("{2150E333-8FDC-42A3-9474-1A3956D46DE8}") = "ViewDuplicate", "ViewDuplicate", "{F4BD5FB8-FE7B-BE80-6E00-4870AA792D4E}"
EndProject
Project("{FAE04EC0-301F-11D3-BF4B-00C04F79EFBC}") = "ADSK.ViewExtension.ViewDuplicate", "ViewDuplicate\ADSK.ViewExtension.ViewDuplicate.csproj", "{1B6DD40D-5C9F-44CC-A315-C943E86CD360}"
EndProject
Project("{2150E333-8FDC-42A3-9474-1A3956D46DE8}") = "TenkaiView", "TenkaiView", "{BEC84EC0-1A1A-FAE9-747C-A37C001EBE53}"
EndProject
Project("{FAE04EC0-301F-11D3-BF4B-00C04F79EFBC}") = "ADSK.ViewExtension.TenkaiView", "TenkaiView\ADSK.ViewExtension.TenkaiView.csproj", "{BB1A092C-8EAE-4D4B-8A5F-473636928F07}"
EndProject
Global
	GlobalSection(SolutionConfigurationPlatforms) = preSolution
		Debug 2027|x64 = Debug 2027|x64
		Debug 2027|Any CPU = Debug 2027|Any CPU
		Debug 2027|x86 = Debug 2027|x86
		Release 2027|x64 = Release 2027|x64
		Release 2027|Any CPU = Release 2027|Any CPU
		Release 2027|x86 = Release 2027|x86
		Debug|x64 = Debug|x64
		Debug|Any CPU = Debug|Any CPU
		Debug|x86 = Debug|x86
		Release|x64 = Release|x64
		Release|Any CPU = Release|Any CPU
		Release|x86 = Release|x86
	EndGlobalSection
	GlobalSection(ProjectConfigurationPlatforms) = postSolution
		{2E7B1FCF-1754-4870-A87B-4E92DA5D19F3}.Debug 2027|x64.ActiveCfg = Debug 2027|x64
		{2E7B1FCF-1754-4870-A87B-4E92DA5D19F3}.Debug 2027|x64.Build.0 = Debug 2027|x64
		{2E7B1FCF-1754-4870-A87B-4E92DA5D19F3}.Debug 2027|Any CPU.ActiveCfg = Debug 2027|Any CPU
		{2E7B1FCF-1754-4870-A87B-4E92DA5D19F3}.Debug 2027|Any CPU.Build.0 = Debug 2027|Any CPU
		{2E7B1FCF-1754-4870-A87B-4E92DA5D19F3}.Debug 2027|x86.ActiveCfg = Debug 2027|Any CPU
		{2E7B1FCF-1754-4870-A87B-4E92DA5D19F3}.Debug 2027|x86.Build.0 = Debug 2027|Any CPU
		{2E7B1FCF-1754-4870-A87B-4E92DA5D19F3}.Release 2027|x64.ActiveCfg = Release 2027|x64
		{2E7B1FCF-1754-4870-A87B-4E92DA5D19F3}.Release 2027|x64.Build.0 = Release 2027|x64
		{2E7B1FCF-1754-4870-A87B-4E92DA5D19F3}.Release 2027|Any CPU.ActiveCfg = Release 2027|Any CPU
		{2E7B1FCF-1754-4870-A87B-4E92DA5D19F3}.Release 2027|Any CPU.Build.0 = Release 2027|Any CPU
		{2E7B1FCF-1754-4870-A87B-4E92DA5D19F3}.Release 2027|x86.ActiveCfg = Release 2027|Any CPU
		{2E7B1FCF-1754-4870-A87B-4E92DA5D19F3}.Release 2027|x86.Build.0 = Release 2027|Any CPU
		{2E7B1FCF-1754-4870-A87B-4E92DA5D19F3}.Debug|x64.ActiveCfg = Debug|Any CPU
		{2E7B1FCF-1754-4870-A87B-4E92DA5D19F3}.Debug|x64.Build.0 = Debug|Any CPU
		{2E7B1FCF-1754-4870-A87B-4E92DA5D19F3}.Debug|Any CPU.ActiveCfg = Debug|Any CPU
		{2E7B1FCF-1754-4870-A87B-4E92DA5D19F3}.Debug|Any CPU.Build.0 = Debug|Any CPU
		{2E7B1FCF-1754-4870-A87B-4E92DA5D19F3}.Debug|x86.ActiveCfg = Debug|Any CPU
		{2E7B1FCF-1754-4870-A87B-4E92DA5D19F3}.Debug|x86.Build.0 = Debug|Any CPU
		{2E7B1FCF-1754-4870-A87B-4E92DA5D19F3}.Release|x64.ActiveCfg = Release|Any CPU
		{2E7B1FCF-1754-4870-A87B-4E92DA5D19F3}.Release|x64.Build.0 = Release|Any CPU
		{2E7B1FCF-1754-4870-A87B-4E92DA5D19F3}.Release|Any CPU.ActiveCfg = Release|Any CPU
		{2E7B1FCF-1754-4870-A87B-4E92DA5D19F3}.Release|Any CPU.Build.0 = Release|Any CPU
		{2E7B1FCF-1754-4870-A87B-4E92DA5D19F3}.Release|x86.ActiveCfg = Release|Any CPU
		{2E7B1FCF-1754-4870-A87B-4E92DA5D19F3}.Release|x86.Build.0 = Release|Any CPU
		{F08CE9F4-0B2D-47A2-9E72-DD52A7BA8964}.Debug 2027|x64.ActiveCfg = Debug 2027|x64
		{F08CE9F4-0B2D-47A2-9E72-DD52A7BA8964}.Debug 2027|x64.Build.0 = Debug 2027|x64
		{F08CE9F4-0B2D-47A2-9E72-DD52A7BA8964}.Debug 2027|Any CPU.ActiveCfg = Debug 2027|Any CPU
		{F08CE9F4-0B2D-47A2-9E72-DD52A7BA8964}.Debug 2027|Any CPU.Build.0 = Debug 2027|Any CPU
		{F08CE9F4-0B2D-47A2-9E72-DD52A7BA8964}.Debug 2027|x86.ActiveCfg = Debug 2027|Any CPU
		{F08CE9F4-0B2D-47A2-9E72-DD52A7BA8964}.Debug 2027|x86.Build.0 = Debug 2027|Any CPU
		{F08CE9F4-0B2D-47A2-9E72-DD52A7BA8964}.Release 2027|x64.ActiveCfg = Release 2027|x64
		{F08CE9F4-0B2D-47A2-9E72-DD52A7BA8964}.Release 2027|x64.Build.0 = Release 2027|x64
		{F08CE9F4-0B2D-47A2-9E72-DD52A7BA8964}.Release 2027|Any CPU.ActiveCfg = Release 2027|Any CPU
		{F08CE9F4-0B2D-47A2-9E72-DD52A7BA8964}.Release 2027|Any CPU.Build.0 = Release 2027|Any CPU
		{F08CE9F4-0B2D-47A2-9E72-DD52A7BA8964}.Release 2027|x86.ActiveCfg = Release 2027|Any CPU
		{F08CE9F4-0B2D-47A2-9E72-DD52A7BA8964}.Release 2027|x86.Build.0 = Release 2027|Any CPU
		{F08CE9F4-0B2D-47A2-9E72-DD52A7BA8964}.Debug|x64.ActiveCfg = Debug|Any CPU
		{F08CE9F4-0B2D-47A2-9E72-DD52A7BA8964}.Debug|x64.Build.0 = Debug|Any CPU
		{F08CE9F4-0B2D-47A2-9E72-DD52A7BA8964}.Debug|Any CPU.ActiveCfg = Debug|Any CPU
		{F08CE9F4-0B2D-47A2-9E72-DD52A7BA8964}.Debug|Any CPU.Build.0 = Debug|Any CPU
		{F08CE9F4-0B2D-47A2-9E72-DD52A7BA8964}.Debug|x86.ActiveCfg = Debug|Any CPU
		{F08CE9F4-0B2D-47A2-9E72-DD52A7BA8964}.Debug|x86.Build.0 = Debug|Any CPU
		{F08CE9F4-0B2D-47A2-9E72-DD52A7BA8964}.Release|x64.ActiveCfg = Release|Any CPU
		{F08CE9F4-0B2D-47A2-9E72-DD52A7BA8964}.Release|x64.Build.0 = Release|Any CPU
		{F08CE9F4-0B2D-47A2-9E72-DD52A7BA8964}.Release|Any CPU.ActiveCfg = Release|Any CPU
		{F08CE9F4-0B2D-47A2-9E72-DD52A7BA8964}.Release|Any CPU.Build.0 = Release|Any CPU
		{F08CE9F4-0B2D-47A2-9E72-DD52A7BA8964}.Release|x86.ActiveCfg = Release|Any CPU
		{F08CE9F4-0B2D-47A2-9E72-DD52A7BA8964}.Release|x86.Build.0 = Release|Any CPU
		{7F2D9E91-C6B1-42D5-9C6C-530FD8F26340}.Debug 2027|x64.ActiveCfg = Debug 2027|x64
		{7F2D9E91-C6B1-42D5-9C6C-530FD8F26340}.Debug 2027|x64.Build.0 = Debug 2027|x64
		{7F2D9E91-C6B1-42D5-9C6C-530FD8F26340}.Debug 2027|Any CPU.ActiveCfg = Debug 2027|Any CPU
		{7F2D9E91-C6B1-42D5-9C6C-530FD8F26340}.Debug 2027|Any CPU.Build.0 = Debug 2027|Any CPU
		{7F2D9E91-C6B1-42D5-9C6C-530FD8F26340}.Debug 2027|x86.ActiveCfg = Debug 2027|Any CPU
		{7F2D9E91-C6B1-42D5-9C6C-530FD8F26340}.Debug 2027|x86.Build.0 = Debug 2027|Any CPU
		{7F2D9E91-C6B1-42D5-9C6C-530FD8F26340}.Release 2027|x64.ActiveCfg = Release 2027|x64
		{7F2D9E91-C6B1-42D5-9C6C-530FD8F26340}.Release 2027|x64.Build.0 = Release 2027|x64
		{7F2D9E91-C6B1-42D5-9C6C-530FD8F26340}.Release 2027|Any CPU.ActiveCfg = Release 2027|Any CPU
		{7F2D9E91-C6B1-42D5-9C6C-530FD8F26340}.Release 2027|Any CPU.Build.0 = Release 2027|Any CPU
		{7F2D9E91-C6B1-42D5-9C6C-530FD8F26340}.Release 2027|x86.ActiveCfg = Release 2027|Any CPU
		{7F2D9E91-C6B1-42D5-9C6C-530FD8F26340}.Release 2027|x86.Build.0 = Release 2027|Any CPU
		{7F2D9E91-C6B1-42D5-9C6C-530FD8F26340}.Debug|x64.ActiveCfg = Debug|Any CPU
		{7F2D9E91-C6B1-42D5-9C6C-530FD8F26340}.Debug|x64.Build.0 = Debug|Any CPU
		{7F2D9E91-C6B1-42D5-9C6C-530FD8F26340}.Debug|Any CPU.ActiveCfg = Debug|Any CPU
		{7F2D9E91-C6B1-42D5-9C6C-530FD8F26340}.Debug|Any CPU.Build.0 = Debug|Any CPU
		{7F2D9E91-C6B1-42D5-9C6C-530FD8F26340}.Debug|x86.ActiveCfg = Debug|Any CPU
		{7F2D9E91-C6B1-42D5-9C6C-530FD8F26340}.Debug|x86.Build.0 = Debug|Any CPU
		{7F2D9E91-C6B1-42D5-9C6C-530FD8F26340}.Release|x64.ActiveCfg = Release|Any CPU
		{7F2D9E91-C6B1-42D5-9C6C-530FD8F26340}.Release|x64.Build.0 = Release|Any CPU
		{7F2D9E91-C6B1-42D5-9C6C-530FD8F26340}.Release|Any CPU.ActiveCfg = Release|Any CPU
		{7F2D9E91-C6B1-42D5-9C6C-530FD8F26340}.Release|Any CPU.Build.0 = Release|Any CPU
		{7F2D9E91-C6B1-42D5-9C6C-530FD8F26340}.Release|x86.ActiveCfg = Release|Any CPU
		{7F2D9E91-C6B1-42D5-9C6C-530FD8F26340}.Release|x86.Build.0 = Release|Any CPU
		{5CB8DC98-B009-4FB0-ACFA-70DE57A2FBBB}.Debug 2027|x64.ActiveCfg = Debug 2027|x64
		{5CB8DC98-B009-4FB0-ACFA-70DE57A2FBBB}.Debug 2027|x64.Build.0 = Debug 2027|x64
		{5CB8DC98-B009-4FB0-ACFA-70DE57A2FBBB}.Debug 2027|Any CPU.ActiveCfg = Debug 2027|Any CPU
		{5CB8DC98-B009-4FB0-ACFA-70DE57A2FBBB}.Debug 2027|Any CPU.Build.0 = Debug 2027|Any CPU
		{5CB8DC98-B009-4FB0-ACFA-70DE57A2FBBB}.Debug 2027|x86.ActiveCfg = Debug 2027|Any CPU
		{5CB8DC98-B009-4FB0-ACFA-70DE57A2FBBB}.Debug 2027|x86.Build.0 = Debug 2027|Any CPU
		{5CB8DC98-B009-4FB0-ACFA-70DE57A2FBBB}.Release 2027|x64.ActiveCfg = Release 2027|x64
		{5CB8DC98-B009-4FB0-ACFA-70DE57A2FBBB}.Release 2027|x64.Build.0 = Release 2027|x64
		{5CB8DC98-B009-4FB0-ACFA-70DE57A2FBBB}.Release 2027|Any CPU.ActiveCfg = Release 2027|Any CPU
		{5CB8DC98-B009-4FB0-ACFA-70DE57A2FBBB}.Release 2027|Any CPU.Build.0 = Release 2027|Any CPU
		{5CB8DC98-B009-4FB0-ACFA-70DE57A2FBBB}.Release 2027|x86.ActiveCfg = Release 2027|Any CPU
		{5CB8DC98-B009-4FB0-ACFA-70DE57A2FBBB}.Release 2027|x86.Build.0 = Release 2027|Any CPU
		{5CB8DC98-B009-4FB0-ACFA-70DE57A2FBBB}.Debug|x64.ActiveCfg = Debug|Any CPU
		{5CB8DC98-B009-4FB0-ACFA-70DE57A2FBBB}.Debug|x64.Build.0 = Debug|Any CPU
		{5CB8DC98-B009-4FB0-ACFA-70DE57A2FBBB}.Debug|Any CPU.ActiveCfg = Debug|Any CPU
		{5CB8DC98-B009-4FB0-ACFA-70DE57A2FBBB}.Debug|Any CPU.Build.0 = Debug|Any CPU
		{5CB8DC98-B009-4FB0-ACFA-70DE57A2FBBB}.Debug|x86.ActiveCfg = Debug|Any CPU
		{5CB8DC98-B009-4FB0-ACFA-70DE57A2FBBB}.Debug|x86.Build.0 = Debug|Any CPU
		{5CB8DC98-B009-4FB0-ACFA-70DE57A2FBBB}.Release|x64.ActiveCfg = Release|Any CPU
		{5CB8DC98-B009-4FB0-ACFA-70DE57A2FBBB}.Release|x64.Build.0 = Release|Any CPU
		{5CB8DC98-B009-4FB0-ACFA-70DE57A2FBBB}.Release|Any CPU.ActiveCfg = Release|Any CPU
		{5CB8DC98-B009-4FB0-ACFA-70DE57A2FBBB}.Release|Any CPU.Build.0 = Release|Any CPU
		{5CB8DC98-B009-4FB0-ACFA-70DE57A2FBBB}.Release|x86.ActiveCfg = Release|Any CPU
		{5CB8DC98-B009-4FB0-ACFA-70DE57A2FBBB}.Release|x86.Build.0 = Release|Any CPU
		{A3D72F1E-8B45-4C9A-B6E1-7D3F92A54C80}.Debug 2027|x64.ActiveCfg = Debug 2027|x64
		{A3D72F1E-8B45-4C9A-B6E1-7D3F92A54C80}.Debug 2027|x64.Build.0 = Debug 2027|x64
		{A3D72F1E-8B45-4C9A-B6E1-7D3F92A54C80}.Debug 2027|Any CPU.ActiveCfg = Debug 2027|Any CPU
		{A3D72F1E-8B45-4C9A-B6E1-7D3F92A54C80}.Debug 2027|Any CPU.Build.0 = Debug 2027|Any CPU
		{A3D72F1E-8B45-4C9A-B6E1-7D3F92A54C80}.Debug 2027|x86.ActiveCfg = Debug 2027|Any CPU
		{A3D72F1E-8B45-4C9A-B6E1-7D3F92A54C80}.Debug 2027|x86.Build.0 = Debug 2027|Any CPU
		{A3D72F1E-8B45-4C9A-B6E1-7D3F92A54C80}.Release 2027|x64.ActiveCfg = Release 2027|x64
		{A3D72F1E-8B45-4C9A-B6E1-7D3F92A54C80}.Release 2027|x64.Build.0 = Release 2027|x64
		{A3D72F1E-8B45-4C9A-B6E1-7D3F92A54C80}.Release 2027|Any CPU.ActiveCfg = Release 2027|Any CPU
		{A3D72F1E-8B45-4C9A-B6E1-7D3F92A54C80}.Release 2027|Any CPU.Build.0 = Release 2027|Any CPU
		{A3D72F1E-8B45-4C9A-B6E1-7D3F92A54C80}.Release 2027|x86.ActiveCfg = Release 2027|Any CPU
		{A3D72F1E-8B45-4C9A-B6E1-7D3F92A54C80}.Release 2027|x86.Build.0 = Release 2027|Any CPU
		{A3D72F1E-8B45-4C9A-B6E1-7D3F92A54C80}.Debug|x64.ActiveCfg = Debug|Any CPU
		{A3D72F1E-8B45-4C9A-B6E1-7D3F92A54C80}.Debug|x64.Build.0 = Debug|Any CPU
		{A3D72F1E-8B45-4C9A-B6E1-7D3F92A54C80}.Debug|Any CPU.ActiveCfg = Debug|Any CPU
		{A3D72F1E-8B45-4C9A-B6E1-7D3F92A54C80}.Debug|Any CPU.Build.0 = Debug|Any CPU
		{A3D72F1E-8B45-4C9A-B6E1-7D3F92A54C80}.Debug|x86.ActiveCfg = Debug|Any CPU
		{A3D72F1E-8B45-4C9A-B6E1-7D3F92A54C80}.Debug|x86.Build.0 = Debug|Any CPU
		{A3D72F1E-8B45-4C9A-B6E1-7D3F92A54C80}.Release|x64.ActiveCfg = Release|Any CPU
		{A3D72F1E-8B45-4C9A-B6E1-7D3F92A54C80}.Release|x64.Build.0 = Release|Any CPU
		{A3D72F1E-8B45-4C9A-B6E1-7D3F92A54C80}.Release|Any CPU.ActiveCfg = Release|Any CPU
		{A3D72F1E-8B45-4C9A-B6E1-7D3F92A54C80}.Release|Any CPU.Build.0 = Release|Any CPU
		{A3D72F1E-8B45-4C9A-B6E1-7D3F92A54C80}.Release|x86.ActiveCfg = Release|Any CPU
		{A3D72F1E-8B45-4C9A-B6E1-7D3F92A54C80}.Release|x86.Build.0 = Release|Any CPU
		{B4E83A2F-9C56-4D7B-A8F3-6E2D1B5C9A47}.Debug 2027|x64.ActiveCfg = Debug 2027|x64
		{B4E83A2F-9C56-4D7B-A8F3-6E2D1B5C9A47}.Debug 2027|x64.Build.0 = Debug 2027|x64
		{B4E83A2F-9C56-4D7B-A8F3-6E2D1B5C9A47}.Debug 2027|Any CPU.ActiveCfg = Debug 2027|Any CPU
		{B4E83A2F-9C56-4D7B-A8F3-6E2D1B5C9A47}.Debug 2027|Any CPU.Build.0 = Debug 2027|Any CPU
		{B4E83A2F-9C56-4D7B-A8F3-6E2D1B5C9A47}.Debug 2027|x86.ActiveCfg = Debug 2027|Any CPU
		{B4E83A2F-9C56-4D7B-A8F3-6E2D1B5C9A47}.Debug 2027|x86.Build.0 = Debug 2027|Any CPU
		{B4E83A2F-9C56-4D7B-A8F3-6E2D1B5C9A47}.Release 2027|x64.ActiveCfg = Release 2027|x64
		{B4E83A2F-9C56-4D7B-A8F3-6E2D1B5C9A47}.Release 2027|x64.Build.0 = Release 2027|x64
		{B4E83A2F-9C56-4D7B-A8F3-6E2D1B5C9A47}.Release 2027|Any CPU.ActiveCfg = Release 2027|Any CPU
		{B4E83A2F-9C56-4D7B-A8F3-6E2D1B5C9A47}.Release 2027|Any CPU.Build.0 = Release 2027|Any CPU
		{B4E83A2F-9C56-4D7B-A8F3-6E2D1B5C9A47}.Release 2027|x86.ActiveCfg = Release 2027|Any CPU
		{B4E83A2F-9C56-4D7B-A8F3-6E2D1B5C9A47}.Release 2027|x86.Build.0 = Release 2027|Any CPU
		{B4E83A2F-9C56-4D7B-A8F3-6E2D1B5C9A47}.Debug|x64.ActiveCfg = Debug|Any CPU
		{B4E83A2F-9C56-4D7B-A8F3-6E2D1B5C9A47}.Debug|x64.Build.0 = Debug|Any CPU
		{B4E83A2F-9C56-4D7B-A8F3-6E2D1B5C9A47}.Debug|Any CPU.ActiveCfg = Debug|Any CPU
		{B4E83A2F-9C56-4D7B-A8F3-6E2D1B5C9A47}.Debug|Any CPU.Build.0 = Debug|Any CPU
		{B4E83A2F-9C56-4D7B-A8F3-6E2D1B5C9A47}.Debug|x86.ActiveCfg = Debug|Any CPU
		{B4E83A2F-9C56-4D7B-A8F3-6E2D1B5C9A47}.Debug|x86.Build.0 = Debug|Any CPU
		{B4E83A2F-9C56-4D7B-A8F3-6E2D1B5C9A47}.Release|x64.ActiveCfg = Release|Any CPU
		{B4E83A2F-9C56-4D7B-A8F3-6E2D1B5C9A47}.Release|x64.Build.0 = Release|Any CPU
		{B4E83A2F-9C56-4D7B-A8F3-6E2D1B5C9A47}.Release|Any CPU.ActiveCfg = Release|Any CPU
		{B4E83A2F-9C56-4D7B-A8F3-6E2D1B5C9A47}.Release|Any CPU.Build.0 = Release|Any CPU
		{B4E83A2F-9C56-4D7B-A8F3-6E2D1B5C9A47}.Release|x86.ActiveCfg = Release|Any CPU
		{B4E83A2F-9C56-4D7B-A8F3-6E2D1B5C9A47}.Release|x86.Build.0 = Release|Any CPU
		{C5F94A3E-7D28-4B6C-91E5-8A3F2D6B1C49}.Debug 2027|x64.ActiveCfg = Debug 2027|x64
		{C5F94A3E-7D28-4B6C-91E5-8A3F2D6B1C49}.Debug 2027|x64.Build.0 = Debug 2027|x64
		{C5F94A3E-7D28-4B6C-91E5-8A3F2D6B1C49}.Debug 2027|Any CPU.ActiveCfg = Debug 2027|Any CPU
		{C5F94A3E-7D28-4B6C-91E5-8A3F2D6B1C49}.Debug 2027|Any CPU.Build.0 = Debug 2027|Any CPU
		{C5F94A3E-7D28-4B6C-91E5-8A3F2D6B1C49}.Debug 2027|x86.ActiveCfg = Debug 2027|Any CPU
		{C5F94A3E-7D28-4B6C-91E5-8A3F2D6B1C49}.Debug 2027|x86.Build.0 = Debug 2027|Any CPU
		{C5F94A3E-7D28-4B6C-91E5-8A3F2D6B1C49}.Release 2027|x64.ActiveCfg = Release 2027|x64
		{C5F94A3E-7D28-4B6C-91E5-8A3F2D6B1C49}.Release 2027|x64.Build.0 = Release 2027|x64
		{C5F94A3E-7D28-4B6C-91E5-8A3F2D6B1C49}.Release 2027|Any CPU.ActiveCfg = Release 2027|Any CPU
		{C5F94A3E-7D28-4B6C-91E5-8A3F2D6B1C49}.Release 2027|Any CPU.Build.0 = Release 2027|Any CPU
		{C5F94A3E-7D28-4B6C-91E5-8A3F2D6B1C49}.Release 2027|x86.ActiveCfg = Release 2027|Any CPU
		{C5F94A3E-7D28-4B6C-91E5-8A3F2D6B1C49}.Release 2027|x86.Build.0 = Release 2027|Any CPU
		{C5F94A3E-7D28-4B6C-91E5-8A3F2D6B1C49}.Debug|x64.ActiveCfg = Debug|Any CPU
		{C5F94A3E-7D28-4B6C-91E5-8A3F2D6B1C49}.Debug|x64.Build.0 = Debug|Any CPU
		{C5F94A3E-7D28-4B6C-91E5-8A3F2D6B1C49}.Debug|Any CPU.ActiveCfg = Debug|Any CPU
		{C5F94A3E-7D28-4B6C-91E5-8A3F2D6B1C49}.Debug|Any CPU.Build.0 = Debug|Any CPU
		{C5F94A3E-7D28-4B6C-91E5-8A3F2D6B1C49}.Debug|x86.ActiveCfg = Debug|Any CPU
		{C5F94A3E-7D28-4B6C-91E5-8A3F2D6B1C49}.Debug|x86.Build.0 = Debug|Any CPU
		{C5F94A3E-7D28-4B6C-91E5-8A3F2D6B1C49}.Release|x64.ActiveCfg = Release|Any CPU
		{C5F94A3E-7D28-4B6C-91E5-8A3F2D6B1C49}.Release|x64.Build.0 = Release|Any CPU
		{C5F94A3E-7D28-4B6C-91E5-8A3F2D6B1C49}.Release|Any CPU.ActiveCfg = Release|Any CPU
		{C5F94A3E-7D28-4B6C-91E5-8A3F2D6B1C49}.Release|Any CPU.Build.0 = Release|Any CPU
		{C5F94A3E-7D28-4B6C-91E5-8A3F2D6B1C49}.Release|x86.ActiveCfg = Release|Any CPU
		{C5F94A3E-7D28-4B6C-91E5-8A3F2D6B1C49}.Release|x86.Build.0 = Release|Any CPU
		{D6A85B4F-3E17-4C8D-92F6-1B5A7E3C9D02}.Debug 2027|x64.ActiveCfg = Debug 2027|x64
		{D6A85B4F-3E17-4C8D-92F6-1B5A7E3C9D02}.Debug 2027|x64.Build.0 = Debug 2027|x64
		{D6A85B4F-3E17-4C8D-92F6-1B5A7E3C9D02}.Debug 2027|Any CPU.ActiveCfg = Debug 2027|Any CPU
		{D6A85B4F-3E17-4C8D-92F6-1B5A7E3C9D02}.Debug 2027|Any CPU.Build.0 = Debug 2027|Any CPU
		{D6A85B4F-3E17-4C8D-92F6-1B5A7E3C9D02}.Debug 2027|x86.ActiveCfg = Debug 2027|Any CPU
		{D6A85B4F-3E17-4C8D-92F6-1B5A7E3C9D02}.Debug 2027|x86.Build.0 = Debug 2027|Any CPU
		{D6A85B4F-3E17-4C8D-92F6-1B5A7E3C9D02}.Release 2027|x64.ActiveCfg = Release 2027|x64
		{D6A85B4F-3E17-4C8D-92F6-1B5A7E3C9D02}.Release 2027|x64.Build.0 = Release 2027|x64
		{D6A85B4F-3E17-4C8D-92F6-1B5A7E3C9D02}.Release 2027|Any CPU.ActiveCfg = Release 2027|Any CPU
		{D6A85B4F-3E17-4C8D-92F6-1B5A7E3C9D02}.Release 2027|Any CPU.Build.0 = Release 2027|Any CPU
		{D6A85B4F-3E17-4C8D-92F6-1B5A7E3C9D02}.Release 2027|x86.ActiveCfg = Release 2027|Any CPU
		{D6A85B4F-3E17-4C8D-92F6-1B5A7E3C9D02}.Release 2027|x86.Build.0 = Release 2027|Any CPU
		{D6A85B4F-3E17-4C8D-92F6-1B5A7E3C9D02}.Debug|x64.ActiveCfg = Debug|Any CPU
		{D6A85B4F-3E17-4C8D-92F6-1B5A7E3C9D02}.Debug|x64.Build.0 = Debug|Any CPU
		{D6A85B4F-3E17-4C8D-92F6-1B5A7E3C9D02}.Debug|Any CPU.ActiveCfg = Debug|Any CPU
		{D6A85B4F-3E17-4C8D-92F6-1B5A7E3C9D02}.Debug|Any CPU.Build.0 = Debug|Any CPU
		{D6A85B4F-3E17-4C8D-92F6-1B5A7E3C9D02}.Debug|x86.ActiveCfg = Debug|Any CPU
		{D6A85B4F-3E17-4C8D-92F6-1B5A7E3C9D02}.Debug|x86.Build.0 = Debug|Any CPU
		{D6A85B4F-3E17-4C8D-92F6-1B5A7E3C9D02}.Release|x64.ActiveCfg = Release|Any CPU
		{D6A85B4F-3E17-4C8D-92F6-1B5A7E3C9D02}.Release|x64.Build.0 = Release|Any CPU
		{D6A85B4F-3E17-4C8D-92F6-1B5A7E3C9D02}.Release|Any CPU.ActiveCfg = Release|Any CPU
		{D6A85B4F-3E17-4C8D-92F6-1B5A7E3C9D02}.Release|Any CPU.Build.0 = Release|Any CPU
		{D6A85B4F-3E17-4C8D-92F6-1B5A7E3C9D02}.Release|x86.ActiveCfg = Release|Any CPU
		{D6A85B4F-3E17-4C8D-92F6-1B5A7E3C9D02}.Release|x86.Build.0 = Release|Any CPU
		{7A2B8C3D-4E5F-6A7B-8C9D-0E1F2A3B4C5D}.Debug 2027|x64.ActiveCfg = Debug 2027|x64
		{7A2B8C3D-4E5F-6A7B-8C9D-0E1F2A3B4C5D}.Debug 2027|x64.Build.0 = Debug 2027|x64
		{7A2B8C3D-4E5F-6A7B-8C9D-0E1F2A3B4C5D}.Debug 2027|Any CPU.ActiveCfg = Debug 2027|Any CPU
		{7A2B8C3D-4E5F-6A7B-8C9D-0E1F2A3B4C5D}.Debug 2027|Any CPU.Build.0 = Debug 2027|Any CPU
		{7A2B8C3D-4E5F-6A7B-8C9D-0E1F2A3B4C5D}.Debug 2027|x86.ActiveCfg = Debug 2027|Any CPU
		{7A2B8C3D-4E5F-6A7B-8C9D-0E1F2A3B4C5D}.Debug 2027|x86.Build.0 = Debug 2027|Any CPU
		{7A2B8C3D-4E5F-6A7B-8C9D-0E1F2A3B4C5D}.Release 2027|x64.ActiveCfg = Release 2027|x64
		{7A2B8C3D-4E5F-6A7B-8C9D-0E1F2A3B4C5D}.Release 2027|x64.Build.0 = Release 2027|x64
		{7A2B8C3D-4E5F-6A7B-8C9D-0E1F2A3B4C5D}.Release 2027|Any CPU.ActiveCfg = Release 2027|Any CPU
		{7A2B8C3D-4E5F-6A7B-8C9D-0E1F2A3B4C5D}.Release 2027|Any CPU.Build.0 = Release 2027|Any CPU
		{7A2B8C3D-4E5F-6A7B-8C9D-0E1F2A3B4C5D}.Release 2027|x86.ActiveCfg = Release 2027|Any CPU
		{7A2B8C3D-4E5F-6A7B-8C9D-0E1F2A3B4C5D}.Release 2027|x86.Build.0 = Release 2027|Any CPU
		{7A2B8C3D-4E5F-6A7B-8C9D-0E1F2A3B4C5D}.Debug|x64.ActiveCfg = Debug|Any CPU
		{7A2B8C3D-4E5F-6A7B-8C9D-0E1F2A3B4C5D}.Debug|x64.Build.0 = Debug|Any CPU
		{7A2B8C3D-4E5F-6A7B-8C9D-0E1F2A3B4C5D}.Debug|Any CPU.ActiveCfg = Debug|Any CPU
		{7A2B8C3D-4E5F-6A7B-8C9D-0E1F2A3B4C5D}.Debug|Any CPU.Build.0 = Debug|Any CPU
		{7A2B8C3D-4E5F-6A7B-8C9D-0E1F2A3B4C5D}.Debug|x86.ActiveCfg = Debug|Any CPU
		{7A2B8C3D-4E5F-6A7B-8C9D-0E1F2A3B4C5D}.Debug|x86.Build.0 = Debug|Any CPU
		{7A2B8C3D-4E5F-6A7B-8C9D-0E1F2A3B4C5D}.Release|x64.ActiveCfg = Release|Any CPU
		{7A2B8C3D-4E5F-6A7B-8C9D-0E1F2A3B4C5D}.Release|x64.Build.0 = Release|Any CPU
		{7A2B8C3D-4E5F-6A7B-8C9D-0E1F2A3B4C5D}.Release|Any CPU.ActiveCfg = Release|Any CPU
		{7A2B8C3D-4E5F-6A7B-8C9D-0E1F2A3B4C5D}.Release|Any CPU.Build.0 = Release|Any CPU
		{7A2B8C3D-4E5F-6A7B-8C9D-0E1F2A3B4C5D}.Release|x86.ActiveCfg = Release|Any CPU
		{7A2B8C3D-4E5F-6A7B-8C9D-0E1F2A3B4C5D}.Release|x86.Build.0 = Release|Any CPU
		{8B3C9D4E-5F6A-7B8C-9D0E-1F2A3B4C5D6E}.Debug 2027|x64.ActiveCfg = Debug 2027|x64
		{8B3C9D4E-5F6A-7B8C-9D0E-1F2A3B4C5D6E}.Debug 2027|x64.Build.0 = Debug 2027|x64
		{8B3C9D4E-5F6A-7B8C-9D0E-1F2A3B4C5D6E}.Debug 2027|Any CPU.ActiveCfg = Debug 2027|Any CPU
		{8B3C9D4E-5F6A-7B8C-9D0E-1F2A3B4C5D6E}.Debug 2027|Any CPU.Build.0 = Debug 2027|Any CPU
		{8B3C9D4E-5F6A-7B8C-9D0E-1F2A3B4C5D6E}.Debug 2027|x86.ActiveCfg = Debug 2027|Any CPU
		{8B3C9D4E-5F6A-7B8C-9D0E-1F2A3B4C5D6E}.Debug 2027|x86.Build.0 = Debug 2027|Any CPU
		{8B3C9D4E-5F6A-7B8C-9D0E-1F2A3B4C5D6E}.Release 2027|x64.ActiveCfg = Release 2027|x64
		{8B3C9D4E-5F6A-7B8C-9D0E-1F2A3B4C5D6E}.Release 2027|x64.Build.0 = Release 2027|x64
		{8B3C9D4E-5F6A-7B8C-9D0E-1F2A3B4C5D6E}.Release 2027|Any CPU.ActiveCfg = Release 2027|Any CPU
		{8B3C9D4E-5F6A-7B8C-9D0E-1F2A3B4C5D6E}.Release 2027|Any CPU.Build.0 = Release 2027|Any CPU
		{8B3C9D4E-5F6A-7B8C-9D0E-1F2A3B4C5D6E}.Release 2027|x86.ActiveCfg = Release 2027|Any CPU
		{8B3C9D4E-5F6A-7B8C-9D0E-1F2A3B4C5D6E}.Release 2027|x86.Build.0 = Release 2027|Any CPU
		{8B3C9D4E-5F6A-7B8C-9D0E-1F2A3B4C5D6E}.Debug|x64.ActiveCfg = Debug|Any CPU
		{8B3C9D4E-5F6A-7B8C-9D0E-1F2A3B4C5D6E}.Debug|x64.Build.0 = Debug|Any CPU
		{8B3C9D4E-5F6A-7B8C-9D0E-1F2A3B4C5D6E}.Debug|Any CPU.ActiveCfg = Debug|Any CPU
		{8B3C9D4E-5F6A-7B8C-9D0E-1F2A3B4C5D6E}.Debug|Any CPU.Build.0 = Debug|Any CPU
		{8B3C9D4E-5F6A-7B8C-9D0E-1F2A3B4C5D6E}.Debug|x86.ActiveCfg = Debug|Any CPU
		{8B3C9D4E-5F6A-7B8C-9D0E-1F2A3B4C5D6E}.Debug|x86.Build.0 = Debug|Any CPU
		{8B3C9D4E-5F6A-7B8C-9D0E-1F2A3B4C5D6E}.Release|x64.ActiveCfg = Release|Any CPU
		{8B3C9D4E-5F6A-7B8C-9D0E-1F2A3B4C5D6E}.Release|x64.Build.0 = Release|Any CPU
		{8B3C9D4E-5F6A-7B8C-9D0E-1F2A3B4C5D6E}.Release|Any CPU.ActiveCfg = Release|Any CPU
		{8B3C9D4E-5F6A-7B8C-9D0E-1F2A3B4C5D6E}.Release|Any CPU.Build.0 = Release|Any CPU
		{8B3C9D4E-5F6A-7B8C-9D0E-1F2A3B4C5D6E}.Release|x86.ActiveCfg = Release|Any CPU
		{8B3C9D4E-5F6A-7B8C-9D0E-1F2A3B4C5D6E}.Release|x86.Build.0 = Release|Any CPU
		{9C4D0E5F-6A7B-8C9D-AE0F-1A2B3C4D5E6F}.Debug 2027|x64.ActiveCfg = Debug 2027|x64
		{9C4D0E5F-6A7B-8C9D-AE0F-1A2B3C4D5E6F}.Debug 2027|x64.Build.0 = Debug 2027|x64
		{9C4D0E5F-6A7B-8C9D-AE0F-1A2B3C4D5E6F}.Debug 2027|Any CPU.ActiveCfg = Debug 2027|Any CPU
		{9C4D0E5F-6A7B-8C9D-AE0F-1A2B3C4D5E6F}.Debug 2027|Any CPU.Build.0 = Debug 2027|Any CPU
		{9C4D0E5F-6A7B-8C9D-AE0F-1A2B3C4D5E6F}.Debug 2027|x86.ActiveCfg = Debug 2027|Any CPU
		{9C4D0E5F-6A7B-8C9D-AE0F-1A2B3C4D5E6F}.Debug 2027|x86.Build.0 = Debug 2027|Any CPU
		{9C4D0E5F-6A7B-8C9D-AE0F-1A2B3C4D5E6F}.Release 2027|x64.ActiveCfg = Release 2027|x64
		{9C4D0E5F-6A7B-8C9D-AE0F-1A2B3C4D5E6F}.Release 2027|x64.Build.0 = Release 2027|x64
		{9C4D0E5F-6A7B-8C9D-AE0F-1A2B3C4D5E6F}.Release 2027|Any CPU.ActiveCfg = Release 2027|Any CPU
		{9C4D0E5F-6A7B-8C9D-AE0F-1A2B3C4D5E6F}.Release 2027|Any CPU.Build.0 = Release 2027|Any CPU
		{9C4D0E5F-6A7B-8C9D-AE0F-1A2B3C4D5E6F}.Release 2027|x86.ActiveCfg = Release 2027|Any CPU
		{9C4D0E5F-6A7B-8C9D-AE0F-1A2B3C4D5E6F}.Release 2027|x86.Build.0 = Release 2027|Any CPU
		{9C4D0E5F-6A7B-8C9D-AE0F-1A2B3C4D5E6F}.Debug|x64.ActiveCfg = Debug|Any CPU
		{9C4D0E5F-6A7B-8C9D-AE0F-1A2B3C4D5E6F}.Debug|x64.Build.0 = Debug|Any CPU
		{9C4D0E5F-6A7B-8C9D-AE0F-1A2B3C4D5E6F}.Debug|Any CPU.ActiveCfg = Debug|Any CPU
		{9C4D0E5F-6A7B-8C9D-AE0F-1A2B3C4D5E6F}.Debug|Any CPU.Build.0 = Debug|Any CPU
		{9C4D0E5F-6A7B-8C9D-AE0F-1A2B3C4D5E6F}.Debug|x86.ActiveCfg = Debug|Any CPU
		{9C4D0E5F-6A7B-8C9D-AE0F-1A2B3C4D5E6F}.Debug|x86.Build.0 = Debug|Any CPU
		{9C4D0E5F-6A7B-8C9D-AE0F-1A2B3C4D5E6F}.Release|x64.ActiveCfg = Release|Any CPU
		{9C4D0E5F-6A7B-8C9D-AE0F-1A2B3C4D5E6F}.Release|x64.Build.0 = Release|Any CPU
		{9C4D0E5F-6A7B-8C9D-AE0F-1A2B3C4D5E6F}.Release|Any CPU.ActiveCfg = Release|Any CPU
		{9C4D0E5F-6A7B-8C9D-AE0F-1A2B3C4D5E6F}.Release|Any CPU.Build.0 = Release|Any CPU
		{9C4D0E5F-6A7B-8C9D-AE0F-1A2B3C4D5E6F}.Release|x86.ActiveCfg = Release|Any CPU
		{9C4D0E5F-6A7B-8C9D-AE0F-1A2B3C4D5E6F}.Release|x86.Build.0 = Release|Any CPU
		{A1B2C3D4-E5F6-7890-AB12-CD34EF567890}.Debug 2027|x64.ActiveCfg = Debug 2027|x64
		{A1B2C3D4-E5F6-7890-AB12-CD34EF567890}.Debug 2027|x64.Build.0 = Debug 2027|x64
		{A1B2C3D4-E5F6-7890-AB12-CD34EF567890}.Debug 2027|Any CPU.ActiveCfg = Debug 2027|Any CPU
		{A1B2C3D4-E5F6-7890-AB12-CD34EF567890}.Debug 2027|Any CPU.Build.0 = Debug 2027|Any CPU
		{A1B2C3D4-E5F6-7890-AB12-CD34EF567890}.Debug 2027|x86.ActiveCfg = Debug 2027|Any CPU
		{A1B2C3D4-E5F6-7890-AB12-CD34EF567890}.Debug 2027|x86.Build.0 = Debug 2027|Any CPU
		{A1B2C3D4-E5F6-7890-AB12-CD34EF567890}.Release 2027|x64.ActiveCfg = Release 2027|x64
		{A1B2C3D4-E5F6-7890-AB12-CD34EF567890}.Release 2027|x64.Build.0 = Release 2027|x64
		{A1B2C3D4-E5F6-7890-AB12-CD34EF567890}.Release 2027|Any CPU.ActiveCfg = Release 2027|Any CPU
		{A1B2C3D4-E5F6-7890-AB12-CD34EF567890}.Release 2027|Any CPU.Build.0 = Release 2027|Any CPU
		{A1B2C3D4-E5F6-7890-AB12-CD34EF567890}.Release 2027|x86.ActiveCfg = Release 2027|Any CPU
		{A1B2C3D4-E5F6-7890-AB12-CD34EF567890}.Release 2027|x86.Build.0 = Release 2027|Any CPU
		{A1B2C3D4-E5F6-7890-AB12-CD34EF567890}.Debug|x64.ActiveCfg = Debug|Any CPU
		{A1B2C3D4-E5F6-7890-AB12-CD34EF567890}.Debug|x64.Build.0 = Debug|Any CPU
		{A1B2C3D4-E5F6-7890-AB12-CD34EF567890}.Debug|Any CPU.ActiveCfg = Debug|Any CPU
		{A1B2C3D4-E5F6-7890-AB12-CD34EF567890}.Debug|Any CPU.Build.0 = Debug|Any CPU
		{A1B2C3D4-E5F6-7890-AB12-CD34EF567890}.Debug|x86.ActiveCfg = Debug|Any CPU
		{A1B2C3D4-E5F6-7890-AB12-CD34EF567890}.Debug|x86.Build.0 = Debug|Any CPU
		{A1B2C3D4-E5F6-7890-AB12-CD34EF567890}.Release|x64.ActiveCfg = Release|Any CPU
		{A1B2C3D4-E5F6-7890-AB12-CD34EF567890}.Release|x64.Build.0 = Release|Any CPU
		{A1B2C3D4-E5F6-7890-AB12-CD34EF567890}.Release|Any CPU.ActiveCfg = Release|Any CPU
		{A1B2C3D4-E5F6-7890-AB12-CD34EF567890}.Release|Any CPU.Build.0 = Release|Any CPU
		{A1B2C3D4-E5F6-7890-AB12-CD34EF567890}.Release|x86.ActiveCfg = Release|Any CPU
		{A1B2C3D4-E5F6-7890-AB12-CD34EF567890}.Release|x86.Build.0 = Release|Any CPU
		{B2C3D4E5-F6A7-8901-BC23-DE45FA678901}.Debug 2027|x64.ActiveCfg = Debug 2027|x64
		{B2C3D4E5-F6A7-8901-BC23-DE45FA678901}.Debug 2027|x64.Build.0 = Debug 2027|x64
		{B2C3D4E5-F6A7-8901-BC23-DE45FA678901}.Debug 2027|Any CPU.ActiveCfg = Debug 2027|Any CPU
		{B2C3D4E5-F6A7-8901-BC23-DE45FA678901}.Debug 2027|Any CPU.Build.0 = Debug 2027|Any CPU
		{B2C3D4E5-F6A7-8901-BC23-DE45FA678901}.Debug 2027|x86.ActiveCfg = Debug 2027|Any CPU
		{B2C3D4E5-F6A7-8901-BC23-DE45FA678901}.Debug 2027|x86.Build.0 = Debug 2027|Any CPU
		{B2C3D4E5-F6A7-8901-BC23-DE45FA678901}.Release 2027|x64.ActiveCfg = Release 2027|x64
		{B2C3D4E5-F6A7-8901-BC23-DE45FA678901}.Release 2027|x64.Build.0 = Release 2027|x64
		{B2C3D4E5-F6A7-8901-BC23-DE45FA678901}.Release 2027|Any CPU.ActiveCfg = Release 2027|Any CPU
		{B2C3D4E5-F6A7-8901-BC23-DE45FA678901}.Release 2027|Any CPU.Build.0 = Release 2027|Any CPU
		{B2C3D4E5-F6A7-8901-BC23-DE45FA678901}.Release 2027|x86.ActiveCfg = Release 2027|Any CPU
		{B2C3D4E5-F6A7-8901-BC23-DE45FA678901}.Release 2027|x86.Build.0 = Release 2027|Any CPU
		{B2C3D4E5-F6A7-8901-BC23-DE45FA678901}.Debug|x64.ActiveCfg = Debug|Any CPU
		{B2C3D4E5-F6A7-8901-BC23-DE45FA678901}.Debug|x64.Build.0 = Debug|Any CPU
		{B2C3D4E5-F6A7-8901-BC23-DE45FA678901}.Debug|Any CPU.ActiveCfg = Debug|Any CPU
		{B2C3D4E5-F6A7-8901-BC23-DE45FA678901}.Debug|Any CPU.Build.0 = Debug|Any CPU
		{B2C3D4E5-F6A7-8901-BC23-DE45FA678901}.Debug|x86.ActiveCfg = Debug|Any CPU
		{B2C3D4E5-F6A7-8901-BC23-DE45FA678901}.Debug|x86.Build.0 = Debug|Any CPU
		{B2C3D4E5-F6A7-8901-BC23-DE45FA678901}.Release|x64.ActiveCfg = Release|Any CPU
		{B2C3D4E5-F6A7-8901-BC23-DE45FA678901}.Release|x64.Build.0 = Release|Any CPU
		{B2C3D4E5-F6A7-8901-BC23-DE45FA678901}.Release|Any CPU.ActiveCfg = Release|Any CPU
		{B2C3D4E5-F6A7-8901-BC23-DE45FA678901}.Release|Any CPU.Build.0 = Release|Any CPU
		{B2C3D4E5-F6A7-8901-BC23-DE45FA678901}.Release|x86.ActiveCfg = Release|Any CPU
		{B2C3D4E5-F6A7-8901-BC23-DE45FA678901}.Release|x86.Build.0 = Release|Any CPU
		{66803969-7C14-4EF8-95C7-0CF780C6F6D0}.Debug 2027|x64.ActiveCfg = Debug|x64
		{66803969-7C14-4EF8-95C7-0CF780C6F6D0}.Debug 2027|x64.Build.0 = Debug|x64
		{66803969-7C14-4EF8-95C7-0CF780C6F6D0}.Debug 2027|Any CPU.ActiveCfg = Debug|x64
		{66803969-7C14-4EF8-95C7-0CF780C6F6D0}.Debug 2027|Any CPU.Build.0 = Debug|x64
		{66803969-7C14-4EF8-95C7-0CF780C6F6D0}.Debug 2027|x86.ActiveCfg = Debug|x64
		{66803969-7C14-4EF8-95C7-0CF780C6F6D0}.Debug 2027|x86.Build.0 = Debug|x64
		{66803969-7C14-4EF8-95C7-0CF780C6F6D0}.Release 2027|x64.ActiveCfg = Debug|x64
		{66803969-7C14-4EF8-95C7-0CF780C6F6D0}.Release 2027|x64.Build.0 = Debug|x64
		{66803969-7C14-4EF8-95C7-0CF780C6F6D0}.Release 2027|Any CPU.ActiveCfg = Debug|x64
		{66803969-7C14-4EF8-95C7-0CF780C6F6D0}.Release 2027|Any CPU.Build.0 = Debug|x64
		{66803969-7C14-4EF8-95C7-0CF780C6F6D0}.Release 2027|x86.ActiveCfg = Debug|x64
		{66803969-7C14-4EF8-95C7-0CF780C6F6D0}.Release 2027|x86.Build.0 = Debug|x64
		{66803969-7C14-4EF8-95C7-0CF780C6F6D0}.Debug|x64.ActiveCfg = Debug|x64
		{66803969-7C14-4EF8-95C7-0CF780C6F6D0}.Debug|x64.Build.0 = Debug|x64
		{66803969-7C14-4EF8-95C7-0CF780C6F6D0}.Debug|Any CPU.ActiveCfg = Debug|x64
		{66803969-7C14-4EF8-95C7-0CF780C6F6D0}.Debug|Any CPU.Build.0 = Debug|x64
		{66803969-7C14-4EF8-95C7-0CF780C6F6D0}.Debug|x86.ActiveCfg = Debug|x64
		{66803969-7C14-4EF8-95C7-0CF780C6F6D0}.Debug|x86.Build.0 = Debug|x64
		{66803969-7C14-4EF8-95C7-0CF780C6F6D0}.Release|x64.ActiveCfg = Release|x64
		{66803969-7C14-4EF8-95C7-0CF780C6F6D0}.Release|x64.Build.0 = Release|x64
		{66803969-7C14-4EF8-95C7-0CF780C6F6D0}.Release|Any CPU.ActiveCfg = Release|x64
		{66803969-7C14-4EF8-95C7-0CF780C6F6D0}.Release|Any CPU.Build.0 = Release|x64
		{66803969-7C14-4EF8-95C7-0CF780C6F6D0}.Release|x86.ActiveCfg = Release|x64
		{66803969-7C14-4EF8-95C7-0CF780C6F6D0}.Release|x86.Build.0 = Release|x64
		{30ABAFF3-F87F-4816-891B-A24D3167EB85}.Debug 2027|x64.ActiveCfg = Debug 2027|x64
		{30ABAFF3-F87F-4816-891B-A24D3167EB85}.Debug 2027|x64.Build.0 = Debug 2027|x64
		{30ABAFF3-F87F-4816-891B-A24D3167EB85}.Debug 2027|Any CPU.ActiveCfg = Debug 2027|x64
		{30ABAFF3-F87F-4816-891B-A24D3167EB85}.Debug 2027|Any CPU.Build.0 = Debug 2027|x64
		{30ABAFF3-F87F-4816-891B-A24D3167EB85}.Debug 2027|x86.ActiveCfg = Debug 2027|x64
		{30ABAFF3-F87F-4816-891B-A24D3167EB85}.Debug 2027|x86.Build.0 = Debug 2027|x64
		{30ABAFF3-F87F-4816-891B-A24D3167EB85}.Release 2027|x64.ActiveCfg = Release 2027|x64
		{30ABAFF3-F87F-4816-891B-A24D3167EB85}.Release 2027|x64.Build.0 = Release 2027|x64
		{30ABAFF3-F87F-4816-891B-A24D3167EB85}.Release 2027|Any CPU.ActiveCfg = Release 2027|x64
		{30ABAFF3-F87F-4816-891B-A24D3167EB85}.Release 2027|Any CPU.Build.0 = Release 2027|x64
		{30ABAFF3-F87F-4816-891B-A24D3167EB85}.Release 2027|x86.ActiveCfg = Release 2027|x64
		{30ABAFF3-F87F-4816-891B-A24D3167EB85}.Release 2027|x86.Build.0 = Release 2027|x64
		{30ABAFF3-F87F-4816-891B-A24D3167EB85}.Debug|x64.ActiveCfg = Debug 2027|x64
		{30ABAFF3-F87F-4816-891B-A24D3167EB85}.Debug|x64.Build.0 = Debug 2027|x64
		{30ABAFF3-F87F-4816-891B-A24D3167EB85}.Debug|Any CPU.ActiveCfg = Debug 2027|x64
		{30ABAFF3-F87F-4816-891B-A24D3167EB85}.Debug|Any CPU.Build.0 = Debug 2027|x64
		{30ABAFF3-F87F-4816-891B-A24D3167EB85}.Debug|x86.ActiveCfg = Debug 2027|x64
		{30ABAFF3-F87F-4816-891B-A24D3167EB85}.Debug|x86.Build.0 = Debug 2027|x64
		{30ABAFF3-F87F-4816-891B-A24D3167EB85}.Release|x64.ActiveCfg = Debug 2027|x64
		{30ABAFF3-F87F-4816-891B-A24D3167EB85}.Release|x64.Build.0 = Debug 2027|x64
		{30ABAFF3-F87F-4816-891B-A24D3167EB85}.Release|Any CPU.ActiveCfg = Debug 2027|x64
		{30ABAFF3-F87F-4816-891B-A24D3167EB85}.Release|Any CPU.Build.0 = Debug 2027|x64
		{30ABAFF3-F87F-4816-891B-A24D3167EB85}.Release|x86.ActiveCfg = Debug 2027|x64
		{30ABAFF3-F87F-4816-891B-A24D3167EB85}.Release|x86.Build.0 = Debug 2027|x64
		{08E90831-9FD9-4473-9ECC-AE0C470E49F1}.Debug 2027|x64.ActiveCfg = Debug 2027|x64
		{08E90831-9FD9-4473-9ECC-AE0C470E49F1}.Debug 2027|x64.Build.0 = Debug 2027|x64
		{08E90831-9FD9-4473-9ECC-AE0C470E49F1}.Debug 2027|Any CPU.ActiveCfg = Debug 2027|x64
		{08E90831-9FD9-4473-9ECC-AE0C470E49F1}.Debug 2027|Any CPU.Build.0 = Debug 2027|x64
		{08E90831-9FD9-4473-9ECC-AE0C470E49F1}.Debug 2027|x86.ActiveCfg = Debug 2027|x64
		{08E90831-9FD9-4473-9ECC-AE0C470E49F1}.Debug 2027|x86.Build.0 = Debug 2027|x64
		{08E90831-9FD9-4473-9ECC-AE0C470E49F1}.Release 2027|x64.ActiveCfg = Release 2027|x64
		{08E90831-9FD9-4473-9ECC-AE0C470E49F1}.Release 2027|x64.Build.0 = Release 2027|x64
		{08E90831-9FD9-4473-9ECC-AE0C470E49F1}.Release 2027|Any CPU.ActiveCfg = Release 2027|x64
		{08E90831-9FD9-4473-9ECC-AE0C470E49F1}.Release 2027|Any CPU.Build.0 = Release 2027|x64
		{08E90831-9FD9-4473-9ECC-AE0C470E49F1}.Release 2027|x86.ActiveCfg = Release 2027|x64
		{08E90831-9FD9-4473-9ECC-AE0C470E49F1}.Release 2027|x86.Build.0 = Release 2027|x64
		{08E90831-9FD9-4473-9ECC-AE0C470E49F1}.Debug|x64.ActiveCfg = Debug 2027|x64
		{08E90831-9FD9-4473-9ECC-AE0C470E49F1}.Debug|x64.Build.0 = Debug 2027|x64
		{08E90831-9FD9-4473-9ECC-AE0C470E49F1}.Debug|Any CPU.ActiveCfg = Debug 2027|x64
		{08E90831-9FD9-4473-9ECC-AE0C470E49F1}.Debug|Any CPU.Build.0 = Debug 2027|x64
		{08E90831-9FD9-4473-9ECC-AE0C470E49F1}.Debug|x86.ActiveCfg = Debug 2027|x64
		{08E90831-9FD9-4473-9ECC-AE0C470E49F1}.Debug|x86.Build.0 = Debug 2027|x64
		{08E90831-9FD9-4473-9ECC-AE0C470E49F1}.Release|x64.ActiveCfg = Debug 2027|x64
		{08E90831-9FD9-4473-9ECC-AE0C470E49F1}.Release|x64.Build.0 = Debug 2027|x64
		{08E90831-9FD9-4473-9ECC-AE0C470E49F1}.Release|Any CPU.ActiveCfg = Debug 2027|x64
		{08E90831-9FD9-4473-9ECC-AE0C470E49F1}.Release|Any CPU.Build.0 = Debug 2027|x64
		{08E90831-9FD9-4473-9ECC-AE0C470E49F1}.Release|x86.ActiveCfg = Debug 2027|x64
		{08E90831-9FD9-4473-9ECC-AE0C470E49F1}.Release|x86.Build.0 = Debug 2027|x64
		{1B6DD40D-5C9F-44CC-A315-C943E86CD360}.Debug 2027|x64.ActiveCfg = Debug 2027|x64
		{1B6DD40D-5C9F-44CC-A315-C943E86CD360}.Debug 2027|x64.Build.0 = Debug 2027|x64
		{1B6DD40D-5C9F-44CC-A315-C943E86CD360}.Debug 2027|Any CPU.ActiveCfg = Debug 2027|x64
		{1B6DD40D-5C9F-44CC-A315-C943E86CD360}.Debug 2027|Any CPU.Build.0 = Debug 2027|x64
		{1B6DD40D-5C9F-44CC-A315-C943E86CD360}.Debug 2027|x86.ActiveCfg = Debug 2027|x64
		{1B6DD40D-5C9F-44CC-A315-C943E86CD360}.Debug 2027|x86.Build.0 = Debug 2027|x64
		{1B6DD40D-5C9F-44CC-A315-C943E86CD360}.Release 2027|x64.ActiveCfg = Release 2027|x64
		{1B6DD40D-5C9F-44CC-A315-C943E86CD360}.Release 2027|x64.Build.0 = Release 2027|x64
		{1B6DD40D-5C9F-44CC-A315-C943E86CD360}.Release 2027|Any CPU.ActiveCfg = Release 2027|x64
		{1B6DD40D-5C9F-44CC-A315-C943E86CD360}.Release 2027|Any CPU.Build.0 = Release 2027|x64
		{1B6DD40D-5C9F-44CC-A315-C943E86CD360}.Release 2027|x86.ActiveCfg = Release 2027|x64
		{1B6DD40D-5C9F-44CC-A315-C943E86CD360}.Release 2027|x86.Build.0 = Release 2027|x64
		{1B6DD40D-5C9F-44CC-A315-C943E86CD360}.Debug|x64.ActiveCfg = Debug 2027|x64
		{1B6DD40D-5C9F-44CC-A315-C943E86CD360}.Debug|x64.Build.0 = Debug 2027|x64
		{1B6DD40D-5C9F-44CC-A315-C943E86CD360}.Debug|Any CPU.ActiveCfg = Debug 2027|x64
		{1B6DD40D-5C9F-44CC-A315-C943E86CD360}.Debug|Any CPU.Build.0 = Debug 2027|x64
		{1B6DD40D-5C9F-44CC-A315-C943E86CD360}.Debug|x86.ActiveCfg = Debug 2027|x64
		{1B6DD40D-5C9F-44CC-A315-C943E86CD360}.Debug|x86.Build.0 = Debug 2027|x64
		{1B6DD40D-5C9F-44CC-A315-C943E86CD360}.Release|x64.ActiveCfg = Debug 2027|x64
		{1B6DD40D-5C9F-44CC-A315-C943E86CD360}.Release|x64.Build.0 = Debug 2027|x64
		{1B6DD40D-5C9F-44CC-A315-C943E86CD360}.Release|Any CPU.ActiveCfg = Debug 2027|x64
		{1B6DD40D-5C9F-44CC-A315-C943E86CD360}.Release|Any CPU.Build.0 = Debug 2027|x64
		{1B6DD40D-5C9F-44CC-A315-C943E86CD360}.Release|x86.ActiveCfg = Debug 2027|x64
		{1B6DD40D-5C9F-44CC-A315-C943E86CD360}.Release|x86.Build.0 = Debug 2027|x64
		{BB1A092C-8EAE-4D4B-8A5F-473636928F07}.Debug 2027|x64.ActiveCfg = Debug 2027|x64
		{BB1A092C-8EAE-4D4B-8A5F-473636928F07}.Debug 2027|x64.Build.0 = Debug 2027|x64
		{BB1A092C-8EAE-4D4B-8A5F-473636928F07}.Debug 2027|Any CPU.ActiveCfg = Debug 2027|x64
		{BB1A092C-8EAE-4D4B-8A5F-473636928F07}.Debug 2027|Any CPU.Build.0 = Debug 2027|x64
		{BB1A092C-8EAE-4D4B-8A5F-473636928F07}.Debug 2027|x86.ActiveCfg = Debug 2027|x64
		{BB1A092C-8EAE-4D4B-8A5F-473636928F07}.Debug 2027|x86.Build.0 = Debug 2027|x64
		{BB1A092C-8EAE-4D4B-8A5F-473636928F07}.Release 2027|x64.ActiveCfg = Release 2027|x64
		{BB1A092C-8EAE-4D4B-8A5F-473636928F07}.Release 2027|x64.Build.0 = Release 2027|x64
		{BB1A092C-8EAE-4D4B-8A5F-473636928F07}.Release 2027|Any CPU.ActiveCfg = Release 2027|x64
		{BB1A092C-8EAE-4D4B-8A5F-473636928F07}.Release 2027|Any CPU.Build.0 = Release 2027|x64
		{BB1A092C-8EAE-4D4B-8A5F-473636928F07}.Release 2027|x86.ActiveCfg = Release 2027|x64
		{BB1A092C-8EAE-4D4B-8A5F-473636928F07}.Release 2027|x86.Build.0 = Release 2027|x64
		{BB1A092C-8EAE-4D4B-8A5F-473636928F07}.Debug|x64.ActiveCfg = Debug 2027|x64
		{BB1A092C-8EAE-4D4B-8A5F-473636928F07}.Debug|x64.Build.0 = Debug 2027|x64
		{BB1A092C-8EAE-4D4B-8A5F-473636928F07}.Debug|Any CPU.ActiveCfg = Debug 2027|x64
		{BB1A092C-8EAE-4D4B-8A5F-473636928F07}.Debug|Any CPU.Build.0 = Debug 2027|x64
		{BB1A092C-8EAE-4D4B-8A5F-473636928F07}.Debug|x86.ActiveCfg = Debug 2027|x64
		{BB1A092C-8EAE-4D4B-8A5F-473636928F07}.Debug|x86.Build.0 = Debug 2027|x64
		{BB1A092C-8EAE-4D4B-8A5F-473636928F07}.Release|x64.ActiveCfg = Debug 2027|x64
		{BB1A092C-8EAE-4D4B-8A5F-473636928F07}.Release|x64.Build.0 = Debug 2027|x64
		{BB1A092C-8EAE-4D4B-8A5F-473636928F07}.Release|Any CPU.ActiveCfg = Debug 2027|x64
		{BB1A092C-8EAE-4D4B-8A5F-473636928F07}.Release|Any CPU.Build.0 = Debug 2027|x64
		{BB1A092C-8EAE-4D4B-8A5F-473636928F07}.Release|x86.ActiveCfg = Debug 2027|x64
		{BB1A092C-8EAE-4D4B-8A5F-473636928F07}.Release|x86.Build.0 = Debug 2027|x64
	EndGlobalSection
	GlobalSection(SolutionProperties) = preSolution
		HideSolutionNode = FALSE
	EndGlobalSection
	GlobalSection(NestedProjects) = preSolution
		{66803969-7C14-4EF8-95C7-0CF780C6F6D0} = {6660D920-98FD-5B06-5791-C7DBAA3B951C}
		{30ABAFF3-F87F-4816-891B-A24D3167EB85} = {4B853ACD-A685-CECF-A3BE-5DF55D29B50B}
		{08E90831-9FD9-4473-9ECC-AE0C470E49F1} = {50BCA6AE-273E-29E5-5E51-F303B36E99DF}
		{1B6DD40D-5C9F-44CC-A315-C943E86CD360} = {F4BD5FB8-FE7B-BE80-6E00-4870AA792D4E}
		{BB1A092C-8EAE-4D4B-8A5F-473636928F07} = {BEC84EC0-1A1A-FAE9-747C-A37C001EBE53}
	EndGlobalSection
EndGlobal
